// !$*UTF8*$!
{
	archiveVersion = 1;
	classes = {
	};
	objectVersion = 46;
	objects = {

/* Begin PBXBuildFile section */
		2E22156A155198B9004E6CE8 /* bn_error.c in Sources */ = {isa = PBXBuildFile; fileRef = 2E7C031815389D9F00C285FC /* bn_error.c */; };
		2E22156B155198B9004E6CE8 /* bn_fast_mp_invmod.c in Sources */ = {isa = PBXBuildFile; fileRef = 2E7C031915389D9F00C285FC /* bn_fast_mp_invmod.c */; };
		2E22156C155198B9004E6CE8 /* bn_fast_mp_montgomery_reduce.c in Sources */ = {isa = PBXBuildFile; fileRef = 2E7C031A15389D9F00C285FC /* bn_fast_mp_montgomery_reduce.c */; };
		2E22156D155198B9004E6CE8 /* bn_fast_s_mp_mul_digs.c in Sources */ = {isa = PBXBuildFile; fileRef = 2E7C031B15389D9F00C285FC /* bn_fast_s_mp_mul_digs.c */; };
		2E22156E155198B9004E6CE8 /* bn_fast_s_mp_mul_high_digs.c in Sources */ = {isa = PBXBuildFile; fileRef = 2E7C031C15389D9F00C285FC /* bn_fast_s_mp_mul_high_digs.c */; };
		2E22156F155198B9004E6CE8 /* bn_fast_s_mp_sqr.c in Sources */ = {isa = PBXBuildFile; fileRef = 2E7C031D15389D9F00C285FC /* bn_fast_s_mp_sqr.c */; };
		2E221570155198B9004E6CE8 /* bn_mp_2expt.c in Sources */ = {isa = PBXBuildFile; fileRef = 2E7C031E15389D9F00C285FC /* bn_mp_2expt.c */; };
		2E221571155198B9004E6CE8 /* bn_mp_abs.c in Sources */ = {isa = PBXBuildFile; fileRef = 2E7C031F15389D9F00C285FC /* bn_mp_abs.c */; };
		2E221572155198B9004E6CE8 /* bn_mp_add_d.c in Sources */ = {isa = PBXBuildFile; fileRef = 2E7C032015389D9F00C285FC /* bn_mp_add_d.c */; };
		2E221573155198B9004E6CE8 /* bn_mp_add.c in Sources */ = {isa = PBXBuildFile; fileRef = 2E7C032115389D9F00C285FC /* bn_mp_add.c */; };
		2E221574155198B9004E6CE8 /* bn_mp_addmod.c in Sources */ = {isa = PBXBuildFile; fileRef = 2E7C032215389D9F00C285FC /* bn_mp_addmod.c */; };
		2E221575155198B9004E6CE8 /* bn_mp_and.c in Sources */ = {isa = PBXBuildFile; fileRef = 2E7C032315389D9F00C285FC /* bn_mp_and.c */; };
		2E221576155198B9004E6CE8 /* bn_mp_clamp.c in Sources */ = {isa = PBXBuildFile; fileRef = 2E7C032415389D9F00C285FC /* bn_mp_clamp.c */; };
		2E221577155198B9004E6CE8 /* bn_mp_clear_multi.c in Sources */ = {isa = PBXBuildFile; fileRef = 2E7C032515389D9F00C285FC /* bn_mp_clear_multi.c */; };
		2E221578155198B9004E6CE8 /* bn_mp_clear.c in Sources */ = {isa = PBXBuildFile; fileRef = 2E7C032615389D9F00C285FC /* bn_mp_clear.c */; };
		2E221579155198B9004E6CE8 /* bn_mp_cmp_d.c in Sources */ = {isa = PBXBuildFile; fileRef = 2E7C032715389D9F00C285FC /* bn_mp_cmp_d.c */; };
		2E22157A155198B9004E6CE8 /* bn_mp_cmp_mag.c in Sources */ = {isa = PBXBuildFile; fileRef = 2E7C032815389D9F00C285FC /* bn_mp_cmp_mag.c */; };
		2E22157B155198B9004E6CE8 /* bn_mp_cmp.c in Sources */ = {isa = PBXBuildFile; fileRef = 2E7C032915389D9F00C285FC /* bn_mp_cmp.c */; };
		2E22157C155198B9004E6CE8 /* bn_mp_cnt_lsb.c in Sources */ = {isa = PBXBuildFile; fileRef = 2E7C032A15389D9F00C285FC /* bn_mp_cnt_lsb.c */; };
		2E22157D155198B9004E6CE8 /* bn_mp_copy.c in Sources */ = {isa = PBXBuildFile; fileRef = 2E7C032B15389D9F00C285FC /* bn_mp_copy.c */; };
		2E22157E155198B9004E6CE8 /* bn_mp_count_bits.c in Sources */ = {isa = PBXBuildFile; fileRef = 2E7C032C15389D9F00C285FC /* bn_mp_count_bits.c */; };
		2E22157F155198B9004E6CE8 /* bn_mp_div_2.c in Sources */ = {isa = PBXBuildFile; fileRef = 2E7C032D15389D9F00C285FC /* bn_mp_div_2.c */; };
		2E221580155198B9004E6CE8 /* bn_mp_div_2d.c in Sources */ = {isa = PBXBuildFile; fileRef = 2E7C032E15389D9F00C285FC /* bn_mp_div_2d.c */; };
		2E221581155198B9004E6CE8 /* bn_mp_div_3.c in Sources */ = {isa = PBXBuildFile; fileRef = 2E7C032F15389D9F00C285FC /* bn_mp_div_3.c */; };
		2E221582155198B9004E6CE8 /* bn_mp_div_d.c in Sources */ = {isa = PBXBuildFile; fileRef = 2E7C033015389D9F00C285FC /* bn_mp_div_d.c */; };
		2E221583155198B9004E6CE8 /* bn_mp_div.c in Sources */ = {isa = PBXBuildFile; fileRef = 2E7C033115389D9F00C285FC /* bn_mp_div.c */; };
		2E221584155198B9004E6CE8 /* bn_mp_dr_is_modulus.c in Sources */ = {isa = PBXBuildFile; fileRef = 2E7C033215389D9F00C285FC /* bn_mp_dr_is_modulus.c */; };
		2E221585155198B9004E6CE8 /* bn_mp_dr_reduce.c in Sources */ = {isa = PBXBuildFile; fileRef = 2E7C033315389D9F00C285FC /* bn_mp_dr_reduce.c */; };
		2E221586155198B9004E6CE8 /* bn_mp_dr_setup.c in Sources */ = {isa = PBXBuildFile; fileRef = 2E7C033415389D9F00C285FC /* bn_mp_dr_setup.c */; };
		2E221587155198B9004E6CE8 /* bn_mp_exch.c in Sources */ = {isa = PBXBuildFile; fileRef = 2E7C033515389D9F00C285FC /* bn_mp_exch.c */; };
		2E221588155198B9004E6CE8 /* bn_mp_expt_d.c in Sources */ = {isa = PBXBuildFile; fileRef = 2E7C033615389D9F00C285FC /* bn_mp_expt_d.c */; };
		2E221589155198B9004E6CE8 /* bn_mp_exptmod_fast.c in Sources */ = {isa = PBXBuildFile; fileRef = 2E7C033715389D9F00C285FC /* bn_mp_exptmod_fast.c */; };
		2E22158A155198B9004E6CE8 /* bn_mp_exptmod.c in Sources */ = {isa = PBXBuildFile; fileRef = 2E7C033815389D9F00C285FC /* bn_mp_exptmod.c */; };
		2E22158B155198B9004E6CE8 /* bn_mp_exteuclid.c in Sources */ = {isa = PBXBuildFile; fileRef = 2E7C033915389D9F00C285FC /* bn_mp_exteuclid.c */; };
		2E22158C155198B9004E6CE8 /* bn_mp_fread.c in Sources */ = {isa = PBXBuildFile; fileRef = 2E7C033A15389D9F00C285FC /* bn_mp_fread.c */; };
		2E22158D155198B9004E6CE8 /* bn_mp_fwrite.c in Sources */ = {isa = PBXBuildFile; fileRef = 2E7C033B15389D9F00C285FC /* bn_mp_fwrite.c */; };
		2E22158E155198B9004E6CE8 /* bn_mp_gcd.c in Sources */ = {isa = PBXBuildFile; fileRef = 2E7C033C15389D9F00C285FC /* bn_mp_gcd.c */; };
		2E22158F155198B9004E6CE8 /* bn_mp_get_int.c in Sources */ = {isa = PBXBuildFile; fileRef = 2E7C033D15389D9F00C285FC /* bn_mp_get_int.c */; };
		2E221590155198B9004E6CE8 /* bn_mp_grow.c in Sources */ = {isa = PBXBuildFile; fileRef = 2E7C033E15389D9F00C285FC /* bn_mp_grow.c */; };
		2E221591155198B9004E6CE8 /* bn_mp_init_copy.c in Sources */ = {isa = PBXBuildFile; fileRef = 2E7C033F15389D9F00C285FC /* bn_mp_init_copy.c */; };
		2E221592155198B9004E6CE8 /* bn_mp_init_multi.c in Sources */ = {isa = PBXBuildFile; fileRef = 2E7C034015389D9F00C285FC /* bn_mp_init_multi.c */; };
		2E221593155198B9004E6CE8 /* bn_mp_init_set_int.c in Sources */ = {isa = PBXBuildFile; fileRef = 2E7C034115389D9F00C285FC /* bn_mp_init_set_int.c */; };
		2E221594155198B9004E6CE8 /* bn_mp_init_set.c in Sources */ = {isa = PBXBuildFile; fileRef = 2E7C034215389D9F00C285FC /* bn_mp_init_set.c */; };
		2E221595155198B9004E6CE8 /* bn_mp_init_size.c in Sources */ = {isa = PBXBuildFile; fileRef = 2E7C034315389D9F00C285FC /* bn_mp_init_size.c */; };
		2E221596155198B9004E6CE8 /* bn_mp_init.c in Sources */ = {isa = PBXBuildFile; fileRef = 2E7C034415389D9F00C285FC /* bn_mp_init.c */; };
		2E221597155198B9004E6CE8 /* bn_mp_invmod_slow.c in Sources */ = {isa = PBXBuildFile; fileRef = 2E7C034515389D9F00C285FC /* bn_mp_invmod_slow.c */; };
		2E221598155198B9004E6CE8 /* bn_mp_invmod.c in Sources */ = {isa = PBXBuildFile; fileRef = 2E7C034615389D9F00C285FC /* bn_mp_invmod.c */; };
		2E221599155198B9004E6CE8 /* bn_mp_is_square.c in Sources */ = {isa = PBXBuildFile; fileRef = 2E7C034715389D9F00C285FC /* bn_mp_is_square.c */; };
		2E22159A155198B9004E6CE8 /* bn_mp_jacobi.c in Sources */ = {isa = PBXBuildFile; fileRef = 2E7C034815389D9F00C285FC /* bn_mp_jacobi.c */; };
		2E22159B155198B9004E6CE8 /* bn_mp_karatsuba_mul.c in Sources */ = {isa = PBXBuildFile; fileRef = 2E7C034915389D9F00C285FC /* bn_mp_karatsuba_mul.c */; };
		2E22159C155198B9004E6CE8 /* bn_mp_karatsuba_sqr.c in Sources */ = {isa = PBXBuildFile; fileRef = 2E7C034A15389D9F00C285FC /* bn_mp_karatsuba_sqr.c */; };
		2E22159D155198B9004E6CE8 /* bn_mp_lcm.c in Sources */ = {isa = PBXBuildFile; fileRef = 2E7C034B15389D9F00C285FC /* bn_mp_lcm.c */; };
		2E22159E155198B9004E6CE8 /* bn_mp_lshd.c in Sources */ = {isa = PBXBuildFile; fileRef = 2E7C034C15389D9F00C285FC /* bn_mp_lshd.c */; };
		2E22159F155198B9004E6CE8 /* bn_mp_mod_2d.c in Sources */ = {isa = PBXBuildFile; fileRef = 2E7C034D15389D9F00C285FC /* bn_mp_mod_2d.c */; };
		2E2215A0155198B9004E6CE8 /* bn_mp_mod_d.c in Sources */ = {isa = PBXBuildFile; fileRef = 2E7C034E15389D9F00C285FC /* bn_mp_mod_d.c */; };
		2E2215A1155198B9004E6CE8 /* bn_mp_mod.c in Sources */ = {isa = PBXBuildFile; fileRef = 2E7C034F15389D9F00C285FC /* bn_mp_mod.c */; };
		2E2215A2155198B9004E6CE8 /* bn_mp_montgomery_calc_normalization.c in Sources */ = {isa = PBXBuildFile; fileRef = 2E7C035015389D9F00C285FC /* bn_mp_montgomery_calc_normalization.c */; };
		2E2215A3155198B9004E6CE8 /* bn_mp_montgomery_reduce.c in Sources */ = {isa = PBXBuildFile; fileRef = 2E7C035115389D9F00C285FC /* bn_mp_montgomery_reduce.c */; };
		2E2215A4155198B9004E6CE8 /* bn_mp_montgomery_setup.c in Sources */ = {isa = PBXBuildFile; fileRef = 2E7C035215389D9F00C285FC /* bn_mp_montgomery_setup.c */; };
		2E2215A5155198B9004E6CE8 /* bn_mp_mul_2.c in Sources */ = {isa = PBXBuildFile; fileRef = 2E7C035315389D9F00C285FC /* bn_mp_mul_2.c */; };
		2E2215A6155198B9004E6CE8 /* bn_mp_mul_2d.c in Sources */ = {isa = PBXBuildFile; fileRef = 2E7C035415389D9F00C285FC /* bn_mp_mul_2d.c */; };
		2E2215A7155198B9004E6CE8 /* bn_mp_mul_d.c in Sources */ = {isa = PBXBuildFile; fileRef = 2E7C035515389D9F00C285FC /* bn_mp_mul_d.c */; };
		2E2215A8155198B9004E6CE8 /* bn_mp_mul.c in Sources */ = {isa = PBXBuildFile; fileRef = 2E7C035615389D9F00C285FC /* bn_mp_mul.c */; };
		2E2215A9155198B9004E6CE8 /* bn_mp_mulmod.c in Sources */ = {isa = PBXBuildFile; fileRef = 2E7C035715389D9F00C285FC /* bn_mp_mulmod.c */; };
		2E2215AA155198B9004E6CE8 /* bn_mp_n_root.c in Sources */ = {isa = PBXBuildFile; fileRef = 2E7C035815389D9F00C285FC /* bn_mp_n_root.c */; };
		2E2215AB155198B9004E6CE8 /* bn_mp_neg.c in Sources */ = {isa = PBXBuildFile; fileRef = 2E7C035915389D9F00C285FC /* bn_mp_neg.c */; };
		2E2215AC155198B9004E6CE8 /* bn_mp_or.c in Sources */ = {isa = PBXBuildFile; fileRef = 2E7C035A15389D9F00C285FC /* bn_mp_or.c */; };
		2E2215AD155198B9004E6CE8 /* bn_mp_prime_fermat.c in Sources */ = {isa = PBXBuildFile; fileRef = 2E7C035B15389D9F00C285FC /* bn_mp_prime_fermat.c */; };
		2E2215AE155198B9004E6CE8 /* bn_mp_prime_is_divisible.c in Sources */ = {isa = PBXBuildFile; fileRef = 2E7C035C15389D9F00C285FC /* bn_mp_prime_is_divisible.c */; };
		2E2215AF155198B9004E6CE8 /* bn_mp_prime_is_prime.c in Sources */ = {isa = PBXBuildFile; fileRef = 2E7C035D15389D9F00C285FC /* bn_mp_prime_is_prime.c */; };
		2E2215B0155198B9004E6CE8 /* bn_mp_prime_miller_rabin.c in Sources */ = {isa = PBXBuildFile; fileRef = 2E7C035E15389D9F00C285FC /* bn_mp_prime_miller_rabin.c */; };
		2E2215B1155198B9004E6CE8 /* bn_mp_prime_next_prime.c in Sources */ = {isa = PBXBuildFile; fileRef = 2E7C035F15389D9F00C285FC /* bn_mp_prime_next_prime.c */; };
		2E2215B2155198B9004E6CE8 /* bn_mp_prime_rabin_miller_trials.c in Sources */ = {isa = PBXBuildFile; fileRef = 2E7C036015389D9F00C285FC /* bn_mp_prime_rabin_miller_trials.c */; };
		2E2215B3155198B9004E6CE8 /* bn_mp_prime_random_ex.c in Sources */ = {isa = PBXBuildFile; fileRef = 2E7C036115389D9F00C285FC /* bn_mp_prime_random_ex.c */; };
		2E2215B4155198B9004E6CE8 /* bn_mp_radix_size.c in Sources */ = {isa = PBXBuildFile; fileRef = 2E7C036215389D9F00C285FC /* bn_mp_radix_size.c */; };
		2E2215B5155198B9004E6CE8 /* bn_mp_radix_smap.c in Sources */ = {isa = PBXBuildFile; fileRef = 2E7C036315389D9F00C285FC /* bn_mp_radix_smap.c */; };
		2E2215B6155198B9004E6CE8 /* bn_mp_rand.c in Sources */ = {isa = PBXBuildFile; fileRef = 2E7C036415389D9F00C285FC /* bn_mp_rand.c */; };
		2E2215B7155198B9004E6CE8 /* bn_mp_read_radix.c in Sources */ = {isa = PBXBuildFile; fileRef = 2E7C036515389D9F00C285FC /* bn_mp_read_radix.c */; };
		2E2215B8155198B9004E6CE8 /* bn_mp_read_signed_bin.c in Sources */ = {isa = PBXBuildFile; fileRef = 2E7C036615389D9F00C285FC /* bn_mp_read_signed_bin.c */; };
		2E2215B9155198B9004E6CE8 /* bn_mp_read_unsigned_bin.c in Sources */ = {isa = PBXBuildFile; fileRef = 2E7C036715389D9F00C285FC /* bn_mp_read_unsigned_bin.c */; };
		2E2215BA155198B9004E6CE8 /* bn_mp_reduce_2k_l.c in Sources */ = {isa = PBXBuildFile; fileRef = 2E7C036815389D9F00C285FC /* bn_mp_reduce_2k_l.c */; };
		2E2215BB155198B9004E6CE8 /* bn_mp_reduce_2k_setup_l.c in Sources */ = {isa = PBXBuildFile; fileRef = 2E7C036915389D9F00C285FC /* bn_mp_reduce_2k_setup_l.c */; };
		2E2215BC155198B9004E6CE8 /* bn_mp_reduce_2k_setup.c in Sources */ = {isa = PBXBuildFile; fileRef = 2E7C036A15389D9F00C285FC /* bn_mp_reduce_2k_setup.c */; };
		2E2215BD155198B9004E6CE8 /* bn_mp_reduce_2k.c in Sources */ = {isa = PBXBuildFile; fileRef = 2E7C036B15389D9F00C285FC /* bn_mp_reduce_2k.c */; };
		2E2215BE155198B9004E6CE8 /* bn_mp_reduce_is_2k_l.c in Sources */ = {isa = PBXBuildFile; fileRef = 2E7C036C15389D9F00C285FC /* bn_mp_reduce_is_2k_l.c */; };
		2E2215BF155198B9004E6CE8 /* bn_mp_reduce_is_2k.c in Sources */ = {isa = PBXBuildFile; fileRef = 2E7C036D15389D9F00C285FC /* bn_mp_reduce_is_2k.c */; };
		2E2215C0155198B9004E6CE8 /* bn_mp_reduce_setup.c in Sources */ = {isa = PBXBuildFile; fileRef = 2E7C036E15389D9F00C285FC /* bn_mp_reduce_setup.c */; };
		2E2215C1155198B9004E6CE8 /* bn_mp_reduce.c in Sources */ = {isa = PBXBuildFile; fileRef = 2E7C036F15389D9F00C285FC /* bn_mp_reduce.c */; };
		2E2215C2155198B9004E6CE8 /* bn_mp_rshd.c in Sources */ = {isa = PBXBuildFile; fileRef = 2E7C037015389D9F00C285FC /* bn_mp_rshd.c */; };
		2E2215C3155198B9004E6CE8 /* bn_mp_set_int.c in Sources */ = {isa = PBXBuildFile; fileRef = 2E7C037115389D9F00C285FC /* bn_mp_set_int.c */; };
		2E2215C4155198B9004E6CE8 /* bn_mp_set.c in Sources */ = {isa = PBXBuildFile; fileRef = 2E7C037215389D9F00C285FC /* bn_mp_set.c */; };
		2E2215C5155198B9004E6CE8 /* bn_mp_shrink.c in Sources */ = {isa = PBXBuildFile; fileRef = 2E7C037315389D9F00C285FC /* bn_mp_shrink.c */; };
		2E2215C6155198B9004E6CE8 /* bn_mp_signed_bin_size.c in Sources */ = {isa = PBXBuildFile; fileRef = 2E7C037415389D9F00C285FC /* bn_mp_signed_bin_size.c */; };
		2E2215C7155198B9004E6CE8 /* bn_mp_sqr.c in Sources */ = {isa = PBXBuildFile; fileRef = 2E7C037515389D9F00C285FC /* bn_mp_sqr.c */; };
		2E2215C8155198B9004E6CE8 /* bn_mp_sqrmod.c in Sources */ = {isa = PBXBuildFile; fileRef = 2E7C037615389D9F00C285FC /* bn_mp_sqrmod.c */; };
		2E2215C9155198B9004E6CE8 /* bn_mp_sqrt.c in Sources */ = {isa = PBXBuildFile; fileRef = 2E7C037715389D9F00C285FC /* bn_mp_sqrt.c */; };
		2E2215CA155198B9004E6CE8 /* bn_mp_sub_d.c in Sources */ = {isa = PBXBuildFile; fileRef = 2E7C037815389D9F00C285FC /* bn_mp_sub_d.c */; };
		2E2215CB155198B9004E6CE8 /* bn_mp_sub.c in Sources */ = {isa = PBXBuildFile; fileRef = 2E7C037915389D9F00C285FC /* bn_mp_sub.c */; };
		2E2215CC155198B9004E6CE8 /* bn_mp_submod.c in Sources */ = {isa = PBXBuildFile; fileRef = 2E7C037A15389D9F00C285FC /* bn_mp_submod.c */; };
		2E2215CD155198B9004E6CE8 /* bn_mp_to_signed_bin_n.c in Sources */ = {isa = PBXBuildFile; fileRef = 2E7C037B15389D9F00C285FC /* bn_mp_to_signed_bin_n.c */; };
		2E2215CE155198B9004E6CE8 /* bn_mp_to_signed_bin.c in Sources */ = {isa = PBXBuildFile; fileRef = 2E7C037C15389D9F00C285FC /* bn_mp_to_signed_bin.c */; };
		2E2215CF155198B9004E6CE8 /* bn_mp_to_unsigned_bin_n.c in Sources */ = {isa = PBXBuildFile; fileRef = 2E7C037D15389D9F00C285FC /* bn_mp_to_unsigned_bin_n.c */; };
		2E2215D0155198B9004E6CE8 /* bn_mp_to_unsigned_bin.c in Sources */ = {isa = PBXBuildFile; fileRef = 2E7C037E15389D9F00C285FC /* bn_mp_to_unsigned_bin.c */; };
		2E2215D1155198B9004E6CE8 /* bn_mp_toom_mul.c in Sources */ = {isa = PBXBuildFile; fileRef = 2E7C037F15389D9F00C285FC /* bn_mp_toom_mul.c */; };
		2E2215D2155198B9004E6CE8 /* bn_mp_toom_sqr.c in Sources */ = {isa = PBXBuildFile; fileRef = 2E7C038015389D9F00C285FC /* bn_mp_toom_sqr.c */; };
		2E2215D3155198B9004E6CE8 /* bn_mp_toradix_n.c in Sources */ = {isa = PBXBuildFile; fileRef = 2E7C038115389D9F00C285FC /* bn_mp_toradix_n.c */; };
		2E2215D4155198B9004E6CE8 /* bn_mp_toradix.c in Sources */ = {isa = PBXBuildFile; fileRef = 2E7C038215389D9F00C285FC /* bn_mp_toradix.c */; };
		2E2215D5155198B9004E6CE8 /* bn_mp_unsigned_bin_size.c in Sources */ = {isa = PBXBuildFile; fileRef = 2E7C038315389D9F00C285FC /* bn_mp_unsigned_bin_size.c */; };
		2E2215D6155198B9004E6CE8 /* bn_mp_xor.c in Sources */ = {isa = PBXBuildFile; fileRef = 2E7C038415389D9F00C285FC /* bn_mp_xor.c */; };
		2E2215D7155198B9004E6CE8 /* bn_mp_zero.c in Sources */ = {isa = PBXBuildFile; fileRef = 2E7C038515389D9F00C285FC /* bn_mp_zero.c */; };
		2E2215D8155198B9004E6CE8 /* bn_prime_tab.c in Sources */ = {isa = PBXBuildFile; fileRef = 2E7C038615389D9F00C285FC /* bn_prime_tab.c */; };
		2E2215D9155198B9004E6CE8 /* bn_reverse.c in Sources */ = {isa = PBXBuildFile; fileRef = 2E7C038715389D9F00C285FC /* bn_reverse.c */; };
		2E2215DA155198B9004E6CE8 /* bn_s_mp_add.c in Sources */ = {isa = PBXBuildFile; fileRef = 2E7C038815389D9F00C285FC /* bn_s_mp_add.c */; };
		2E2215DB155198B9004E6CE8 /* bn_s_mp_exptmod.c in Sources */ = {isa = PBXBuildFile; fileRef = 2E7C038915389D9F00C285FC /* bn_s_mp_exptmod.c */; };
		2E2215DC155198B9004E6CE8 /* bn_s_mp_mul_digs.c in Sources */ = {isa = PBXBuildFile; fileRef = 2E7C038A15389D9F00C285FC /* bn_s_mp_mul_digs.c */; };
		2E2215DD155198B9004E6CE8 /* bn_s_mp_mul_high_digs.c in Sources */ = {isa = PBXBuildFile; fileRef = 2E7C038B15389D9F00C285FC /* bn_s_mp_mul_high_digs.c */; };
		2E2215DE155198B9004E6CE8 /* bn_s_mp_sqr.c in Sources */ = {isa = PBXBuildFile; fileRef = 2E7C038C15389D9F00C285FC /* bn_s_mp_sqr.c */; };
		2E2215DF155198B9004E6CE8 /* bn_s_mp_sub.c in Sources */ = {isa = PBXBuildFile; fileRef = 2E7C038D15389D9F00C285FC /* bn_s_mp_sub.c */; };
		2E2215E0155198B9004E6CE8 /* bncore.c in Sources */ = {isa = PBXBuildFile; fileRef = 2E7C038E15389D9F00C285FC /* bncore.c */; };
		2E2215E1155198C1004E6CE8 /* tommath_class.h in Headers */ = {isa = PBXBuildFile; fileRef = 2E7C040715389DFF00C285FC /* tommath_class.h */; settings = {ATTRIBUTES = (Public, ); }; };
		2E2215E2155198C1004E6CE8 /* tommath_superclass.h in Headers */ = {isa = PBXBuildFile; fileRef = 2E7C040815389DFF00C285FC /* tommath_superclass.h */; settings = {ATTRIBUTES = (Public, ); }; };
		2E2215E3155198C1004E6CE8 /* tommath.h in Headers */ = {isa = PBXBuildFile; fileRef = 2E7C040915389DFF00C285FC /* tommath.h */; settings = {ATTRIBUTES = (Public, ); }; };
		2E7C040A15389DFF00C285FC /* tommath_class.h in Headers */ = {isa = PBXBuildFile; fileRef = 2E7C040715389DFF00C285FC /* tommath_class.h */; settings = {ATTRIBUTES = (Public, ); }; };
		2E7C040B15389DFF00C285FC /* tommath_superclass.h in Headers */ = {isa = PBXBuildFile; fileRef = 2E7C040815389DFF00C285FC /* tommath_superclass.h */; settings = {ATTRIBUTES = (Public, ); }; };
		2E7C040C15389DFF00C285FC /* tommath.h in Headers */ = {isa = PBXBuildFile; fileRef = 2E7C040915389DFF00C285FC /* tommath.h */; settings = {ATTRIBUTES = (Public, ); }; };
		2ECB29681538E0ED00387816 /* bn_error.c in Sources */ = {isa = PBXBuildFile; fileRef = 2E7C031815389D9F00C285FC /* bn_error.c */; };
		2ECB29691538E0ED00387816 /* bn_fast_mp_invmod.c in Sources */ = {isa = PBXBuildFile; fileRef = 2E7C031915389D9F00C285FC /* bn_fast_mp_invmod.c */; };
		2ECB296A1538E0ED00387816 /* bn_fast_mp_montgomery_reduce.c in Sources */ = {isa = PBXBuildFile; fileRef = 2E7C031A15389D9F00C285FC /* bn_fast_mp_montgomery_reduce.c */; };
		2ECB296B1538E0ED00387816 /* bn_fast_s_mp_mul_digs.c in Sources */ = {isa = PBXBuildFile; fileRef = 2E7C031B15389D9F00C285FC /* bn_fast_s_mp_mul_digs.c */; };
		2ECB296C1538E0ED00387816 /* bn_fast_s_mp_mul_high_digs.c in Sources */ = {isa = PBXBuildFile; fileRef = 2E7C031C15389D9F00C285FC /* bn_fast_s_mp_mul_high_digs.c */; };
		2ECB296D1538E0ED00387816 /* bn_fast_s_mp_sqr.c in Sources */ = {isa = PBXBuildFile; fileRef = 2E7C031D15389D9F00C285FC /* bn_fast_s_mp_sqr.c */; };
		2ECB296E1538E0ED00387816 /* bn_mp_2expt.c in Sources */ = {isa = PBXBuildFile; fileRef = 2E7C031E15389D9F00C285FC /* bn_mp_2expt.c */; };
		2ECB296F1538E0ED00387816 /* bn_mp_abs.c in Sources */ = {isa = PBXBuildFile; fileRef = 2E7C031F15389D9F00C285FC /* bn_mp_abs.c */; };
		2ECB29701538E0ED00387816 /* bn_mp_add_d.c in Sources */ = {isa = PBXBuildFile; fileRef = 2E7C032015389D9F00C285FC /* bn_mp_add_d.c */; };
		2ECB29711538E0ED00387816 /* bn_mp_add.c in Sources */ = {isa = PBXBuildFile; fileRef = 2E7C032115389D9F00C285FC /* bn_mp_add.c */; };
		2ECB29721538E0ED00387816 /* bn_mp_addmod.c in Sources */ = {isa = PBXBuildFile; fileRef = 2E7C032215389D9F00C285FC /* bn_mp_addmod.c */; };
		2ECB29731538E0ED00387816 /* bn_mp_and.c in Sources */ = {isa = PBXBuildFile; fileRef = 2E7C032315389D9F00C285FC /* bn_mp_and.c */; };
		2ECB29741538E0ED00387816 /* bn_mp_clamp.c in Sources */ = {isa = PBXBuildFile; fileRef = 2E7C032415389D9F00C285FC /* bn_mp_clamp.c */; };
		2ECB29751538E0ED00387816 /* bn_mp_clear_multi.c in Sources */ = {isa = PBXBuildFile; fileRef = 2E7C032515389D9F00C285FC /* bn_mp_clear_multi.c */; };
		2ECB29761538E0ED00387816 /* bn_mp_clear.c in Sources */ = {isa = PBXBuildFile; fileRef = 2E7C032615389D9F00C285FC /* bn_mp_clear.c */; };
		2ECB29771538E0ED00387816 /* bn_mp_cmp_d.c in Sources */ = {isa = PBXBuildFile; fileRef = 2E7C032715389D9F00C285FC /* bn_mp_cmp_d.c */; };
		2ECB29781538E0ED00387816 /* bn_mp_cmp_mag.c in Sources */ = {isa = PBXBuildFile; fileRef = 2E7C032815389D9F00C285FC /* bn_mp_cmp_mag.c */; };
		2ECB29791538E0ED00387816 /* bn_mp_cmp.c in Sources */ = {isa = PBXBuildFile; fileRef = 2E7C032915389D9F00C285FC /* bn_mp_cmp.c */; };
		2ECB297A1538E0ED00387816 /* bn_mp_cnt_lsb.c in Sources */ = {isa = PBXBuildFile; fileRef = 2E7C032A15389D9F00C285FC /* bn_mp_cnt_lsb.c */; };
		2ECB297B1538E0ED00387816 /* bn_mp_copy.c in Sources */ = {isa = PBXBuildFile; fileRef = 2E7C032B15389D9F00C285FC /* bn_mp_copy.c */; };
		2ECB297C1538E0ED00387816 /* bn_mp_count_bits.c in Sources */ = {isa = PBXBuildFile; fileRef = 2E7C032C15389D9F00C285FC /* bn_mp_count_bits.c */; };
		2ECB297D1538E0ED00387816 /* bn_mp_div_2.c in Sources */ = {isa = PBXBuildFile; fileRef = 2E7C032D15389D9F00C285FC /* bn_mp_div_2.c */; };
		2ECB297E1538E0ED00387816 /* bn_mp_div_2d.c in Sources */ = {isa = PBXBuildFile; fileRef = 2E7C032E15389D9F00C285FC /* bn_mp_div_2d.c */; };
		2ECB297F1538E0ED00387816 /* bn_mp_div_3.c in Sources */ = {isa = PBXBuildFile; fileRef = 2E7C032F15389D9F00C285FC /* bn_mp_div_3.c */; };
		2ECB29801538E0ED00387816 /* bn_mp_div_d.c in Sources */ = {isa = PBXBuildFile; fileRef = 2E7C033015389D9F00C285FC /* bn_mp_div_d.c */; };
		2ECB29811538E0ED00387816 /* bn_mp_div.c in Sources */ = {isa = PBXBuildFile; fileRef = 2E7C033115389D9F00C285FC /* bn_mp_div.c */; };
		2ECB29821538E0ED00387816 /* bn_mp_dr_is_modulus.c in Sources */ = {isa = PBXBuildFile; fileRef = 2E7C033215389D9F00C285FC /* bn_mp_dr_is_modulus.c */; };
		2ECB29831538E0ED00387816 /* bn_mp_dr_reduce.c in Sources */ = {isa = PBXBuildFile; fileRef = 2E7C033315389D9F00C285FC /* bn_mp_dr_reduce.c */; };
		2ECB29841538E0ED00387816 /* bn_mp_dr_setup.c in Sources */ = {isa = PBXBuildFile; fileRef = 2E7C033415389D9F00C285FC /* bn_mp_dr_setup.c */; };
		2ECB29851538E0ED00387816 /* bn_mp_exch.c in Sources */ = {isa = PBXBuildFile; fileRef = 2E7C033515389D9F00C285FC /* bn_mp_exch.c */; };
		2ECB29861538E0ED00387816 /* bn_mp_expt_d.c in Sources */ = {isa = PBXBuildFile; fileRef = 2E7C033615389D9F00C285FC /* bn_mp_expt_d.c */; };
		2ECB29871538E0ED00387816 /* bn_mp_exptmod_fast.c in Sources */ = {isa = PBXBuildFile; fileRef = 2E7C033715389D9F00C285FC /* bn_mp_exptmod_fast.c */; };
		2ECB29881538E0ED00387816 /* bn_mp_exptmod.c in Sources */ = {isa = PBXBuildFile; fileRef = 2E7C033815389D9F00C285FC /* bn_mp_exptmod.c */; };
		2ECB29891538E0ED00387816 /* bn_mp_exteuclid.c in Sources */ = {isa = PBXBuildFile; fileRef = 2E7C033915389D9F00C285FC /* bn_mp_exteuclid.c */; };
		2ECB298A1538E0ED00387816 /* bn_mp_fread.c in Sources */ = {isa = PBXBuildFile; fileRef = 2E7C033A15389D9F00C285FC /* bn_mp_fread.c */; };
		2ECB298B1538E0ED00387816 /* bn_mp_fwrite.c in Sources */ = {isa = PBXBuildFile; fileRef = 2E7C033B15389D9F00C285FC /* bn_mp_fwrite.c */; };
		2ECB298C1538E0ED00387816 /* bn_mp_gcd.c in Sources */ = {isa = PBXBuildFile; fileRef = 2E7C033C15389D9F00C285FC /* bn_mp_gcd.c */; };
		2ECB298D1538E0ED00387816 /* bn_mp_get_int.c in Sources */ = {isa = PBXBuildFile; fileRef = 2E7C033D15389D9F00C285FC /* bn_mp_get_int.c */; };
		2ECB298E1538E0ED00387816 /* bn_mp_grow.c in Sources */ = {isa = PBXBuildFile; fileRef = 2E7C033E15389D9F00C285FC /* bn_mp_grow.c */; };
		2ECB298F1538E0ED00387816 /* bn_mp_init_copy.c in Sources */ = {isa = PBXBuildFile; fileRef = 2E7C033F15389D9F00C285FC /* bn_mp_init_copy.c */; };
		2ECB29901538E0ED00387816 /* bn_mp_init_multi.c in Sources */ = {isa = PBXBuildFile; fileRef = 2E7C034015389D9F00C285FC /* bn_mp_init_multi.c */; };
		2ECB29911538E0ED00387816 /* bn_mp_init_set_int.c in Sources */ = {isa = PBXBuildFile; fileRef = 2E7C034115389D9F00C285FC /* bn_mp_init_set_int.c */; };
		2ECB29921538E0ED00387816 /* bn_mp_init_set.c in Sources */ = {isa = PBXBuildFile; fileRef = 2E7C034215389D9F00C285FC /* bn_mp_init_set.c */; };
		2ECB29931538E0ED00387816 /* bn_mp_init_size.c in Sources */ = {isa = PBXBuildFile; fileRef = 2E7C034315389D9F00C285FC /* bn_mp_init_size.c */; };
		2ECB29941538E0ED00387816 /* bn_mp_init.c in Sources */ = {isa = PBXBuildFile; fileRef = 2E7C034415389D9F00C285FC /* bn_mp_init.c */; };
		2ECB29951538E0ED00387816 /* bn_mp_invmod_slow.c in Sources */ = {isa = PBXBuildFile; fileRef = 2E7C034515389D9F00C285FC /* bn_mp_invmod_slow.c */; };
		2ECB29961538E0ED00387816 /* bn_mp_invmod.c in Sources */ = {isa = PBXBuildFile; fileRef = 2E7C034615389D9F00C285FC /* bn_mp_invmod.c */; };
		2ECB29971538E0ED00387816 /* bn_mp_is_square.c in Sources */ = {isa = PBXBuildFile; fileRef = 2E7C034715389D9F00C285FC /* bn_mp_is_square.c */; };
		2ECB29981538E0ED00387816 /* bn_mp_jacobi.c in Sources */ = {isa = PBXBuildFile; fileRef = 2E7C034815389D9F00C285FC /* bn_mp_jacobi.c */; };
		2ECB29991538E0ED00387816 /* bn_mp_karatsuba_mul.c in Sources */ = {isa = PBXBuildFile; fileRef = 2E7C034915389D9F00C285FC /* bn_mp_karatsuba_mul.c */; };
		2ECB299A1538E0ED00387816 /* bn_mp_karatsuba_sqr.c in Sources */ = {isa = PBXBuildFile; fileRef = 2E7C034A15389D9F00C285FC /* bn_mp_karatsuba_sqr.c */; };
		2ECB299B1538E0ED00387816 /* bn_mp_lcm.c in Sources */ = {isa = PBXBuildFile; fileRef = 2E7C034B15389D9F00C285FC /* bn_mp_lcm.c */; };
		2ECB299C1538E0ED00387816 /* bn_mp_lshd.c in Sources */ = {isa = PBXBuildFile; fileRef = 2E7C034C15389D9F00C285FC /* bn_mp_lshd.c */; };
		2ECB299D1538E0ED00387816 /* bn_mp_mod_2d.c in Sources */ = {isa = PBXBuildFile; fileRef = 2E7C034D15389D9F00C285FC /* bn_mp_mod_2d.c */; };
		2ECB299E1538E0ED00387816 /* bn_mp_mod_d.c in Sources */ = {isa = PBXBuildFile; fileRef = 2E7C034E15389D9F00C285FC /* bn_mp_mod_d.c */; };
		2ECB299F1538E0ED00387816 /* bn_mp_mod.c in Sources */ = {isa = PBXBuildFile; fileRef = 2E7C034F15389D9F00C285FC /* bn_mp_mod.c */; };
		2ECB29A01538E0ED00387816 /* bn_mp_montgomery_calc_normalization.c in Sources */ = {isa = PBXBuildFile; fileRef = 2E7C035015389D9F00C285FC /* bn_mp_montgomery_calc_normalization.c */; };
		2ECB29A11538E0ED00387816 /* bn_mp_montgomery_reduce.c in Sources */ = {isa = PBXBuildFile; fileRef = 2E7C035115389D9F00C285FC /* bn_mp_montgomery_reduce.c */; };
		2ECB29A21538E0ED00387816 /* bn_mp_montgomery_setup.c in Sources */ = {isa = PBXBuildFile; fileRef = 2E7C035215389D9F00C285FC /* bn_mp_montgomery_setup.c */; };
		2ECB29A31538E0ED00387816 /* bn_mp_mul_2.c in Sources */ = {isa = PBXBuildFile; fileRef = 2E7C035315389D9F00C285FC /* bn_mp_mul_2.c */; };
		2ECB29A41538E0ED00387816 /* bn_mp_mul_2d.c in Sources */ = {isa = PBXBuildFile; fileRef = 2E7C035415389D9F00C285FC /* bn_mp_mul_2d.c */; };
		2ECB29A51538E0ED00387816 /* bn_mp_mul_d.c in Sources */ = {isa = PBXBuildFile; fileRef = 2E7C035515389D9F00C285FC /* bn_mp_mul_d.c */; };
		2ECB29A61538E0ED00387816 /* bn_mp_mul.c in Sources */ = {isa = PBXBuildFile; fileRef = 2E7C035615389D9F00C285FC /* bn_mp_mul.c */; };
		2ECB29A71538E0ED00387816 /* bn_mp_mulmod.c in Sources */ = {isa = PBXBuildFile; fileRef = 2E7C035715389D9F00C285FC /* bn_mp_mulmod.c */; };
		2ECB29A81538E0ED00387816 /* bn_mp_n_root.c in Sources */ = {isa = PBXBuildFile; fileRef = 2E7C035815389D9F00C285FC /* bn_mp_n_root.c */; };
		2ECB29A91538E0ED00387816 /* bn_mp_neg.c in Sources */ = {isa = PBXBuildFile; fileRef = 2E7C035915389D9F00C285FC /* bn_mp_neg.c */; };
		2ECB29AA1538E0ED00387816 /* bn_mp_or.c in Sources */ = {isa = PBXBuildFile; fileRef = 2E7C035A15389D9F00C285FC /* bn_mp_or.c */; };
		2ECB29AB1538E0ED00387816 /* bn_mp_prime_fermat.c in Sources */ = {isa = PBXBuildFile; fileRef = 2E7C035B15389D9F00C285FC /* bn_mp_prime_fermat.c */; };
		2ECB29AC1538E0ED00387816 /* bn_mp_prime_is_divisible.c in Sources */ = {isa = PBXBuildFile; fileRef = 2E7C035C15389D9F00C285FC /* bn_mp_prime_is_divisible.c */; };
		2ECB29AD1538E0ED00387816 /* bn_mp_prime_is_prime.c in Sources */ = {isa = PBXBuildFile; fileRef = 2E7C035D15389D9F00C285FC /* bn_mp_prime_is_prime.c */; };
		2ECB29AE1538E0ED00387816 /* bn_mp_prime_miller_rabin.c in Sources */ = {isa = PBXBuildFile; fileRef = 2E7C035E15389D9F00C285FC /* bn_mp_prime_miller_rabin.c */; };
		2ECB29AF1538E0ED00387816 /* bn_mp_prime_next_prime.c in Sources */ = {isa = PBXBuildFile; fileRef = 2E7C035F15389D9F00C285FC /* bn_mp_prime_next_prime.c */; };
		2ECB29B01538E0ED00387816 /* bn_mp_prime_rabin_miller_trials.c in Sources */ = {isa = PBXBuildFile; fileRef = 2E7C036015389D9F00C285FC /* bn_mp_prime_rabin_miller_trials.c */; };
		2ECB29B11538E0ED00387816 /* bn_mp_prime_random_ex.c in Sources */ = {isa = PBXBuildFile; fileRef = 2E7C036115389D9F00C285FC /* bn_mp_prime_random_ex.c */; };
		2ECB29B21538E0ED00387816 /* bn_mp_radix_size.c in Sources */ = {isa = PBXBuildFile; fileRef = 2E7C036215389D9F00C285FC /* bn_mp_radix_size.c */; };
		2ECB29B31538E0ED00387816 /* bn_mp_radix_smap.c in Sources */ = {isa = PBXBuildFile; fileRef = 2E7C036315389D9F00C285FC /* bn_mp_radix_smap.c */; };
		2ECB29B41538E0ED00387816 /* bn_mp_rand.c in Sources */ = {isa = PBXBuildFile; fileRef = 2E7C036415389D9F00C285FC /* bn_mp_rand.c */; };
		2ECB29B51538E0ED00387816 /* bn_mp_read_radix.c in Sources */ = {isa = PBXBuildFile; fileRef = 2E7C036515389D9F00C285FC /* bn_mp_read_radix.c */; };
		2ECB29B61538E0ED00387816 /* bn_mp_read_signed_bin.c in Sources */ = {isa = PBXBuildFile; fileRef = 2E7C036615389D9F00C285FC /* bn_mp_read_signed_bin.c */; };
		2ECB29B71538E0ED00387816 /* bn_mp_read_unsigned_bin.c in Sources */ = {isa = PBXBuildFile; fileRef = 2E7C036715389D9F00C285FC /* bn_mp_read_unsigned_bin.c */; };
		2ECB29B81538E0ED00387816 /* bn_mp_reduce_2k_l.c in Sources */ = {isa = PBXBuildFile; fileRef = 2E7C036815389D9F00C285FC /* bn_mp_reduce_2k_l.c */; };
		2ECB29B91538E0ED00387816 /* bn_mp_reduce_2k_setup_l.c in Sources */ = {isa = PBXBuildFile; fileRef = 2E7C036915389D9F00C285FC /* bn_mp_reduce_2k_setup_l.c */; };
		2ECB29BA1538E0ED00387816 /* bn_mp_reduce_2k_setup.c in Sources */ = {isa = PBXBuildFile; fileRef = 2E7C036A15389D9F00C285FC /* bn_mp_reduce_2k_setup.c */; };
		2ECB29BB1538E0ED00387816 /* bn_mp_reduce_2k.c in Sources */ = {isa = PBXBuildFile; fileRef = 2E7C036B15389D9F00C285FC /* bn_mp_reduce_2k.c */; };
		2ECB29BC1538E0ED00387816 /* bn_mp_reduce_is_2k_l.c in Sources */ = {isa = PBXBuildFile; fileRef = 2E7C036C15389D9F00C285FC /* bn_mp_reduce_is_2k_l.c */; };
		2ECB29BD1538E0ED00387816 /* bn_mp_reduce_is_2k.c in Sources */ = {isa = PBXBuildFile; fileRef = 2E7C036D15389D9F00C285FC /* bn_mp_reduce_is_2k.c */; };
		2ECB29BE1538E0ED00387816 /* bn_mp_reduce_setup.c in Sources */ = {isa = PBXBuildFile; fileRef = 2E7C036E15389D9F00C285FC /* bn_mp_reduce_setup.c */; };
		2ECB29BF1538E0ED00387816 /* bn_mp_reduce.c in Sources */ = {isa = PBXBuildFile; fileRef = 2E7C036F15389D9F00C285FC /* bn_mp_reduce.c */; };
		2ECB29C01538E0ED00387816 /* bn_mp_rshd.c in Sources */ = {isa = PBXBuildFile; fileRef = 2E7C037015389D9F00C285FC /* bn_mp_rshd.c */; };
		2ECB29C11538E0ED00387816 /* bn_mp_set_int.c in Sources */ = {isa = PBXBuildFile; fileRef = 2E7C037115389D9F00C285FC /* bn_mp_set_int.c */; };
		2ECB29C21538E0ED00387816 /* bn_mp_set.c in Sources */ = {isa = PBXBuildFile; fileRef = 2E7C037215389D9F00C285FC /* bn_mp_set.c */; };
		2ECB29C31538E0ED00387816 /* bn_mp_shrink.c in Sources */ = {isa = PBXBuildFile; fileRef = 2E7C037315389D9F00C285FC /* bn_mp_shrink.c */; };
		2ECB29C41538E0ED00387816 /* bn_mp_signed_bin_size.c in Sources */ = {isa = PBXBuildFile; fileRef = 2E7C037415389D9F00C285FC /* bn_mp_signed_bin_size.c */; };
		2ECB29C51538E0ED00387816 /* bn_mp_sqr.c in Sources */ = {isa = PBXBuildFile; fileRef = 2E7C037515389D9F00C285FC /* bn_mp_sqr.c */; };
		2ECB29C61538E0ED00387816 /* bn_mp_sqrmod.c in Sources */ = {isa = PBXBuildFile; fileRef = 2E7C037615389D9F00C285FC /* bn_mp_sqrmod.c */; };
		2ECB29C71538E0ED00387816 /* bn_mp_sqrt.c in Sources */ = {isa = PBXBuildFile; fileRef = 2E7C037715389D9F00C285FC /* bn_mp_sqrt.c */; };
		2ECB29C81538E0ED00387816 /* bn_mp_sub_d.c in Sources */ = {isa = PBXBuildFile; fileRef = 2E7C037815389D9F00C285FC /* bn_mp_sub_d.c */; };
		2ECB29C91538E0ED00387816 /* bn_mp_sub.c in Sources */ = {isa = PBXBuildFile; fileRef = 2E7C037915389D9F00C285FC /* bn_mp_sub.c */; };
		2ECB29CA1538E0ED00387816 /* bn_mp_submod.c in Sources */ = {isa = PBXBuildFile; fileRef = 2E7C037A15389D9F00C285FC /* bn_mp_submod.c */; };
		2ECB29CB1538E0ED00387816 /* bn_mp_to_signed_bin_n.c in Sources */ = {isa = PBXBuildFile; fileRef = 2E7C037B15389D9F00C285FC /* bn_mp_to_signed_bin_n.c */; };
		2ECB29CC1538E0ED00387816 /* bn_mp_to_signed_bin.c in Sources */ = {isa = PBXBuildFile; fileRef = 2E7C037C15389D9F00C285FC /* bn_mp_to_signed_bin.c */; };
		2ECB29CD1538E0ED00387816 /* bn_mp_to_unsigned_bin_n.c in Sources */ = {isa = PBXBuildFile; fileRef = 2E7C037D15389D9F00C285FC /* bn_mp_to_unsigned_bin_n.c */; };
		2ECB29CE1538E0ED00387816 /* bn_mp_to_unsigned_bin.c in Sources */ = {isa = PBXBuildFile; fileRef = 2E7C037E15389D9F00C285FC /* bn_mp_to_unsigned_bin.c */; };
		2ECB29CF1538E0ED00387816 /* bn_mp_toom_mul.c in Sources */ = {isa = PBXBuildFile; fileRef = 2E7C037F15389D9F00C285FC /* bn_mp_toom_mul.c */; };
		2ECB29D01538E0ED00387816 /* bn_mp_toom_sqr.c in Sources */ = {isa = PBXBuildFile; fileRef = 2E7C038015389D9F00C285FC /* bn_mp_toom_sqr.c */; };
		2ECB29D11538E0ED00387816 /* bn_mp_toradix_n.c in Sources */ = {isa = PBXBuildFile; fileRef = 2E7C038115389D9F00C285FC /* bn_mp_toradix_n.c */; };
		2ECB29D21538E0ED00387816 /* bn_mp_toradix.c in Sources */ = {isa = PBXBuildFile; fileRef = 2E7C038215389D9F00C285FC /* bn_mp_toradix.c */; };
		2ECB29D31538E0ED00387816 /* bn_mp_unsigned_bin_size.c in Sources */ = {isa = PBXBuildFile; fileRef = 2E7C038315389D9F00C285FC /* bn_mp_unsigned_bin_size.c */; };
		2ECB29D41538E0ED00387816 /* bn_mp_xor.c in Sources */ = {isa = PBXBuildFile; fileRef = 2E7C038415389D9F00C285FC /* bn_mp_xor.c */; };
		2ECB29D51538E0ED00387816 /* bn_mp_zero.c in Sources */ = {isa = PBXBuildFile; fileRef = 2E7C038515389D9F00C285FC /* bn_mp_zero.c */; };
		2ECB29D61538E0ED00387816 /* bn_prime_tab.c in Sources */ = {isa = PBXBuildFile; fileRef = 2E7C038615389D9F00C285FC /* bn_prime_tab.c */; };
		2ECB29D71538E0ED00387816 /* bn_reverse.c in Sources */ = {isa = PBXBuildFile; fileRef = 2E7C038715389D9F00C285FC /* bn_reverse.c */; };
		2ECB29D81538E0ED00387816 /* bn_s_mp_add.c in Sources */ = {isa = PBXBuildFile; fileRef = 2E7C038815389D9F00C285FC /* bn_s_mp_add.c */; };
		2ECB29D91538E0ED00387816 /* bn_s_mp_exptmod.c in Sources */ = {isa = PBXBuildFile; fileRef = 2E7C038915389D9F00C285FC /* bn_s_mp_exptmod.c */; };
		2ECB29DA1538E0ED00387816 /* bn_s_mp_mul_digs.c in Sources */ = {isa = PBXBuildFile; fileRef = 2E7C038A15389D9F00C285FC /* bn_s_mp_mul_digs.c */; };
		2ECB29DB1538E0ED00387816 /* bn_s_mp_mul_high_digs.c in Sources */ = {isa = PBXBuildFile; fileRef = 2E7C038B15389D9F00C285FC /* bn_s_mp_mul_high_digs.c */; };
		2ECB29DC1538E0ED00387816 /* bn_s_mp_sqr.c in Sources */ = {isa = PBXBuildFile; fileRef = 2E7C038C15389D9F00C285FC /* bn_s_mp_sqr.c */; };
		2ECB29DD1538E0ED00387816 /* bn_s_mp_sub.c in Sources */ = {isa = PBXBuildFile; fileRef = 2E7C038D15389D9F00C285FC /* bn_s_mp_sub.c */; };
		2ECB29DE1538E0ED00387816 /* bncore.c in Sources */ = {isa = PBXBuildFile; fileRef = 2E7C038E15389D9F00C285FC /* bncore.c */; };
/* End PBXBuildFile section */

/* Begin PBXFileReference section */
		2E2215421551986F004E6CE8 /* libtommath-ios.a */ = {isa = PBXFileReference; explicitFileType = archive.ar; includeInIndex = 0; path = "libtommath-ios.a"; sourceTree = BUILT_PRODUCTS_DIR; };
		2E7C030C15389D5200C285FC /* libtommath.a */ = {isa = PBXFileReference; explicitFileType = archive.ar; includeInIndex = 0; path = libtommath.a; sourceTree = BUILT_PRODUCTS_DIR; };
		2E7C031815389D9F00C285FC /* bn_error.c */ = {isa = PBXFileReference; fileEncoding = 4; lastKnownFileType = sourcecode.c.c; path = bn_error.c; sourceTree = "<group>"; };
		2E7C031915389D9F00C285FC /* bn_fast_mp_invmod.c */ = {isa = PBXFileReference; fileEncoding = 4; lastKnownFileType = sourcecode.c.c; path = bn_fast_mp_invmod.c; sourceTree = "<group>"; };
		2E7C031A15389D9F00C285FC /* bn_fast_mp_montgomery_reduce.c */ = {isa = PBXFileReference; fileEncoding = 4; lastKnownFileType = sourcecode.c.c; path = bn_fast_mp_montgomery_reduce.c; sourceTree = "<group>"; };
		2E7C031B15389D9F00C285FC /* bn_fast_s_mp_mul_digs.c */ = {isa = PBXFileReference; fileEncoding = 4; lastKnownFileType = sourcecode.c.c; path = bn_fast_s_mp_mul_digs.c; sourceTree = "<group>"; };
		2E7C031C15389D9F00C285FC /* bn_fast_s_mp_mul_high_digs.c */ = {isa = PBXFileReference; fileEncoding = 4; lastKnownFileType = sourcecode.c.c; path = bn_fast_s_mp_mul_high_digs.c; sourceTree = "<group>"; };
		2E7C031D15389D9F00C285FC /* bn_fast_s_mp_sqr.c */ = {isa = PBXFileReference; fileEncoding = 4; lastKnownFileType = sourcecode.c.c; path = bn_fast_s_mp_sqr.c; sourceTree = "<group>"; };
		2E7C031E15389D9F00C285FC /* bn_mp_2expt.c */ = {isa = PBXFileReference; fileEncoding = 4; lastKnownFileType = sourcecode.c.c; path = bn_mp_2expt.c; sourceTree = "<group>"; };
		2E7C031F15389D9F00C285FC /* bn_mp_abs.c */ = {isa = PBXFileReference; fileEncoding = 4; lastKnownFileType = sourcecode.c.c; path = bn_mp_abs.c; sourceTree = "<group>"; };
		2E7C032015389D9F00C285FC /* bn_mp_add_d.c */ = {isa = PBXFileReference; fileEncoding = 4; lastKnownFileType = sourcecode.c.c; path = bn_mp_add_d.c; sourceTree = "<group>"; };
		2E7C032115389D9F00C285FC /* bn_mp_add.c */ = {isa = PBXFileReference; fileEncoding = 4; lastKnownFileType = sourcecode.c.c; path = bn_mp_add.c; sourceTree = "<group>"; };
		2E7C032215389D9F00C285FC /* bn_mp_addmod.c */ = {isa = PBXFileReference; fileEncoding = 4; lastKnownFileType = sourcecode.c.c; path = bn_mp_addmod.c; sourceTree = "<group>"; };
		2E7C032315389D9F00C285FC /* bn_mp_and.c */ = {isa = PBXFileReference; fileEncoding = 4; lastKnownFileType = sourcecode.c.c; path = bn_mp_and.c; sourceTree = "<group>"; };
		2E7C032415389D9F00C285FC /* bn_mp_clamp.c */ = {isa = PBXFileReference; fileEncoding = 4; lastKnownFileType = sourcecode.c.c; path = bn_mp_clamp.c; sourceTree = "<group>"; };
		2E7C032515389D9F00C285FC /* bn_mp_clear_multi.c */ = {isa = PBXFileReference; fileEncoding = 4; lastKnownFileType = sourcecode.c.c; path = bn_mp_clear_multi.c; sourceTree = "<group>"; };
		2E7C032615389D9F00C285FC /* bn_mp_clear.c */ = {isa = PBXFileReference; fileEncoding = 4; lastKnownFileType = sourcecode.c.c; path = bn_mp_clear.c; sourceTree = "<group>"; };
		2E7C032715389D9F00C285FC /* bn_mp_cmp_d.c */ = {isa = PBXFileReference; fileEncoding = 4; lastKnownFileType = sourcecode.c.c; path = bn_mp_cmp_d.c; sourceTree = "<group>"; };
		2E7C032815389D9F00C285FC /* bn_mp_cmp_mag.c */ = {isa = PBXFileReference; fileEncoding = 4; lastKnownFileType = sourcecode.c.c; path = bn_mp_cmp_mag.c; sourceTree = "<group>"; };
		2E7C032915389D9F00C285FC /* bn_mp_cmp.c */ = {isa = PBXFileReference; fileEncoding = 4; lastKnownFileType = sourcecode.c.c; path = bn_mp_cmp.c; sourceTree = "<group>"; };
		2E7C032A15389D9F00C285FC /* bn_mp_cnt_lsb.c */ = {isa = PBXFileReference; fileEncoding = 4; lastKnownFileType = sourcecode.c.c; path = bn_mp_cnt_lsb.c; sourceTree = "<group>"; };
		2E7C032B15389D9F00C285FC /* bn_mp_copy.c */ = {isa = PBXFileReference; fileEncoding = 4; lastKnownFileType = sourcecode.c.c; path = bn_mp_copy.c; sourceTree = "<group>"; };
		2E7C032C15389D9F00C285FC /* bn_mp_count_bits.c */ = {isa = PBXFileReference; fileEncoding = 4; lastKnownFileType = sourcecode.c.c; path = bn_mp_count_bits.c; sourceTree = "<group>"; };
		2E7C032D15389D9F00C285FC /* bn_mp_div_2.c */ = {isa = PBXFileReference; fileEncoding = 4; lastKnownFileType = sourcecode.c.c; path = bn_mp_div_2.c; sourceTree = "<group>"; };
		2E7C032E15389D9F00C285FC /* bn_mp_div_2d.c */ = {isa = PBXFileReference; fileEncoding = 4; lastKnownFileType = sourcecode.c.c; path = bn_mp_div_2d.c; sourceTree = "<group>"; };
		2E7C032F15389D9F00C285FC /* bn_mp_div_3.c */ = {isa = PBXFileReference; fileEncoding = 4; lastKnownFileType = sourcecode.c.c; path = bn_mp_div_3.c; sourceTree = "<group>"; };
		2E7C033015389D9F00C285FC /* bn_mp_div_d.c */ = {isa = PBXFileReference; fileEncoding = 4; lastKnownFileType = sourcecode.c.c; path = bn_mp_div_d.c; sourceTree = "<group>"; };
		2E7C033115389D9F00C285FC /* bn_mp_div.c */ = {isa = PBXFileReference; fileEncoding = 4; lastKnownFileType = sourcecode.c.c; path = bn_mp_div.c; sourceTree = "<group>"; };
		2E7C033215389D9F00C285FC /* bn_mp_dr_is_modulus.c */ = {isa = PBXFileReference; fileEncoding = 4; lastKnownFileType = sourcecode.c.c; path = bn_mp_dr_is_modulus.c; sourceTree = "<group>"; };
		2E7C033315389D9F00C285FC /* bn_mp_dr_reduce.c */ = {isa = PBXFileReference; fileEncoding = 4; lastKnownFileType = sourcecode.c.c; path = bn_mp_dr_reduce.c; sourceTree = "<group>"; };
		2E7C033415389D9F00C285FC /* bn_mp_dr_setup.c */ = {isa = PBXFileReference; fileEncoding = 4; lastKnownFileType = sourcecode.c.c; path = bn_mp_dr_setup.c; sourceTree = "<group>"; };
		2E7C033515389D9F00C285FC /* bn_mp_exch.c */ = {isa = PBXFileReference; fileEncoding = 4; lastKnownFileType = sourcecode.c.c; path = bn_mp_exch.c; sourceTree = "<group>"; };
		2E7C033615389D9F00C285FC /* bn_mp_expt_d.c */ = {isa = PBXFileReference; fileEncoding = 4; lastKnownFileType = sourcecode.c.c; path = bn_mp_expt_d.c; sourceTree = "<group>"; };
		2E7C033715389D9F00C285FC /* bn_mp_exptmod_fast.c */ = {isa = PBXFileReference; fileEncoding = 4; lastKnownFileType = sourcecode.c.c; path = bn_mp_exptmod_fast.c; sourceTree = "<group>"; };
		2E7C033815389D9F00C285FC /* bn_mp_exptmod.c */ = {isa = PBXFileReference; fileEncoding = 4; lastKnownFileType = sourcecode.c.c; path = bn_mp_exptmod.c; sourceTree = "<group>"; };
		2E7C033915389D9F00C285FC /* bn_mp_exteuclid.c */ = {isa = PBXFileReference; fileEncoding = 4; lastKnownFileType = sourcecode.c.c; path = bn_mp_exteuclid.c; sourceTree = "<group>"; };
		2E7C033A15389D9F00C285FC /* bn_mp_fread.c */ = {isa = PBXFileReference; fileEncoding = 4; lastKnownFileType = sourcecode.c.c; path = bn_mp_fread.c; sourceTree = "<group>"; };
		2E7C033B15389D9F00C285FC /* bn_mp_fwrite.c */ = {isa = PBXFileReference; fileEncoding = 4; lastKnownFileType = sourcecode.c.c; path = bn_mp_fwrite.c; sourceTree = "<group>"; };
		2E7C033C15389D9F00C285FC /* bn_mp_gcd.c */ = {isa = PBXFileReference; fileEncoding = 4; lastKnownFileType = sourcecode.c.c; path = bn_mp_gcd.c; sourceTree = "<group>"; };
		2E7C033D15389D9F00C285FC /* bn_mp_get_int.c */ = {isa = PBXFileReference; fileEncoding = 4; lastKnownFileType = sourcecode.c.c; path = bn_mp_get_int.c; sourceTree = "<group>"; };
		2E7C033E15389D9F00C285FC /* bn_mp_grow.c */ = {isa = PBXFileReference; fileEncoding = 4; lastKnownFileType = sourcecode.c.c; path = bn_mp_grow.c; sourceTree = "<group>"; };
		2E7C033F15389D9F00C285FC /* bn_mp_init_copy.c */ = {isa = PBXFileReference; fileEncoding = 4; lastKnownFileType = sourcecode.c.c; path = bn_mp_init_copy.c; sourceTree = "<group>"; };
		2E7C034015389D9F00C285FC /* bn_mp_init_multi.c */ = {isa = PBXFileReference; fileEncoding = 4; lastKnownFileType = sourcecode.c.c; path = bn_mp_init_multi.c; sourceTree = "<group>"; };
		2E7C034115389D9F00C285FC /* bn_mp_init_set_int.c */ = {isa = PBXFileReference; fileEncoding = 4; lastKnownFileType = sourcecode.c.c; path = bn_mp_init_set_int.c; sourceTree = "<group>"; };
		2E7C034215389D9F00C285FC /* bn_mp_init_set.c */ = {isa = PBXFileReference; fileEncoding = 4; lastKnownFileType = sourcecode.c.c; path = bn_mp_init_set.c; sourceTree = "<group>"; };
		2E7C034315389D9F00C285FC /* bn_mp_init_size.c */ = {isa = PBXFileReference; fileEncoding = 4; lastKnownFileType = sourcecode.c.c; path = bn_mp_init_size.c; sourceTree = "<group>"; };
		2E7C034415389D9F00C285FC /* bn_mp_init.c */ = {isa = PBXFileReference; fileEncoding = 4; lastKnownFileType = sourcecode.c.c; path = bn_mp_init.c; sourceTree = "<group>"; };
		2E7C034515389D9F00C285FC /* bn_mp_invmod_slow.c */ = {isa = PBXFileReference; fileEncoding = 4; lastKnownFileType = sourcecode.c.c; path = bn_mp_invmod_slow.c; sourceTree = "<group>"; };
		2E7C034615389D9F00C285FC /* bn_mp_invmod.c */ = {isa = PBXFileReference; fileEncoding = 4; lastKnownFileType = sourcecode.c.c; path = bn_mp_invmod.c; sourceTree = "<group>"; };
		2E7C034715389D9F00C285FC /* bn_mp_is_square.c */ = {isa = PBXFileReference; fileEncoding = 4; lastKnownFileType = sourcecode.c.c; path = bn_mp_is_square.c; sourceTree = "<group>"; };
		2E7C034815389D9F00C285FC /* bn_mp_jacobi.c */ = {isa = PBXFileReference; fileEncoding = 4; lastKnownFileType = sourcecode.c.c; path = bn_mp_jacobi.c; sourceTree = "<group>"; };
		2E7C034915389D9F00C285FC /* bn_mp_karatsuba_mul.c */ = {isa = PBXFileReference; fileEncoding = 4; lastKnownFileType = sourcecode.c.c; path = bn_mp_karatsuba_mul.c; sourceTree = "<group>"; };
		2E7C034A15389D9F00C285FC /* bn_mp_karatsuba_sqr.c */ = {isa = PBXFileReference; fileEncoding = 4; lastKnownFileType = sourcecode.c.c; path = bn_mp_karatsuba_sqr.c; sourceTree = "<group>"; };
		2E7C034B15389D9F00C285FC /* bn_mp_lcm.c */ = {isa = PBXFileReference; fileEncoding = 4; lastKnownFileType = sourcecode.c.c; path = bn_mp_lcm.c; sourceTree = "<group>"; };
		2E7C034C15389D9F00C285FC /* bn_mp_lshd.c */ = {isa = PBXFileReference; fileEncoding = 4; lastKnownFileType = sourcecode.c.c; path = bn_mp_lshd.c; sourceTree = "<group>"; };
		2E7C034D15389D9F00C285FC /* bn_mp_mod_2d.c */ = {isa = PBXFileReference; fileEncoding = 4; lastKnownFileType = sourcecode.c.c; path = bn_mp_mod_2d.c; sourceTree = "<group>"; };
		2E7C034E15389D9F00C285FC /* bn_mp_mod_d.c */ = {isa = PBXFileReference; fileEncoding = 4; lastKnownFileType = sourcecode.c.c; path = bn_mp_mod_d.c; sourceTree = "<group>"; };
		2E7C034F15389D9F00C285FC /* bn_mp_mod.c */ = {isa = PBXFileReference; fileEncoding = 4; lastKnownFileType = sourcecode.c.c; path = bn_mp_mod.c; sourceTree = "<group>"; };
		2E7C035015389D9F00C285FC /* bn_mp_montgomery_calc_normalization.c */ = {isa = PBXFileReference; fileEncoding = 4; lastKnownFileType = sourcecode.c.c; path = bn_mp_montgomery_calc_normalization.c; sourceTree = "<group>"; };
		2E7C035115389D9F00C285FC /* bn_mp_montgomery_reduce.c */ = {isa = PBXFileReference; fileEncoding = 4; lastKnownFileType = sourcecode.c.c; path = bn_mp_montgomery_reduce.c; sourceTree = "<group>"; };
		2E7C035215389D9F00C285FC /* bn_mp_montgomery_setup.c */ = {isa = PBXFileReference; fileEncoding = 4; lastKnownFileType = sourcecode.c.c; path = bn_mp_montgomery_setup.c; sourceTree = "<group>"; };
		2E7C035315389D9F00C285FC /* bn_mp_mul_2.c */ = {isa = PBXFileReference; fileEncoding = 4; lastKnownFileType = sourcecode.c.c; path = bn_mp_mul_2.c; sourceTree = "<group>"; };
		2E7C035415389D9F00C285FC /* bn_mp_mul_2d.c */ = {isa = PBXFileReference; fileEncoding = 4; lastKnownFileType = sourcecode.c.c; path = bn_mp_mul_2d.c; sourceTree = "<group>"; };
		2E7C035515389D9F00C285FC /* bn_mp_mul_d.c */ = {isa = PBXFileReference; fileEncoding = 4; lastKnownFileType = sourcecode.c.c; path = bn_mp_mul_d.c; sourceTree = "<group>"; };
		2E7C035615389D9F00C285FC /* bn_mp_mul.c */ = {isa = PBXFileReference; fileEncoding = 4; lastKnownFileType = sourcecode.c.c; path = bn_mp_mul.c; sourceTree = "<group>"; };
		2E7C035715389D9F00C285FC /* bn_mp_mulmod.c */ = {isa = PBXFileReference; fileEncoding = 4; lastKnownFileType = sourcecode.c.c; path = bn_mp_mulmod.c; sourceTree = "<group>"; };
		2E7C035815389D9F00C285FC /* bn_mp_n_root.c */ = {isa = PBXFileReference; fileEncoding = 4; lastKnownFileType = sourcecode.c.c; path = bn_mp_n_root.c; sourceTree = "<group>"; };
		2E7C035915389D9F00C285FC /* bn_mp_neg.c */ = {isa = PBXFileReference; fileEncoding = 4; lastKnownFileType = sourcecode.c.c; path = bn_mp_neg.c; sourceTree = "<group>"; };
		2E7C035A15389D9F00C285FC /* bn_mp_or.c */ = {isa = PBXFileReference; fileEncoding = 4; lastKnownFileType = sourcecode.c.c; path = bn_mp_or.c; sourceTree = "<group>"; };
		2E7C035B15389D9F00C285FC /* bn_mp_prime_fermat.c */ = {isa = PBXFileReference; fileEncoding = 4; lastKnownFileType = sourcecode.c.c; path = bn_mp_prime_fermat.c; sourceTree = "<group>"; };
		2E7C035C15389D9F00C285FC /* bn_mp_prime_is_divisible.c */ = {isa = PBXFileReference; fileEncoding = 4; lastKnownFileType = sourcecode.c.c; path = bn_mp_prime_is_divisible.c; sourceTree = "<group>"; };
		2E7C035D15389D9F00C285FC /* bn_mp_prime_is_prime.c */ = {isa = PBXFileReference; fileEncoding = 4; lastKnownFileType = sourcecode.c.c; path = bn_mp_prime_is_prime.c; sourceTree = "<group>"; };
		2E7C035E15389D9F00C285FC /* bn_mp_prime_miller_rabin.c */ = {isa = PBXFileReference; fileEncoding = 4; lastKnownFileType = sourcecode.c.c; path = bn_mp_prime_miller_rabin.c; sourceTree = "<group>"; };
		2E7C035F15389D9F00C285FC /* bn_mp_prime_next_prime.c */ = {isa = PBXFileReference; fileEncoding = 4; lastKnownFileType = sourcecode.c.c; path = bn_mp_prime_next_prime.c; sourceTree = "<group>"; };
		2E7C036015389D9F00C285FC /* bn_mp_prime_rabin_miller_trials.c */ = {isa = PBXFileReference; fileEncoding = 4; lastKnownFileType = sourcecode.c.c; path = bn_mp_prime_rabin_miller_trials.c; sourceTree = "<group>"; };
		2E7C036115389D9F00C285FC /* bn_mp_prime_random_ex.c */ = {isa = PBXFileReference; fileEncoding = 4; lastKnownFileType = sourcecode.c.c; path = bn_mp_prime_random_ex.c; sourceTree = "<group>"; };
		2E7C036215389D9F00C285FC /* bn_mp_radix_size.c */ = {isa = PBXFileReference; fileEncoding = 4; lastKnownFileType = sourcecode.c.c; path = bn_mp_radix_size.c; sourceTree = "<group>"; };
		2E7C036315389D9F00C285FC /* bn_mp_radix_smap.c */ = {isa = PBXFileReference; fileEncoding = 4; lastKnownFileType = sourcecode.c.c; path = bn_mp_radix_smap.c; sourceTree = "<group>"; };
		2E7C036415389D9F00C285FC /* bn_mp_rand.c */ = {isa = PBXFileReference; fileEncoding = 4; lastKnownFileType = sourcecode.c.c; path = bn_mp_rand.c; sourceTree = "<group>"; };
		2E7C036515389D9F00C285FC /* bn_mp_read_radix.c */ = {isa = PBXFileReference; fileEncoding = 4; lastKnownFileType = sourcecode.c.c; path = bn_mp_read_radix.c; sourceTree = "<group>"; };
		2E7C036615389D9F00C285FC /* bn_mp_read_signed_bin.c */ = {isa = PBXFileReference; fileEncoding = 4; lastKnownFileType = sourcecode.c.c; path = bn_mp_read_signed_bin.c; sourceTree = "<group>"; };
		2E7C036715389D9F00C285FC /* bn_mp_read_unsigned_bin.c */ = {isa = PBXFileReference; fileEncoding = 4; lastKnownFileType = sourcecode.c.c; path = bn_mp_read_unsigned_bin.c; sourceTree = "<group>"; };
		2E7C036815389D9F00C285FC /* bn_mp_reduce_2k_l.c */ = {isa = PBXFileReference; fileEncoding = 4; lastKnownFileType = sourcecode.c.c; path = bn_mp_reduce_2k_l.c; sourceTree = "<group>"; };
		2E7C036915389D9F00C285FC /* bn_mp_reduce_2k_setup_l.c */ = {isa = PBXFileReference; fileEncoding = 4; lastKnownFileType = sourcecode.c.c; path = bn_mp_reduce_2k_setup_l.c; sourceTree = "<group>"; };
		2E7C036A15389D9F00C285FC /* bn_mp_reduce_2k_setup.c */ = {isa = PBXFileReference; fileEncoding = 4; lastKnownFileType = sourcecode.c.c; path = bn_mp_reduce_2k_setup.c; sourceTree = "<group>"; };
		2E7C036B15389D9F00C285FC /* bn_mp_reduce_2k.c */ = {isa = PBXFileReference; fileEncoding = 4; lastKnownFileType = sourcecode.c.c; path = bn_mp_reduce_2k.c; sourceTree = "<group>"; };
		2E7C036C15389D9F00C285FC /* bn_mp_reduce_is_2k_l.c */ = {isa = PBXFileReference; fileEncoding = 4; lastKnownFileType = sourcecode.c.c; path = bn_mp_reduce_is_2k_l.c; sourceTree = "<group>"; };
		2E7C036D15389D9F00C285FC /* bn_mp_reduce_is_2k.c */ = {isa = PBXFileReference; fileEncoding = 4; lastKnownFileType = sourcecode.c.c; path = bn_mp_reduce_is_2k.c; sourceTree = "<group>"; };
		2E7C036E15389D9F00C285FC /* bn_mp_reduce_setup.c */ = {isa = PBXFileReference; fileEncoding = 4; lastKnownFileType = sourcecode.c.c; path = bn_mp_reduce_setup.c; sourceTree = "<group>"; };
		2E7C036F15389D9F00C285FC /* bn_mp_reduce.c */ = {isa = PBXFileReference; fileEncoding = 4; lastKnownFileType = sourcecode.c.c; path = bn_mp_reduce.c; sourceTree = "<group>"; };
		2E7C037015389D9F00C285FC /* bn_mp_rshd.c */ = {isa = PBXFileReference; fileEncoding = 4; lastKnownFileType = sourcecode.c.c; path = bn_mp_rshd.c; sourceTree = "<group>"; };
		2E7C037115389D9F00C285FC /* bn_mp_set_int.c */ = {isa = PBXFileReference; fileEncoding = 4; lastKnownFileType = sourcecode.c.c; path = bn_mp_set_int.c; sourceTree = "<group>"; };
		2E7C037215389D9F00C285FC /* bn_mp_set.c */ = {isa = PBXFileReference; fileEncoding = 4; lastKnownFileType = sourcecode.c.c; path = bn_mp_set.c; sourceTree = "<group>"; };
		2E7C037315389D9F00C285FC /* bn_mp_shrink.c */ = {isa = PBXFileReference; fileEncoding = 4; lastKnownFileType = sourcecode.c.c; path = bn_mp_shrink.c; sourceTree = "<group>"; };
		2E7C037415389D9F00C285FC /* bn_mp_signed_bin_size.c */ = {isa = PBXFileReference; fileEncoding = 4; lastKnownFileType = sourcecode.c.c; path = bn_mp_signed_bin_size.c; sourceTree = "<group>"; };
		2E7C037515389D9F00C285FC /* bn_mp_sqr.c */ = {isa = PBXFileReference; fileEncoding = 4; lastKnownFileType = sourcecode.c.c; path = bn_mp_sqr.c; sourceTree = "<group>"; };
		2E7C037615389D9F00C285FC /* bn_mp_sqrmod.c */ = {isa = PBXFileReference; fileEncoding = 4; lastKnownFileType = sourcecode.c.c; path = bn_mp_sqrmod.c; sourceTree = "<group>"; };
		2E7C037715389D9F00C285FC /* bn_mp_sqrt.c */ = {isa = PBXFileReference; fileEncoding = 4; lastKnownFileType = sourcecode.c.c; path = bn_mp_sqrt.c; sourceTree = "<group>"; };
		2E7C037815389D9F00C285FC /* bn_mp_sub_d.c */ = {isa = PBXFileReference; fileEncoding = 4; lastKnownFileType = sourcecode.c.c; path = bn_mp_sub_d.c; sourceTree = "<group>"; };
		2E7C037915389D9F00C285FC /* bn_mp_sub.c */ = {isa = PBXFileReference; fileEncoding = 4; lastKnownFileType = sourcecode.c.c; path = bn_mp_sub.c; sourceTree = "<group>"; };
		2E7C037A15389D9F00C285FC /* bn_mp_submod.c */ = {isa = PBXFileReference; fileEncoding = 4; lastKnownFileType = sourcecode.c.c; path = bn_mp_submod.c; sourceTree = "<group>"; };
		2E7C037B15389D9F00C285FC /* bn_mp_to_signed_bin_n.c */ = {isa = PBXFileReference; fileEncoding = 4; lastKnownFileType = sourcecode.c.c; path = bn_mp_to_signed_bin_n.c; sourceTree = "<group>"; };
		2E7C037C15389D9F00C285FC /* bn_mp_to_signed_bin.c */ = {isa = PBXFileReference; fileEncoding = 4; lastKnownFileType = sourcecode.c.c; path = bn_mp_to_signed_bin.c; sourceTree = "<group>"; };
		2E7C037D15389D9F00C285FC /* bn_mp_to_unsigned_bin_n.c */ = {isa = PBXFileReference; fileEncoding = 4; lastKnownFileType = sourcecode.c.c; path = bn_mp_to_unsigned_bin_n.c; sourceTree = "<group>"; };
		2E7C037E15389D9F00C285FC /* bn_mp_to_unsigned_bin.c */ = {isa = PBXFileReference; fileEncoding = 4; lastKnownFileType = sourcecode.c.c; path = bn_mp_to_unsigned_bin.c; sourceTree = "<group>"; };
		2E7C037F15389D9F00C285FC /* bn_mp_toom_mul.c */ = {isa = PBXFileReference; fileEncoding = 4; lastKnownFileType = sourcecode.c.c; path = bn_mp_toom_mul.c; sourceTree = "<group>"; };
		2E7C038015389D9F00C285FC /* bn_mp_toom_sqr.c */ = {isa = PBXFileReference; fileEncoding = 4; lastKnownFileType = sourcecode.c.c; path = bn_mp_toom_sqr.c; sourceTree = "<group>"; };
		2E7C038115389D9F00C285FC /* bn_mp_toradix_n.c */ = {isa = PBXFileReference; fileEncoding = 4; lastKnownFileType = sourcecode.c.c; path = bn_mp_toradix_n.c; sourceTree = "<group>"; };
		2E7C038215389D9F00C285FC /* bn_mp_toradix.c */ = {isa = PBXFileReference; fileEncoding = 4; lastKnownFileType = sourcecode.c.c; path = bn_mp_toradix.c; sourceTree = "<group>"; };
		2E7C038315389D9F00C285FC /* bn_mp_unsigned_bin_size.c */ = {isa = PBXFileReference; fileEncoding = 4; lastKnownFileType = sourcecode.c.c; path = bn_mp_unsigned_bin_size.c; sourceTree = "<group>"; };
		2E7C038415389D9F00C285FC /* bn_mp_xor.c */ = {isa = PBXFileReference; fileEncoding = 4; lastKnownFileType = sourcecode.c.c; path = bn_mp_xor.c; sourceTree = "<group>"; };
		2E7C038515389D9F00C285FC /* bn_mp_zero.c */ = {isa = PBXFileReference; fileEncoding = 4; lastKnownFileType = sourcecode.c.c; path = bn_mp_zero.c; sourceTree = "<group>"; };
		2E7C038615389D9F00C285FC /* bn_prime_tab.c */ = {isa = PBXFileReference; fileEncoding = 4; lastKnownFileType = sourcecode.c.c; path = bn_prime_tab.c; sourceTree = "<group>"; };
		2E7C038715389D9F00C285FC /* bn_reverse.c */ = {isa = PBXFileReference; fileEncoding = 4; lastKnownFileType = sourcecode.c.c; path = bn_reverse.c; sourceTree = "<group>"; };
		2E7C038815389D9F00C285FC /* bn_s_mp_add.c */ = {isa = PBXFileReference; fileEncoding = 4; lastKnownFileType = sourcecode.c.c; path = bn_s_mp_add.c; sourceTree = "<group>"; };
		2E7C038915389D9F00C285FC /* bn_s_mp_exptmod.c */ = {isa = PBXFileReference; fileEncoding = 4; lastKnownFileType = sourcecode.c.c; path = bn_s_mp_exptmod.c; sourceTree = "<group>"; };
		2E7C038A15389D9F00C285FC /* bn_s_mp_mul_digs.c */ = {isa = PBXFileReference; fileEncoding = 4; lastKnownFileType = sourcecode.c.c; path = bn_s_mp_mul_digs.c; sourceTree = "<group>"; };
		2E7C038B15389D9F00C285FC /* bn_s_mp_mul_high_digs.c */ = {isa = PBXFileReference; fileEncoding = 4; lastKnownFileType = sourcecode.c.c; path = bn_s_mp_mul_high_digs.c; sourceTree = "<group>"; };
		2E7C038C15389D9F00C285FC /* bn_s_mp_sqr.c */ = {isa = PBXFileReference; fileEncoding = 4; lastKnownFileType = sourcecode.c.c; path = bn_s_mp_sqr.c; sourceTree = "<group>"; };
		2E7C038D15389D9F00C285FC /* bn_s_mp_sub.c */ = {isa = PBXFileReference; fileEncoding = 4; lastKnownFileType = sourcecode.c.c; path = bn_s_mp_sub.c; sourceTree = "<group>"; };
		2E7C038E15389D9F00C285FC /* bncore.c */ = {isa = PBXFileReference; fileEncoding = 4; lastKnownFileType = sourcecode.c.c; path = bncore.c; sourceTree = "<group>"; };
		2E7C040715389DFF00C285FC /* tommath_class.h */ = {isa = PBXFileReference; fileEncoding = 4; lastKnownFileType = sourcecode.c.h; path = tommath_class.h; sourceTree = "<group>"; };
		2E7C040815389DFF00C285FC /* tommath_superclass.h */ = {isa = PBXFileReference; fileEncoding = 4; lastKnownFileType = sourcecode.c.h; path = tommath_superclass.h; sourceTree = "<group>"; };
		2E7C040915389DFF00C285FC /* tommath.h */ = {isa = PBXFileReference; fileEncoding = 4; lastKnownFileType = sourcecode.c.h; path = tommath.h; sourceTree = "<group>"; };
/* End PBXFileReference section */

/* Begin PBXFrameworksBuildPhase section */
		2E22153F1551986F004E6CE8 /* Frameworks */ = {
			isa = PBXFrameworksBuildPhase;
			buildActionMask = 2147483647;
			files = (
			);
			runOnlyForDeploymentPostprocessing = 0;
		};
		2E7C030915389D5200C285FC /* Frameworks */ = {
			isa = PBXFrameworksBuildPhase;
			buildActionMask = 2147483647;
			files = (
			);
			runOnlyForDeploymentPostprocessing = 0;
		};
/* End PBXFrameworksBuildPhase section */

/* Begin PBXGroup section */
		2E7C030115389D5200C285FC = {
			isa = PBXGroup;
			children = (
				2E7C040615389DF000C285FC /* includes */,
				2E7C031615389D8500C285FC /* src */,
				2E7C030D15389D5200C285FC /* Products */,
			);
			sourceTree = "<group>";
		};
		2E7C030D15389D5200C285FC /* Products */ = {
			isa = PBXGroup;
			children = (
				2E7C030C15389D5200C285FC /* libtommath.a */,
				2E2215421551986F004E6CE8 /* libtommath-ios.a */,
			);
			name = Products;
			sourceTree = "<group>";
		};
		2E7C031615389D8500C285FC /* src */ = {
			isa = PBXGroup;
			children = (
				2E7C031815389D9F00C285FC /* bn_error.c */,
				2E7C031915389D9F00C285FC /* bn_fast_mp_invmod.c */,
				2E7C031A15389D9F00C285FC /* bn_fast_mp_montgomery_reduce.c */,
				2E7C031B15389D9F00C285FC /* bn_fast_s_mp_mul_digs.c */,
				2E7C031C15389D9F00C285FC /* bn_fast_s_mp_mul_high_digs.c */,
				2E7C031D15389D9F00C285FC /* bn_fast_s_mp_sqr.c */,
				2E7C031E15389D9F00C285FC /* bn_mp_2expt.c */,
				2E7C031F15389D9F00C285FC /* bn_mp_abs.c */,
				2E7C032015389D9F00C285FC /* bn_mp_add_d.c */,
				2E7C032115389D9F00C285FC /* bn_mp_add.c */,
				2E7C032215389D9F00C285FC /* bn_mp_addmod.c */,
				2E7C032315389D9F00C285FC /* bn_mp_and.c */,
				2E7C032415389D9F00C285FC /* bn_mp_clamp.c */,
				2E7C032515389D9F00C285FC /* bn_mp_clear_multi.c */,
				2E7C032615389D9F00C285FC /* bn_mp_clear.c */,
				2E7C032715389D9F00C285FC /* bn_mp_cmp_d.c */,
				2E7C032815389D9F00C285FC /* bn_mp_cmp_mag.c */,
				2E7C032915389D9F00C285FC /* bn_mp_cmp.c */,
				2E7C032A15389D9F00C285FC /* bn_mp_cnt_lsb.c */,
				2E7C032B15389D9F00C285FC /* bn_mp_copy.c */,
				2E7C032C15389D9F00C285FC /* bn_mp_count_bits.c */,
				2E7C032D15389D9F00C285FC /* bn_mp_div_2.c */,
				2E7C032E15389D9F00C285FC /* bn_mp_div_2d.c */,
				2E7C032F15389D9F00C285FC /* bn_mp_div_3.c */,
				2E7C033015389D9F00C285FC /* bn_mp_div_d.c */,
				2E7C033115389D9F00C285FC /* bn_mp_div.c */,
				2E7C033215389D9F00C285FC /* bn_mp_dr_is_modulus.c */,
				2E7C033315389D9F00C285FC /* bn_mp_dr_reduce.c */,
				2E7C033415389D9F00C285FC /* bn_mp_dr_setup.c */,
				2E7C033515389D9F00C285FC /* bn_mp_exch.c */,
				2E7C033615389D9F00C285FC /* bn_mp_expt_d.c */,
				2E7C033715389D9F00C285FC /* bn_mp_exptmod_fast.c */,
				2E7C033815389D9F00C285FC /* bn_mp_exptmod.c */,
				2E7C033915389D9F00C285FC /* bn_mp_exteuclid.c */,
				2E7C033A15389D9F00C285FC /* bn_mp_fread.c */,
				2E7C033B15389D9F00C285FC /* bn_mp_fwrite.c */,
				2E7C033C15389D9F00C285FC /* bn_mp_gcd.c */,
				2E7C033D15389D9F00C285FC /* bn_mp_get_int.c */,
				2E7C033E15389D9F00C285FC /* bn_mp_grow.c */,
				2E7C033F15389D9F00C285FC /* bn_mp_init_copy.c */,
				2E7C034015389D9F00C285FC /* bn_mp_init_multi.c */,
				2E7C034115389D9F00C285FC /* bn_mp_init_set_int.c */,
				2E7C034215389D9F00C285FC /* bn_mp_init_set.c */,
				2E7C034315389D9F00C285FC /* bn_mp_init_size.c */,
				2E7C034415389D9F00C285FC /* bn_mp_init.c */,
				2E7C034515389D9F00C285FC /* bn_mp_invmod_slow.c */,
				2E7C034615389D9F00C285FC /* bn_mp_invmod.c */,
				2E7C034715389D9F00C285FC /* bn_mp_is_square.c */,
				2E7C034815389D9F00C285FC /* bn_mp_jacobi.c */,
				2E7C034915389D9F00C285FC /* bn_mp_karatsuba_mul.c */,
				2E7C034A15389D9F00C285FC /* bn_mp_karatsuba_sqr.c */,
				2E7C034B15389D9F00C285FC /* bn_mp_lcm.c */,
				2E7C034C15389D9F00C285FC /* bn_mp_lshd.c */,
				2E7C034D15389D9F00C285FC /* bn_mp_mod_2d.c */,
				2E7C034E15389D9F00C285FC /* bn_mp_mod_d.c */,
				2E7C034F15389D9F00C285FC /* bn_mp_mod.c */,
				2E7C035015389D9F00C285FC /* bn_mp_montgomery_calc_normalization.c */,
				2E7C035115389D9F00C285FC /* bn_mp_montgomery_reduce.c */,
				2E7C035215389D9F00C285FC /* bn_mp_montgomery_setup.c */,
				2E7C035315389D9F00C285FC /* bn_mp_mul_2.c */,
				2E7C035415389D9F00C285FC /* bn_mp_mul_2d.c */,
				2E7C035515389D9F00C285FC /* bn_mp_mul_d.c */,
				2E7C035615389D9F00C285FC /* bn_mp_mul.c */,
				2E7C035715389D9F00C285FC /* bn_mp_mulmod.c */,
				2E7C035815389D9F00C285FC /* bn_mp_n_root.c */,
				2E7C035915389D9F00C285FC /* bn_mp_neg.c */,
				2E7C035A15389D9F00C285FC /* bn_mp_or.c */,
				2E7C035B15389D9F00C285FC /* bn_mp_prime_fermat.c */,
				2E7C035C15389D9F00C285FC /* bn_mp_prime_is_divisible.c */,
				2E7C035D15389D9F00C285FC /* bn_mp_prime_is_prime.c */,
				2E7C035E15389D9F00C285FC /* bn_mp_prime_miller_rabin.c */,
				2E7C035F15389D9F00C285FC /* bn_mp_prime_next_prime.c */,
				2E7C036015389D9F00C285FC /* bn_mp_prime_rabin_miller_trials.c */,
				2E7C036115389D9F00C285FC /* bn_mp_prime_random_ex.c */,
				2E7C036215389D9F00C285FC /* bn_mp_radix_size.c */,
				2E7C036315389D9F00C285FC /* bn_mp_radix_smap.c */,
				2E7C036415389D9F00C285FC /* bn_mp_rand.c */,
				2E7C036515389D9F00C285FC /* bn_mp_read_radix.c */,
				2E7C036615389D9F00C285FC /* bn_mp_read_signed_bin.c */,
				2E7C036715389D9F00C285FC /* bn_mp_read_unsigned_bin.c */,
				2E7C036815389D9F00C285FC /* bn_mp_reduce_2k_l.c */,
				2E7C036915389D9F00C285FC /* bn_mp_reduce_2k_setup_l.c */,
				2E7C036A15389D9F00C285FC /* bn_mp_reduce_2k_setup.c */,
				2E7C036B15389D9F00C285FC /* bn_mp_reduce_2k.c */,
				2E7C036C15389D9F00C285FC /* bn_mp_reduce_is_2k_l.c */,
				2E7C036D15389D9F00C285FC /* bn_mp_reduce_is_2k.c */,
				2E7C036E15389D9F00C285FC /* bn_mp_reduce_setup.c */,
				2E7C036F15389D9F00C285FC /* bn_mp_reduce.c */,
				2E7C037015389D9F00C285FC /* bn_mp_rshd.c */,
				2E7C037115389D9F00C285FC /* bn_mp_set_int.c */,
				2E7C037215389D9F00C285FC /* bn_mp_set.c */,
				2E7C037315389D9F00C285FC /* bn_mp_shrink.c */,
				2E7C037415389D9F00C285FC /* bn_mp_signed_bin_size.c */,
				2E7C037515389D9F00C285FC /* bn_mp_sqr.c */,
				2E7C037615389D9F00C285FC /* bn_mp_sqrmod.c */,
				2E7C037715389D9F00C285FC /* bn_mp_sqrt.c */,
				2E7C037815389D9F00C285FC /* bn_mp_sub_d.c */,
				2E7C037915389D9F00C285FC /* bn_mp_sub.c */,
				2E7C037A15389D9F00C285FC /* bn_mp_submod.c */,
				2E7C037B15389D9F00C285FC /* bn_mp_to_signed_bin_n.c */,
				2E7C037C15389D9F00C285FC /* bn_mp_to_signed_bin.c */,
				2E7C037D15389D9F00C285FC /* bn_mp_to_unsigned_bin_n.c */,
				2E7C037E15389D9F00C285FC /* bn_mp_to_unsigned_bin.c */,
				2E7C037F15389D9F00C285FC /* bn_mp_toom_mul.c */,
				2E7C038015389D9F00C285FC /* bn_mp_toom_sqr.c */,
				2E7C038115389D9F00C285FC /* bn_mp_toradix_n.c */,
				2E7C038215389D9F00C285FC /* bn_mp_toradix.c */,
				2E7C038315389D9F00C285FC /* bn_mp_unsigned_bin_size.c */,
				2E7C038415389D9F00C285FC /* bn_mp_xor.c */,
				2E7C038515389D9F00C285FC /* bn_mp_zero.c */,
				2E7C038615389D9F00C285FC /* bn_prime_tab.c */,
				2E7C038715389D9F00C285FC /* bn_reverse.c */,
				2E7C038815389D9F00C285FC /* bn_s_mp_add.c */,
				2E7C038915389D9F00C285FC /* bn_s_mp_exptmod.c */,
				2E7C038A15389D9F00C285FC /* bn_s_mp_mul_digs.c */,
				2E7C038B15389D9F00C285FC /* bn_s_mp_mul_high_digs.c */,
				2E7C038C15389D9F00C285FC /* bn_s_mp_sqr.c */,
				2E7C038D15389D9F00C285FC /* bn_s_mp_sub.c */,
				2E7C038E15389D9F00C285FC /* bncore.c */,
			);
			name = src;
			sourceTree = "<group>";
		};
		2E7C040615389DF000C285FC /* includes */ = {
			isa = PBXGroup;
			children = (
				2E7C040715389DFF00C285FC /* tommath_class.h */,
				2E7C040815389DFF00C285FC /* tommath_superclass.h */,
				2E7C040915389DFF00C285FC /* tommath.h */,
			);
			name = includes;
			sourceTree = "<group>";
		};
/* End PBXGroup section */

/* Begin PBXHeadersBuildPhase section */
		2E2215401551986F004E6CE8 /* Headers */ = {
			isa = PBXHeadersBuildPhase;
			buildActionMask = 2147483647;
			files = (
				2E2215E1155198C1004E6CE8 /* tommath_class.h in Headers */,
				2E2215E2155198C1004E6CE8 /* tommath_superclass.h in Headers */,
				2E2215E3155198C1004E6CE8 /* tommath.h in Headers */,
			);
			runOnlyForDeploymentPostprocessing = 0;
		};
		2E7C030A15389D5200C285FC /* Headers */ = {
			isa = PBXHeadersBuildPhase;
			buildActionMask = 2147483647;
			files = (
				2E7C040A15389DFF00C285FC /* tommath_class.h in Headers */,
				2E7C040B15389DFF00C285FC /* tommath_superclass.h in Headers */,
				2E7C040C15389DFF00C285FC /* tommath.h in Headers */,
			);
			runOnlyForDeploymentPostprocessing = 0;
		};
/* End PBXHeadersBuildPhase section */

/* Begin PBXNativeTarget section */
		2E2215411551986F004E6CE8 /* tommath-IOS */ = {
			isa = PBXNativeTarget;
			buildConfigurationList = 2E2215671551986F004E6CE8 /* Build configuration list for PBXNativeTarget "tommath-IOS" */;
			buildPhases = (
				2E22153E1551986F004E6CE8 /* Sources */,
				2E22153F1551986F004E6CE8 /* Frameworks */,
				2E2215401551986F004E6CE8 /* Headers */,
			);
			buildRules = (
			);
			dependencies = (
			);
			name = "tommath-IOS";
			productName = "tommath-IOS";
			productReference = 2E2215421551986F004E6CE8 /* libtommath-ios.a */;
			productType = "com.apple.product-type.library.static";
		};
		2E7C030B15389D5200C285FC /* tommath */ = {
			isa = PBXNativeTarget;
			buildConfigurationList = 2E7C031015389D5200C285FC /* Build configuration list for PBXNativeTarget "tommath" */;
			buildPhases = (
				2E7C030815389D5200C285FC /* Sources */,
				2E7C030915389D5200C285FC /* Frameworks */,
				2E7C030A15389D5200C285FC /* Headers */,
			);
			buildRules = (
			);
			dependencies = (
			);
			name = tommath;
			productName = tommath;
			productReference = 2E7C030C15389D5200C285FC /* libtommath.a */;
			productType = "com.apple.product-type.library.static";
		};
/* End PBXNativeTarget section */

/* Begin PBXProject section */
		2E7C030315389D5200C285FC /* Project object */ = {
			isa = PBXProject;
			attributes = {
				LastUpgradeCheck = 0450;
			};
			buildConfigurationList = 2E7C030615389D5200C285FC /* Build configuration list for PBXProject "tommath" */;
			compatibilityVersion = "Xcode 3.2";
			developmentRegion = English;
			hasScannedForEncodings = 0;
			knownRegions = (
				en,
			);
			mainGroup = 2E7C030115389D5200C285FC;
			productRefGroup = 2E7C030D15389D5200C285FC /* Products */;
			projectDirPath = "";
			projectRoot = "";
			targets = (
				2E7C030B15389D5200C285FC /* tommath */,
				2E2215411551986F004E6CE8 /* tommath-IOS */,
			);
		};
/* End PBXProject section */

/* Begin PBXSourcesBuildPhase section */
		2E22153E1551986F004E6CE8 /* Sources */ = {
			isa = PBXSourcesBuildPhase;
			buildActionMask = 2147483647;
			files = (
				2E22156A155198B9004E6CE8 /* bn_error.c in Sources */,
				2E22156B155198B9004E6CE8 /* bn_fast_mp_invmod.c in Sources */,
				2E22156C155198B9004E6CE8 /* bn_fast_mp_montgomery_reduce.c in Sources */,
				2E22156D155198B9004E6CE8 /* bn_fast_s_mp_mul_digs.c in Sources */,
				2E22156E155198B9004E6CE8 /* bn_fast_s_mp_mul_high_digs.c in Sources */,
				2E22156F155198B9004E6CE8 /* bn_fast_s_mp_sqr.c in Sources */,
				2E221570155198B9004E6CE8 /* bn_mp_2expt.c in Sources */,
				2E221571155198B9004E6CE8 /* bn_mp_abs.c in Sources */,
				2E221572155198B9004E6CE8 /* bn_mp_add_d.c in Sources */,
				2E221573155198B9004E6CE8 /* bn_mp_add.c in Sources */,
				2E221574155198B9004E6CE8 /* bn_mp_addmod.c in Sources */,
				2E221575155198B9004E6CE8 /* bn_mp_and.c in Sources */,
				2E221576155198B9004E6CE8 /* bn_mp_clamp.c in Sources */,
				2E221577155198B9004E6CE8 /* bn_mp_clear_multi.c in Sources */,
				2E221578155198B9004E6CE8 /* bn_mp_clear.c in Sources */,
				2E221579155198B9004E6CE8 /* bn_mp_cmp_d.c in Sources */,
				2E22157A155198B9004E6CE8 /* bn_mp_cmp_mag.c in Sources */,
				2E22157B155198B9004E6CE8 /* bn_mp_cmp.c in Sources */,
				2E22157C155198B9004E6CE8 /* bn_mp_cnt_lsb.c in Sources */,
				2E22157D155198B9004E6CE8 /* bn_mp_copy.c in Sources */,
				2E22157E155198B9004E6CE8 /* bn_mp_count_bits.c in Sources */,
				2E22157F155198B9004E6CE8 /* bn_mp_div_2.c in Sources */,
				2E221580155198B9004E6CE8 /* bn_mp_div_2d.c in Sources */,
				2E221581155198B9004E6CE8 /* bn_mp_div_3.c in Sources */,
				2E221582155198B9004E6CE8 /* bn_mp_div_d.c in Sources */,
				2E221583155198B9004E6CE8 /* bn_mp_div.c in Sources */,
				2E221584155198B9004E6CE8 /* bn_mp_dr_is_modulus.c in Sources */,
				2E221585155198B9004E6CE8 /* bn_mp_dr_reduce.c in Sources */,
				2E221586155198B9004E6CE8 /* bn_mp_dr_setup.c in Sources */,
				2E221587155198B9004E6CE8 /* bn_mp_exch.c in Sources */,
				2E221588155198B9004E6CE8 /* bn_mp_expt_d.c in Sources */,
				2E221589155198B9004E6CE8 /* bn_mp_exptmod_fast.c in Sources */,
				2E22158A155198B9004E6CE8 /* bn_mp_exptmod.c in Sources */,
				2E22158B155198B9004E6CE8 /* bn_mp_exteuclid.c in Sources */,
				2E22158C155198B9004E6CE8 /* bn_mp_fread.c in Sources */,
				2E22158D155198B9004E6CE8 /* bn_mp_fwrite.c in Sources */,
				2E22158E155198B9004E6CE8 /* bn_mp_gcd.c in Sources */,
				2E22158F155198B9004E6CE8 /* bn_mp_get_int.c in Sources */,
				2E221590155198B9004E6CE8 /* bn_mp_grow.c in Sources */,
				2E221591155198B9004E6CE8 /* bn_mp_init_copy.c in Sources */,
				2E221592155198B9004E6CE8 /* bn_mp_init_multi.c in Sources */,
				2E221593155198B9004E6CE8 /* bn_mp_init_set_int.c in Sources */,
				2E221594155198B9004E6CE8 /* bn_mp_init_set.c in Sources */,
				2E221595155198B9004E6CE8 /* bn_mp_init_size.c in Sources */,
				2E221596155198B9004E6CE8 /* bn_mp_init.c in Sources */,
				2E221597155198B9004E6CE8 /* bn_mp_invmod_slow.c in Sources */,
				2E221598155198B9004E6CE8 /* bn_mp_invmod.c in Sources */,
				2E221599155198B9004E6CE8 /* bn_mp_is_square.c in Sources */,
				2E22159A155198B9004E6CE8 /* bn_mp_jacobi.c in Sources */,
				2E22159B155198B9004E6CE8 /* bn_mp_karatsuba_mul.c in Sources */,
				2E22159C155198B9004E6CE8 /* bn_mp_karatsuba_sqr.c in Sources */,
				2E22159D155198B9004E6CE8 /* bn_mp_lcm.c in Sources */,
				2E22159E155198B9004E6CE8 /* bn_mp_lshd.c in Sources */,
				2E22159F155198B9004E6CE8 /* bn_mp_mod_2d.c in Sources */,
				2E2215A0155198B9004E6CE8 /* bn_mp_mod_d.c in Sources */,
				2E2215A1155198B9004E6CE8 /* bn_mp_mod.c in Sources */,
				2E2215A2155198B9004E6CE8 /* bn_mp_montgomery_calc_normalization.c in Sources */,
				2E2215A3155198B9004E6CE8 /* bn_mp_montgomery_reduce.c in Sources */,
				2E2215A4155198B9004E6CE8 /* bn_mp_montgomery_setup.c in Sources */,
				2E2215A5155198B9004E6CE8 /* bn_mp_mul_2.c in Sources */,
				2E2215A6155198B9004E6CE8 /* bn_mp_mul_2d.c in Sources */,
				2E2215A7155198B9004E6CE8 /* bn_mp_mul_d.c in Sources */,
				2E2215A8155198B9004E6CE8 /* bn_mp_mul.c in Sources */,
				2E2215A9155198B9004E6CE8 /* bn_mp_mulmod.c in Sources */,
				2E2215AA155198B9004E6CE8 /* bn_mp_n_root.c in Sources */,
				2E2215AB155198B9004E6CE8 /* bn_mp_neg.c in Sources */,
				2E2215AC155198B9004E6CE8 /* bn_mp_or.c in Sources */,
				2E2215AD155198B9004E6CE8 /* bn_mp_prime_fermat.c in Sources */,
				2E2215AE155198B9004E6CE8 /* bn_mp_prime_is_divisible.c in Sources */,
				2E2215AF155198B9004E6CE8 /* bn_mp_prime_is_prime.c in Sources */,
				2E2215B0155198B9004E6CE8 /* bn_mp_prime_miller_rabin.c in Sources */,
				2E2215B1155198B9004E6CE8 /* bn_mp_prime_next_prime.c in Sources */,
				2E2215B2155198B9004E6CE8 /* bn_mp_prime_rabin_miller_trials.c in Sources */,
				2E2215B3155198B9004E6CE8 /* bn_mp_prime_random_ex.c in Sources */,
				2E2215B4155198B9004E6CE8 /* bn_mp_radix_size.c in Sources */,
				2E2215B5155198B9004E6CE8 /* bn_mp_radix_smap.c in Sources */,
				2E2215B6155198B9004E6CE8 /* bn_mp_rand.c in Sources */,
				2E2215B7155198B9004E6CE8 /* bn_mp_read_radix.c in Sources */,
				2E2215B8155198B9004E6CE8 /* bn_mp_read_signed_bin.c in Sources */,
				2E2215B9155198B9004E6CE8 /* bn_mp_read_unsigned_bin.c in Sources */,
				2E2215BA155198B9004E6CE8 /* bn_mp_reduce_2k_l.c in Sources */,
				2E2215BB155198B9004E6CE8 /* bn_mp_reduce_2k_setup_l.c in Sources */,
				2E2215BC155198B9004E6CE8 /* bn_mp_reduce_2k_setup.c in Sources */,
				2E2215BD155198B9004E6CE8 /* bn_mp_reduce_2k.c in Sources */,
				2E2215BE155198B9004E6CE8 /* bn_mp_reduce_is_2k_l.c in Sources */,
				2E2215BF155198B9004E6CE8 /* bn_mp_reduce_is_2k.c in Sources */,
				2E2215C0155198B9004E6CE8 /* bn_mp_reduce_setup.c in Sources */,
				2E2215C1155198B9004E6CE8 /* bn_mp_reduce.c in Sources */,
				2E2215C2155198B9004E6CE8 /* bn_mp_rshd.c in Sources */,
				2E2215C3155198B9004E6CE8 /* bn_mp_set_int.c in Sources */,
				2E2215C4155198B9004E6CE8 /* bn_mp_set.c in Sources */,
				2E2215C5155198B9004E6CE8 /* bn_mp_shrink.c in Sources */,
				2E2215C6155198B9004E6CE8 /* bn_mp_signed_bin_size.c in Sources */,
				2E2215C7155198B9004E6CE8 /* bn_mp_sqr.c in Sources */,
				2E2215C8155198B9004E6CE8 /* bn_mp_sqrmod.c in Sources */,
				2E2215C9155198B9004E6CE8 /* bn_mp_sqrt.c in Sources */,
				2E2215CA155198B9004E6CE8 /* bn_mp_sub_d.c in Sources */,
				2E2215CB155198B9004E6CE8 /* bn_mp_sub.c in Sources */,
				2E2215CC155198B9004E6CE8 /* bn_mp_submod.c in Sources */,
				2E2215CD155198B9004E6CE8 /* bn_mp_to_signed_bin_n.c in Sources */,
				2E2215CE155198B9004E6CE8 /* bn_mp_to_signed_bin.c in Sources */,
				2E2215CF155198B9004E6CE8 /* bn_mp_to_unsigned_bin_n.c in Sources */,
				2E2215D0155198B9004E6CE8 /* bn_mp_to_unsigned_bin.c in Sources */,
				2E2215D1155198B9004E6CE8 /* bn_mp_toom_mul.c in Sources */,
				2E2215D2155198B9004E6CE8 /* bn_mp_toom_sqr.c in Sources */,
				2E2215D3155198B9004E6CE8 /* bn_mp_toradix_n.c in Sources */,
				2E2215D4155198B9004E6CE8 /* bn_mp_toradix.c in Sources */,
				2E2215D5155198B9004E6CE8 /* bn_mp_unsigned_bin_size.c in Sources */,
				2E2215D6155198B9004E6CE8 /* bn_mp_xor.c in Sources */,
				2E2215D7155198B9004E6CE8 /* bn_mp_zero.c in Sources */,
				2E2215D8155198B9004E6CE8 /* bn_prime_tab.c in Sources */,
				2E2215D9155198B9004E6CE8 /* bn_reverse.c in Sources */,
				2E2215DA155198B9004E6CE8 /* bn_s_mp_add.c in Sources */,
				2E2215DB155198B9004E6CE8 /* bn_s_mp_exptmod.c in Sources */,
				2E2215DC155198B9004E6CE8 /* bn_s_mp_mul_digs.c in Sources */,
				2E2215DD155198B9004E6CE8 /* bn_s_mp_mul_high_digs.c in Sources */,
				2E2215DE155198B9004E6CE8 /* bn_s_mp_sqr.c in Sources */,
				2E2215DF155198B9004E6CE8 /* bn_s_mp_sub.c in Sources */,
				2E2215E0155198B9004E6CE8 /* bncore.c in Sources */,
			);
			runOnlyForDeploymentPostprocessing = 0;
		};
		2E7C030815389D5200C285FC /* Sources */ = {
			isa = PBXSourcesBuildPhase;
			buildActionMask = 2147483647;
			files = (
				2ECB29681538E0ED00387816 /* bn_error.c in Sources */,
				2ECB29691538E0ED00387816 /* bn_fast_mp_invmod.c in Sources */,
				2ECB296A1538E0ED00387816 /* bn_fast_mp_montgomery_reduce.c in Sources */,
				2ECB296B1538E0ED00387816 /* bn_fast_s_mp_mul_digs.c in Sources */,
				2ECB296C1538E0ED00387816 /* bn_fast_s_mp_mul_high_digs.c in Sources */,
				2ECB296D1538E0ED00387816 /* bn_fast_s_mp_sqr.c in Sources */,
				2ECB296E1538E0ED00387816 /* bn_mp_2expt.c in Sources */,
				2ECB296F1538E0ED00387816 /* bn_mp_abs.c in Sources */,
				2ECB29701538E0ED00387816 /* bn_mp_add_d.c in Sources */,
				2ECB29711538E0ED00387816 /* bn_mp_add.c in Sources */,
				2ECB29721538E0ED00387816 /* bn_mp_addmod.c in Sources */,
				2ECB29731538E0ED00387816 /* bn_mp_and.c in Sources */,
				2ECB29741538E0ED00387816 /* bn_mp_clamp.c in Sources */,
				2ECB29751538E0ED00387816 /* bn_mp_clear_multi.c in Sources */,
				2ECB29761538E0ED00387816 /* bn_mp_clear.c in Sources */,
				2ECB29771538E0ED00387816 /* bn_mp_cmp_d.c in Sources */,
				2ECB29781538E0ED00387816 /* bn_mp_cmp_mag.c in Sources */,
				2ECB29791538E0ED00387816 /* bn_mp_cmp.c in Sources */,
				2ECB297A1538E0ED00387816 /* bn_mp_cnt_lsb.c in Sources */,
				2ECB297B1538E0ED00387816 /* bn_mp_copy.c in Sources */,
				2ECB297C1538E0ED00387816 /* bn_mp_count_bits.c in Sources */,
				2ECB297D1538E0ED00387816 /* bn_mp_div_2.c in Sources */,
				2ECB297E1538E0ED00387816 /* bn_mp_div_2d.c in Sources */,
				2ECB297F1538E0ED00387816 /* bn_mp_div_3.c in Sources */,
				2ECB29801538E0ED00387816 /* bn_mp_div_d.c in Sources */,
				2ECB29811538E0ED00387816 /* bn_mp_div.c in Sources */,
				2ECB29821538E0ED00387816 /* bn_mp_dr_is_modulus.c in Sources */,
				2ECB29831538E0ED00387816 /* bn_mp_dr_reduce.c in Sources */,
				2ECB29841538E0ED00387816 /* bn_mp_dr_setup.c in Sources */,
				2ECB29851538E0ED00387816 /* bn_mp_exch.c in Sources */,
				2ECB29861538E0ED00387816 /* bn_mp_expt_d.c in Sources */,
				2ECB29871538E0ED00387816 /* bn_mp_exptmod_fast.c in Sources */,
				2ECB29881538E0ED00387816 /* bn_mp_exptmod.c in Sources */,
				2ECB29891538E0ED00387816 /* bn_mp_exteuclid.c in Sources */,
				2ECB298A1538E0ED00387816 /* bn_mp_fread.c in Sources */,
				2ECB298B1538E0ED00387816 /* bn_mp_fwrite.c in Sources */,
				2ECB298C1538E0ED00387816 /* bn_mp_gcd.c in Sources */,
				2ECB298D1538E0ED00387816 /* bn_mp_get_int.c in Sources */,
				2ECB298E1538E0ED00387816 /* bn_mp_grow.c in Sources */,
				2ECB298F1538E0ED00387816 /* bn_mp_init_copy.c in Sources */,
				2ECB29901538E0ED00387816 /* bn_mp_init_multi.c in Sources */,
				2ECB29911538E0ED00387816 /* bn_mp_init_set_int.c in Sources */,
				2ECB29921538E0ED00387816 /* bn_mp_init_set.c in Sources */,
				2ECB29931538E0ED00387816 /* bn_mp_init_size.c in Sources */,
				2ECB29941538E0ED00387816 /* bn_mp_init.c in Sources */,
				2ECB29951538E0ED00387816 /* bn_mp_invmod_slow.c in Sources */,
				2ECB29961538E0ED00387816 /* bn_mp_invmod.c in Sources */,
				2ECB29971538E0ED00387816 /* bn_mp_is_square.c in Sources */,
				2ECB29981538E0ED00387816 /* bn_mp_jacobi.c in Sources */,
				2ECB29991538E0ED00387816 /* bn_mp_karatsuba_mul.c in Sources */,
				2ECB299A1538E0ED00387816 /* bn_mp_karatsuba_sqr.c in Sources */,
				2ECB299B1538E0ED00387816 /* bn_mp_lcm.c in Sources */,
				2ECB299C1538E0ED00387816 /* bn_mp_lshd.c in Sources */,
				2ECB299D1538E0ED00387816 /* bn_mp_mod_2d.c in Sources */,
				2ECB299E1538E0ED00387816 /* bn_mp_mod_d.c in Sources */,
				2ECB299F1538E0ED00387816 /* bn_mp_mod.c in Sources */,
				2ECB29A01538E0ED00387816 /* bn_mp_montgomery_calc_normalization.c in Sources */,
				2ECB29A11538E0ED00387816 /* bn_mp_montgomery_reduce.c in Sources */,
				2ECB29A21538E0ED00387816 /* bn_mp_montgomery_setup.c in Sources */,
				2ECB29A31538E0ED00387816 /* bn_mp_mul_2.c in Sources */,
				2ECB29A41538E0ED00387816 /* bn_mp_mul_2d.c in Sources */,
				2ECB29A51538E0ED00387816 /* bn_mp_mul_d.c in Sources */,
				2ECB29A61538E0ED00387816 /* bn_mp_mul.c in Sources */,
				2ECB29A71538E0ED00387816 /* bn_mp_mulmod.c in Sources */,
				2ECB29A81538E0ED00387816 /* bn_mp_n_root.c in Sources */,
				2ECB29A91538E0ED00387816 /* bn_mp_neg.c in Sources */,
				2ECB29AA1538E0ED00387816 /* bn_mp_or.c in Sources */,
				2ECB29AB1538E0ED00387816 /* bn_mp_prime_fermat.c in Sources */,
				2ECB29AC1538E0ED00387816 /* bn_mp_prime_is_divisible.c in Sources */,
				2ECB29AD1538E0ED00387816 /* bn_mp_prime_is_prime.c in Sources */,
				2ECB29AE1538E0ED00387816 /* bn_mp_prime_miller_rabin.c in Sources */,
				2ECB29AF1538E0ED00387816 /* bn_mp_prime_next_prime.c in Sources */,
				2ECB29B01538E0ED00387816 /* bn_mp_prime_rabin_miller_trials.c in Sources */,
				2ECB29B11538E0ED00387816 /* bn_mp_prime_random_ex.c in Sources */,
				2ECB29B21538E0ED00387816 /* bn_mp_radix_size.c in Sources */,
				2ECB29B31538E0ED00387816 /* bn_mp_radix_smap.c in Sources */,
				2ECB29B41538E0ED00387816 /* bn_mp_rand.c in Sources */,
				2ECB29B51538E0ED00387816 /* bn_mp_read_radix.c in Sources */,
				2ECB29B61538E0ED00387816 /* bn_mp_read_signed_bin.c in Sources */,
				2ECB29B71538E0ED00387816 /* bn_mp_read_unsigned_bin.c in Sources */,
				2ECB29B81538E0ED00387816 /* bn_mp_reduce_2k_l.c in Sources */,
				2ECB29B91538E0ED00387816 /* bn_mp_reduce_2k_setup_l.c in Sources */,
				2ECB29BA1538E0ED00387816 /* bn_mp_reduce_2k_setup.c in Sources */,
				2ECB29BB1538E0ED00387816 /* bn_mp_reduce_2k.c in Sources */,
				2ECB29BC1538E0ED00387816 /* bn_mp_reduce_is_2k_l.c in Sources */,
				2ECB29BD1538E0ED00387816 /* bn_mp_reduce_is_2k.c in Sources */,
				2ECB29BE1538E0ED00387816 /* bn_mp_reduce_setup.c in Sources */,
				2ECB29BF1538E0ED00387816 /* bn_mp_reduce.c in Sources */,
				2ECB29C01538E0ED00387816 /* bn_mp_rshd.c in Sources */,
				2ECB29C11538E0ED00387816 /* bn_mp_set_int.c in Sources */,
				2ECB29C21538E0ED00387816 /* bn_mp_set.c in Sources */,
				2ECB29C31538E0ED00387816 /* bn_mp_shrink.c in Sources */,
				2ECB29C41538E0ED00387816 /* bn_mp_signed_bin_size.c in Sources */,
				2ECB29C51538E0ED00387816 /* bn_mp_sqr.c in Sources */,
				2ECB29C61538E0ED00387816 /* bn_mp_sqrmod.c in Sources */,
				2ECB29C71538E0ED00387816 /* bn_mp_sqrt.c in Sources */,
				2ECB29C81538E0ED00387816 /* bn_mp_sub_d.c in Sources */,
				2ECB29C91538E0ED00387816 /* bn_mp_sub.c in Sources */,
				2ECB29CA1538E0ED00387816 /* bn_mp_submod.c in Sources */,
				2ECB29CB1538E0ED00387816 /* bn_mp_to_signed_bin_n.c in Sources */,
				2ECB29CC1538E0ED00387816 /* bn_mp_to_signed_bin.c in Sources */,
				2ECB29CD1538E0ED00387816 /* bn_mp_to_unsigned_bin_n.c in Sources */,
				2ECB29CE1538E0ED00387816 /* bn_mp_to_unsigned_bin.c in Sources */,
				2ECB29CF1538E0ED00387816 /* bn_mp_toom_mul.c in Sources */,
				2ECB29D01538E0ED00387816 /* bn_mp_toom_sqr.c in Sources */,
				2ECB29D11538E0ED00387816 /* bn_mp_toradix_n.c in Sources */,
				2ECB29D21538E0ED00387816 /* bn_mp_toradix.c in Sources */,
				2ECB29D31538E0ED00387816 /* bn_mp_unsigned_bin_size.c in Sources */,
				2ECB29D41538E0ED00387816 /* bn_mp_xor.c in Sources */,
				2ECB29D51538E0ED00387816 /* bn_mp_zero.c in Sources */,
				2ECB29D61538E0ED00387816 /* bn_prime_tab.c in Sources */,
				2ECB29D71538E0ED00387816 /* bn_reverse.c in Sources */,
				2ECB29D81538E0ED00387816 /* bn_s_mp_add.c in Sources */,
				2ECB29D91538E0ED00387816 /* bn_s_mp_exptmod.c in Sources */,
				2ECB29DA1538E0ED00387816 /* bn_s_mp_mul_digs.c in Sources */,
				2ECB29DB1538E0ED00387816 /* bn_s_mp_mul_high_digs.c in Sources */,
				2ECB29DC1538E0ED00387816 /* bn_s_mp_sqr.c in Sources */,
				2ECB29DD1538E0ED00387816 /* bn_s_mp_sub.c in Sources */,
				2ECB29DE1538E0ED00387816 /* bncore.c in Sources */,
			);
			runOnlyForDeploymentPostprocessing = 0;
		};
/* End PBXSourcesBuildPhase section */

/* Begin XCBuildConfiguration section */
		2E2215631551986F004E6CE8 /* Debug */ = {
			isa = XCBuildConfiguration;
			buildSettings = {
				ARCHS = "$(ARCHS_STANDARD_32_BIT)";
				DSTROOT = /tmp/tommath_IOS.dst;
				GCC_PRECOMPILE_PREFIX_HEADER = NO;
				IPHONEOS_DEPLOYMENT_TARGET = 5.1;
				ONLY_ACTIVE_ARCH = NO;
				OTHER_LDFLAGS = "-ObjC";
				PRODUCT_NAME = "tommath-ios";
				PUBLIC_HEADERS_FOLDER_PATH = ../../Headers;
				SC_HEADERS = "$(SC_BASE)Headers";
				SDKROOT = iphoneos;
				SKIP_INSTALL = YES;
				SYMROOT = "$(SC_BASE)/build/ios";
			};
			name = Debug;
		};
		2E2215641551986F004E6CE8 /* Release */ = {
			isa = XCBuildConfiguration;
			buildSettings = {
				ARCHS = "$(ARCHS_STANDARD_32_BIT)";
				DSTROOT = /tmp/tommath_IOS.dst;
				GCC_PRECOMPILE_PREFIX_HEADER = NO;
				IPHONEOS_DEPLOYMENT_TARGET = 5.1;
				ONLY_ACTIVE_ARCH = NO;
				OTHER_LDFLAGS = "-ObjC";
				PRODUCT_NAME = "tommath-ios";
				PUBLIC_HEADERS_FOLDER_PATH = ../../Headers;
				SC_HEADERS = "$(SC_BASE)Headers";
				SDKROOT = iphoneos;
				SKIP_INSTALL = YES;
				SYMROOT = "$(SC_BASE)/build/ios";
				VALIDATE_PRODUCT = YES;
			};
			name = Release;
		};
		2E7C030E15389D5200C285FC /* Debug */ = {
			isa = XCBuildConfiguration;
			buildSettings = {
				ALWAYS_SEARCH_USER_PATHS = NO;
				ARCHS = "$(ARCHS_STANDARD_64_BIT)";
				COMBINE_HIDPI_IMAGES = YES;
				COPY_PHASE_STRIP = NO;
				GCC_C_LANGUAGE_STANDARD = gnu99;
				GCC_DYNAMIC_NO_PIC = NO;
				GCC_ENABLE_OBJC_EXCEPTIONS = YES;
				GCC_OPTIMIZATION_LEVEL = 0;
				GCC_PREPROCESSOR_DEFINITIONS = (
					"DEBUG=1",
					"$(inherited)",
				);
				GCC_SYMBOLS_PRIVATE_EXTERN = NO;
				GCC_VERSION = com.apple.compilers.llvm.clang.1_0;
				GCC_WARN_64_TO_32_BIT_CONVERSION = YES;
				GCC_WARN_ABOUT_RETURN_TYPE = YES;
				GCC_WARN_UNINITIALIZED_AUTOS = YES;
				GCC_WARN_UNUSED_VARIABLE = YES;
				MACOSX_DEPLOYMENT_TARGET = 10.7;
				ONLY_ACTIVE_ARCH = YES;
				PUBLIC_HEADERS_FOLDER_PATH = ../Headers;
				SC_BASE = ../../;
				SDKROOT = macosx;
				SYMROOT = "$(SC_BASE)/build/osx";
			};
			name = Debug;
		};
		2E7C030F15389D5200C285FC /* Release */ = {
			isa = XCBuildConfiguration;
			buildSettings = {
				ALWAYS_SEARCH_USER_PATHS = NO;
				ARCHS = "$(ARCHS_STANDARD_64_BIT)";
				COMBINE_HIDPI_IMAGES = YES;
				COPY_PHASE_STRIP = YES;
				DEBUG_INFORMATION_FORMAT = "dwarf-with-dsym";
				GCC_C_LANGUAGE_STANDARD = gnu99;
				GCC_ENABLE_OBJC_EXCEPTIONS = YES;
				GCC_VERSION = com.apple.compilers.llvm.clang.1_0;
				GCC_WARN_64_TO_32_BIT_CONVERSION = YES;
				GCC_WARN_ABOUT_RETURN_TYPE = YES;
				GCC_WARN_UNINITIALIZED_AUTOS = YES;
				GCC_WARN_UNUSED_VARIABLE = YES;
				MACOSX_DEPLOYMENT_TARGET = 10.7;
				PUBLIC_HEADERS_FOLDER_PATH = ../Headers;
				SC_BASE = ../../;
				SDKROOT = macosx;
				SYMROOT = "$(SC_BASE)/build/osx";
			};
			name = Release;
		};
		2E7C031115389D5200C285FC /* Debug */ = {
			isa = XCBuildConfiguration;
			buildSettings = {
				ALWAYS_SEARCH_USER_PATHS = YES;
				EXECUTABLE_PREFIX = lib;
				GCC_VERSION = "";
				MACOSX_DEPLOYMENT_TARGET = "";
				PRODUCT_NAME = "$(TARGET_NAME)";
				PUBLIC_HEADERS_FOLDER_PATH = ../../Headers;
				SC_HEADERS = "$(SC_BASE)Headers";
			};
			name = Debug;
		};
		2E7C031215389D5200C285FC /* Release */ = {
			isa = XCBuildConfiguration;
			buildSettings = {
				ALWAYS_SEARCH_USER_PATHS = YES;
				EXECUTABLE_PREFIX = lib;
				GCC_VERSION = "";
				MACOSX_DEPLOYMENT_TARGET = "";
				PRODUCT_NAME = "$(TARGET_NAME)";
				PUBLIC_HEADERS_FOLDER_PATH = ../../Headers;
				SC_HEADERS = "$(SC_BASE)Headers";
			};
			name = Release;
		};
/* End XCBuildConfiguration section */

/* Begin XCConfigurationList section */
		2E2215671551986F004E6CE8 /* Build configuration list for PBXNativeTarget "tommath-IOS" */ = {
			isa = XCConfigurationList;
			buildConfigurations = (
				2E2215631551986F004E6CE8 /* Debug */,
				2E2215641551986F004E6CE8 /* Release */,
			);
			defaultConfigurationIsVisible = 0;
			defaultConfigurationName = Release;
		};
		2E7C030615389D5200C285FC /* Build configuration list for PBXProject "tommath" */ = {
			isa = XCConfigurationList;
			buildConfigurations = (
				2E7C030E15389D5200C285FC /* Debug */,
				2E7C030F15389D5200C285FC /* Release */,
			);
			defaultConfigurationIsVisible = 0;
			defaultConfigurationName = Release;
		};
		2E7C031015389D5200C285FC /* Build configuration list for PBXNativeTarget "tommath" */ = {
			isa = XCConfigurationList;
			buildConfigurations = (
				2E7C031115389D5200C285FC /* Debug */,
				2E7C031215389D5200C285FC /* Release */,
			);
			defaultConfigurationIsVisible = 0;
			defaultConfigurationName = Release;
		};
/* End XCConfigurationList section */
	};
	rootObject = 2E7C030315389D5200C285FC /* Project object */;
}
