// !$*UTF8*$!
{
	archiveVersion = 1;
	classes = {
	};
	objectVersion = 46;
	objects = {

/* Begin PBXBuildFile section */
		2E0B5A801538A5BC00870C9E /* CipherTest.c in Sources */ = {isa = PBXBuildFile; fileRef = 2E0B5A791538A5BC00870C9E /* CipherTest.c */; };
		2E0B5A811538A5BC00870C9E /* CovergentEncrypt.c in Sources */ = {isa = PBXBuildFile; fileRef = 2E0B5A7A1538A5BC00870C9E /* CovergentEncrypt.c */; };
		2E0B5A821538A5BC00870C9E /* HASHtest.c in Sources */ = {isa = PBXBuildFile; fileRef = 2E0B5A7B1538A5BC00870C9E /* HASHtest.c */; };
		2E0B5A831538A5BC00870C9E /* HMACtest.c in Sources */ = {isa = PBXBuildFile; fileRef = 2E0B5A7C1538A5BC00870C9E /* HMACtest.c */; };
		2E0B5A851538A5BC00870C9E /* PKtest.c in Sources */ = {isa = PBXBuildFile; fileRef = 2E0B5A7F1538A5BC00870C9E /* PKtest.c */; };
		2E255914154F240700280719 /* tomcryptwrappers.c in Sources */ = {isa = PBXBuildFile; fileRef = 2E255913154F240700280719 /* tomcryptwrappers.c */; };
		2E25BCDD1551BF370074DAB1 /* tomcryptwrappers.c in Sources */ = {isa = PBXBuildFile; fileRef = 2E255913154F240700280719 /* tomcryptwrappers.c */; };
		2E25BCDE1551BF370074DAB1 /* CipherTest.c in Sources */ = {isa = PBXBuildFile; fileRef = 2E0B5A791538A5BC00870C9E /* CipherTest.c */; };
		2E25BCDF1551BF370074DAB1 /* CovergentEncrypt.c in Sources */ = {isa = PBXBuildFile; fileRef = 2E0B5A7A1538A5BC00870C9E /* CovergentEncrypt.c */; };
		2E25BCE01551BF370074DAB1 /* HASHtest.c in Sources */ = {isa = PBXBuildFile; fileRef = 2E0B5A7B1538A5BC00870C9E /* HASHtest.c */; };
		2E25BCE11551BF370074DAB1 /* HMACtest.c in Sources */ = {isa = PBXBuildFile; fileRef = 2E0B5A7C1538A5BC00870C9E /* HMACtest.c */; };
		2E25BCE31551BF370074DAB1 /* dh.c in Sources */ = {isa = PBXBuildFile; fileRef = 2EF6B1BF153F6A3E00B35CBE /* dh.c */; };
		2E25BCE41551BF370074DAB1 /* PKtest.c in Sources */ = {isa = PBXBuildFile; fileRef = 2E0B5A7F1538A5BC00870C9E /* PKtest.c */; };
		2E425C601590DC7100B0BCC2 /* SCgcm.c in Sources */ = {isa = PBXBuildFile; fileRef = 2E425C5F1590DC7100B0BCC2 /* SCgcm.c */; };
		2E425C611590DC7100B0BCC2 /* SCgcm.c in Sources */ = {isa = PBXBuildFile; fileRef = 2E425C5F1590DC7100B0BCC2 /* SCgcm.c */; };
		2E425C631590DC7600B0BCC2 /* SCccm.c in Sources */ = {isa = PBXBuildFile; fileRef = 2E425C621590DC7600B0BCC2 /* SCccm.c */; };
		2E425C641590DC7600B0BCC2 /* SCccm.c in Sources */ = {isa = PBXBuildFile; fileRef = 2E425C621590DC7600B0BCC2 /* SCccm.c */; };
		2E425C661590DCC800B0BCC2 /* CCMTest.c in Sources */ = {isa = PBXBuildFile; fileRef = 2E425C651590DCC800B0BCC2 /* CCMTest.c */; };
		2E425C671590DCC800B0BCC2 /* CCMTest.c in Sources */ = {isa = PBXBuildFile; fileRef = 2E425C651590DCC800B0BCC2 /* CCMTest.c */; };
		2E438BEB157D445E0097E74B /* GCMTest.c in Sources */ = {isa = PBXBuildFile; fileRef = 2EE639C31565A65100AC2B6A /* GCMTest.c */; };
		2E438BEC157D445F0097E74B /* GCMTest.c in Sources */ = {isa = PBXBuildFile; fileRef = 2EE639C31565A65100AC2B6A /* GCMTest.c */; };
		2E822C0915A760E0000E1498 /* KDFtest.m in Sources */ = {isa = PBXBuildFile; fileRef = 2E822C0815A760E0000E1498 /* KDFtest.m */; };
		2E822C0A15A760E0000E1498 /* KDFtest.m in Sources */ = {isa = PBXBuildFile; fileRef = 2E822C0815A760E0000E1498 /* KDFtest.m */; };
		2EB336541551AE7E0094DCBA /* UIKit.framework in Frameworks */ = {isa = PBXBuildFile; fileRef = 2EB336531551AE7E0094DCBA /* UIKit.framework */; };
		2EB336561551AE7E0094DCBA /* Foundation.framework in Frameworks */ = {isa = PBXBuildFile; fileRef = 2EB336551551AE7E0094DCBA /* Foundation.framework */; };
		2EB336581551AE7E0094DCBA /* CoreGraphics.framework in Frameworks */ = {isa = PBXBuildFile; fileRef = 2EB336571551AE7E0094DCBA /* CoreGraphics.framework */; };
		2EB3365E1551AE7E0094DCBA /* InfoPlist.strings in Resources */ = {isa = PBXBuildFile; fileRef = 2EB3365C1551AE7E0094DCBA /* InfoPlist.strings */; };
		2EB336601551AE7E0094DCBA /* main.m in Sources */ = {isa = PBXBuildFile; fileRef = 2EB3365F1551AE7E0094DCBA /* main.m */; };
		2EB336641551AE7E0094DCBA /* AppDelegate.m in Sources */ = {isa = PBXBuildFile; fileRef = 2EB336631551AE7E0094DCBA /* AppDelegate.m */; };
		2EB336671551AE7E0094DCBA /* ViewController.m in Sources */ = {isa = PBXBuildFile; fileRef = 2EB336661551AE7E0094DCBA /* ViewController.m */; };
		2EB3366A1551AE7E0094DCBA /* ViewController_iPhone.xib in Resources */ = {isa = PBXBuildFile; fileRef = 2EB336681551AE7E0094DCBA /* ViewController_iPhone.xib */; };
		2EB3366D1551AE7E0094DCBA /* ViewController_iPad.xib in Resources */ = {isa = PBXBuildFile; fileRef = 2EB3366B1551AE7E0094DCBA /* ViewController_iPad.xib */; };
		2EB6931F1582A18100E8215F /* sc_test_57.png in Resources */ = {isa = PBXBuildFile; fileRef = 2EB6931D1582A18100E8215F /* sc_test_57.png */; };
		2EB693201582A18100E8215F /* sc_test_114.png in Resources */ = {isa = PBXBuildFile; fileRef = 2EB6931E1582A18100E8215F /* sc_test_114.png */; };
		2ECD39CC159A681200691A9D /* libtomcrypt.a in Frameworks */ = {isa = PBXBuildFile; fileRef = 2ECD39C5159A67FB00691A9D /* libtomcrypt.a */; };
		2ECD39CD159A681600691A9D /* libtommath.a in Frameworks */ = {isa = PBXBuildFile; fileRef = 2ECD39B9159A67F400691A9D /* libtommath.a */; };
		2ECD39D2159A685000691A9D /* libtomcrypt-ios.a in Frameworks */ = {isa = PBXBuildFile; fileRef = 2ECD39C7159A67FB00691A9D /* libtomcrypt-ios.a */; };
		2ECD39D3159A685500691A9D /* libtommath-ios.a in Frameworks */ = {isa = PBXBuildFile; fileRef = 2ECD39BB159A67F400691A9D /* libtommath-ios.a */; };
		2EE639C61565A66C00AC2B6A /* optestutils.c in Sources */ = {isa = PBXBuildFile; fileRef = 2EE639C51565A66C00AC2B6A /* optestutils.c */; };
		2EE639C71565A66C00AC2B6A /* optestutils.c in Sources */ = {isa = PBXBuildFile; fileRef = 2EE639C51565A66C00AC2B6A /* optestutils.c */; };
		2EE639CB1565A67800AC2B6A /* optest.c in Sources */ = {isa = PBXBuildFile; fileRef = 2EE639CA1565A67800AC2B6A /* optest.c */; };
		2EE639CC1565A67800AC2B6A /* optest.c in Sources */ = {isa = PBXBuildFile; fileRef = 2EE639CA1565A67800AC2B6A /* optest.c */; };
		2EF6B1C0153F6A3E00B35CBE /* dh.c in Sources */ = {isa = PBXBuildFile; fileRef = 2EF6B1BF153F6A3E00B35CBE /* dh.c */; };
/* End PBXBuildFile section */

/* Begin PBXContainerItemProxy section */
		2ECD39B8159A67F400691A9D /* PBXContainerItemProxy */ = {
			isa = PBXContainerItemProxy;
			containerPortal = 2E0B5A981538A62E00870C9E /* tommath.xcodeproj */;
			proxyType = 2;
			remoteGlobalIDString = 2E7C030C15389D5200C285FC;
			remoteInfo = tommath;
		};
		2ECD39BA159A67F400691A9D /* PBXContainerItemProxy */ = {
			isa = PBXContainerItemProxy;
			containerPortal = 2E0B5A981538A62E00870C9E /* tommath.xcodeproj */;
			proxyType = 2;
			remoteGlobalIDString = 2E2215421551986F004E6CE8;
			remoteInfo = "tommath-IOS";
		};
		2ECD39C4159A67FB00691A9D /* PBXContainerItemProxy */ = {
			isa = PBXContainerItemProxy;
			containerPortal = 2E0B5A8D1538A60200870C9E /* tomcrypt.xcodeproj */;
			proxyType = 2;
			remoteGlobalIDString = 2E7C041815389F7A00C285FC;
			remoteInfo = tomcrypt;
		};
		2ECD39C6159A67FB00691A9D /* PBXContainerItemProxy */ = {
			isa = PBXContainerItemProxy;
			containerPortal = 2E0B5A8D1538A60200870C9E /* tomcrypt.xcodeproj */;
			proxyType = 2;
			remoteGlobalIDString = 2E2215F615519B61004E6CE8;
			remoteInfo = "tomcrypt-IOS";
		};
		2ECD39C8159A680900691A9D /* PBXContainerItemProxy */ = {
			isa = PBXContainerItemProxy;
			containerPortal = 2E0B5A981538A62E00870C9E /* tommath.xcodeproj */;
			proxyType = 1;
			remoteGlobalIDString = 2E7C030B15389D5200C285FC;
			remoteInfo = tommath;
		};
		2ECD39CA159A680C00691A9D /* PBXContainerItemProxy */ = {
			isa = PBXContainerItemProxy;
			containerPortal = 2E0B5A8D1538A60200870C9E /* tomcrypt.xcodeproj */;
			proxyType = 1;
			remoteGlobalIDString = 2E7C041715389F7A00C285FC;
			remoteInfo = tomcrypt;
		};
		2ECD39CE159A684500691A9D /* PBXContainerItemProxy */ = {
			isa = PBXContainerItemProxy;
			containerPortal = 2E0B5A981538A62E00870C9E /* tommath.xcodeproj */;
			proxyType = 1;
			remoteGlobalIDString = 2E2215411551986F004E6CE8;
			remoteInfo = "tommath-IOS";
		};
		2ECD39D0159A684800691A9D /* PBXContainerItemProxy */ = {
			isa = PBXContainerItemProxy;
			containerPortal = 2E0B5A8D1538A60200870C9E /* tomcrypt.xcodeproj */;
			proxyType = 1;
			remoteGlobalIDString = 2E2215F515519B61004E6CE8;
			remoteInfo = "tomcrypt-IOS";
		};
/* End PBXContainerItemProxy section */

/* Begin PBXCopyFilesBuildPhase section */
		2E0B5A611538A56400870C9E /* CopyFiles */ = {
			isa = PBXCopyFilesBuildPhase;
			buildActionMask = 2147483647;
			dstPath = /usr/share/man/man1/;
			dstSubfolderSpec = 0;
			files = (
			);
			runOnlyForDeploymentPostprocessing = 1;
		};
/* End PBXCopyFilesBuildPhase section */

/* Begin PBXFileReference section */
		2E039D681562DDB100F068C2 /* libxml2.dylib */ = {isa = PBXFileReference; lastKnownFileType = "compiled.mach-o.dylib"; name = libxml2.dylib; path = ../../../../../usr/lib/libxml2.dylib; sourceTree = "<group>"; };
		2E0B5A631538A56400870C9E /* crypto-optest-osx */ = {isa = PBXFileReference; explicitFileType = "compiled.mach-o.executable"; includeInIndex = 0; path = "crypto-optest-osx"; sourceTree = BUILT_PRODUCTS_DIR; };
		2E0B5A791538A5BC00870C9E /* CipherTest.c */ = {isa = PBXFileReference; fileEncoding = 4; lastKnownFileType = sourcecode.c.c; lineEnding = 0; path = CipherTest.c; sourceTree = "<group>"; xcLanguageSpecificationIdentifier = xcode.lang.c; };
		2E0B5A7A1538A5BC00870C9E /* CovergentEncrypt.c */ = {isa = PBXFileReference; fileEncoding = 4; lastKnownFileType = sourcecode.c.c; path = CovergentEncrypt.c; sourceTree = "<group>"; };
		2E0B5A7B1538A5BC00870C9E /* HASHtest.c */ = {isa = PBXFileReference; fileEncoding = 4; lastKnownFileType = sourcecode.c.c; lineEnding = 0; path = HASHtest.c; sourceTree = "<group>"; xcLanguageSpecificationIdentifier = xcode.lang.c; };
		2E0B5A7C1538A5BC00870C9E /* HMACtest.c */ = {isa = PBXFileReference; fileEncoding = 4; lastKnownFileType = sourcecode.c.c; lineEnding = 0; path = HMACtest.c; sourceTree = "<group>"; xcLanguageSpecificationIdentifier = xcode.lang.c; };
		2E0B5A7F1538A5BC00870C9E /* PKtest.c */ = {isa = PBXFileReference; fileEncoding = 4; lastKnownFileType = sourcecode.c.c; path = PKtest.c; sourceTree = "<group>"; };
		2E0B5A8D1538A60200870C9E /* tomcrypt.xcodeproj */ = {isa = PBXFileReference; lastKnownFileType = "wrapper.pb-project"; name = tomcrypt.xcodeproj; path = ../../libs/libtomcrypt/tomcrypt.xcodeproj; sourceTree = "<group>"; };
		2E0B5A981538A62E00870C9E /* tommath.xcodeproj */ = {isa = PBXFileReference; lastKnownFileType = "wrapper.pb-project"; name = tommath.xcodeproj; path = ../../libs/libtommath/tommath.xcodeproj; sourceTree = "<group>"; };
		2E255913154F240700280719 /* tomcryptwrappers.c */ = {isa = PBXFileReference; fileEncoding = 4; lastKnownFileType = sourcecode.c.c; path = tomcryptwrappers.c; sourceTree = "<group>"; };
		2E41F9B8154078AC00F6DC9E /* dh.h */ = {isa = PBXFileReference; lastKnownFileType = sourcecode.c.h; path = dh.h; sourceTree = "<group>"; };
		2E425C5F1590DC7100B0BCC2 /* SCgcm.c */ = {isa = PBXFileReference; fileEncoding = 4; lastKnownFileType = sourcecode.c.c; path = SCgcm.c; sourceTree = "<group>"; };
		2E425C621590DC7600B0BCC2 /* SCccm.c */ = {isa = PBXFileReference; fileEncoding = 4; lastKnownFileType = sourcecode.c.c; path = SCccm.c; sourceTree = "<group>"; };
		2E425C651590DCC800B0BCC2 /* CCMTest.c */ = {isa = PBXFileReference; fileEncoding = 4; lastKnownFileType = sourcecode.c.c; path = CCMTest.c; sourceTree = "<group>"; };
		2E425C681590DD0B00B0BCC2 /* optest.h */ = {isa = PBXFileReference; fileEncoding = 4; lastKnownFileType = sourcecode.c.h; name = optest.h; path = src/optest.h; sourceTree = SOURCE_ROOT; };
		2E425C691590DD3900B0BCC2 /* PKtest.c */ = {isa = PBXFileReference; fileEncoding = 4; lastKnownFileType = sourcecode.c.c; name = PKtest.c; path = src/PKtest.c; sourceTree = SOURCE_ROOT; };
		2E822C0815A760E0000E1498 /* KDFtest.m */ = {isa = PBXFileReference; fileEncoding = 4; lastKnownFileType = sourcecode.c.objc; path = KDFtest.m; sourceTree = "<group>"; };
		2E822C4D15A7947F000E1498 /* cryptowrappers.h */ = {isa = PBXFileReference; fileEncoding = 4; lastKnownFileType = sourcecode.c.h; path = cryptowrappers.h; sourceTree = "<group>"; };
		2EB336501551AE7E0094DCBA /* crypto-optest-ios.app */ = {isa = PBXFileReference; explicitFileType = wrapper.application; includeInIndex = 0; path = "crypto-optest-ios.app"; sourceTree = BUILT_PRODUCTS_DIR; };
		2EB336531551AE7E0094DCBA /* UIKit.framework */ = {isa = PBXFileReference; lastKnownFileType = wrapper.framework; name = UIKit.framework; path = Library/Frameworks/UIKit.framework; sourceTree = DEVELOPER_DIR; };
		2EB336551551AE7E0094DCBA /* Foundation.framework */ = {isa = PBXFileReference; lastKnownFileType = wrapper.framework; name = Foundation.framework; path = Library/Frameworks/Foundation.framework; sourceTree = DEVELOPER_DIR; };
		2EB336571551AE7E0094DCBA /* CoreGraphics.framework */ = {isa = PBXFileReference; lastKnownFileType = wrapper.framework; name = CoreGraphics.framework; path = Library/Frameworks/CoreGraphics.framework; sourceTree = DEVELOPER_DIR; };
		2EB3365B1551AE7E0094DCBA /* sc-optest-ios-Info.plist */ = {isa = PBXFileReference; lastKnownFileType = text.plist.xml; path = "sc-optest-ios-Info.plist"; sourceTree = "<group>"; };
		2EB3365D1551AE7E0094DCBA /* en */ = {isa = PBXFileReference; lastKnownFileType = text.plist.strings; name = en; path = en.lproj/InfoPlist.strings; sourceTree = "<group>"; };
		2EB3365F1551AE7E0094DCBA /* main.m */ = {isa = PBXFileReference; lastKnownFileType = sourcecode.c.objc; path = main.m; sourceTree = "<group>"; };
		2EB336621551AE7E0094DCBA /* AppDelegate.h */ = {isa = PBXFileReference; lastKnownFileType = sourcecode.c.h; path = AppDelegate.h; sourceTree = "<group>"; };
		2EB336631551AE7E0094DCBA /* AppDelegate.m */ = {isa = PBXFileReference; lastKnownFileType = sourcecode.c.objc; path = AppDelegate.m; sourceTree = "<group>"; };
		2EB336651551AE7E0094DCBA /* ViewController.h */ = {isa = PBXFileReference; lastKnownFileType = sourcecode.c.h; path = ViewController.h; sourceTree = "<group>"; };
		2EB336661551AE7E0094DCBA /* ViewController.m */ = {isa = PBXFileReference; lastKnownFileType = sourcecode.c.objc; path = ViewController.m; sourceTree = "<group>"; };
		2EB336691551AE7E0094DCBA /* en */ = {isa = PBXFileReference; lastKnownFileType = file.xib; name = en; path = en.lproj/ViewController_iPhone.xib; sourceTree = "<group>"; };
		2EB3366C1551AE7E0094DCBA /* en */ = {isa = PBXFileReference; lastKnownFileType = file.xib; name = en; path = en.lproj/ViewController_iPad.xib; sourceTree = "<group>"; };
		2EB6931D1582A18100E8215F /* sc_test_57.png */ = {isa = PBXFileReference; lastKnownFileType = image.png; path = sc_test_57.png; sourceTree = "<group>"; };
		2EB6931E1582A18100E8215F /* sc_test_114.png */ = {isa = PBXFileReference; lastKnownFileType = image.png; path = sc_test_114.png; sourceTree = "<group>"; };
		2ED14C40155326BF00F19074 /* statemachine.c */ = {isa = PBXFileReference; fileEncoding = 4; lastKnownFileType = sourcecode.c.c; path = statemachine.c; sourceTree = "<group>"; };
		2EE639C31565A65100AC2B6A /* GCMTest.c */ = {isa = PBXFileReference; fileEncoding = 4; lastKnownFileType = sourcecode.c.c; name = GCMTest.c; path = src/GCMTest.c; sourceTree = SOURCE_ROOT; };
		2EE639C51565A66C00AC2B6A /* optestutils.c */ = {isa = PBXFileReference; fileEncoding = 4; lastKnownFileType = sourcecode.c.c; name = optestutils.c; path = src/optestutils.c; sourceTree = SOURCE_ROOT; };
		2EE639CA1565A67800AC2B6A /* optest.c */ = {isa = PBXFileReference; fileEncoding = 4; lastKnownFileType = sourcecode.c.c; name = optest.c; path = src/optest.c; sourceTree = SOURCE_ROOT; };
		2EF6B1BF153F6A3E00B35CBE /* dh.c */ = {isa = PBXFileReference; fileEncoding = 4; lastKnownFileType = sourcecode.c.c; lineEnding = 0; path = dh.c; sourceTree = "<group>"; xcLanguageSpecificationIdentifier = xcode.lang.c; };
		F4ACC7101568141E00D7C8A8 /* optest.h */ = {isa = PBXFileReference; lastKnownFileType = sourcecode.c.h; path = optest.h; sourceTree = "<group>"; };
/* End PBXFileReference section */

/* Begin PBXFrameworksBuildPhase section */
		2E0B5A601538A56400870C9E /* Frameworks */ = {
			isa = PBXFrameworksBuildPhase;
			buildActionMask = 2147483647;
			files = (
				2ECD39CD159A681600691A9D /* libtommath.a in Frameworks */,
				2ECD39CC159A681200691A9D /* libtomcrypt.a in Frameworks */,
			);
			runOnlyForDeploymentPostprocessing = 0;
		};
		2EB3364D1551AE7E0094DCBA /* Frameworks */ = {
			isa = PBXFrameworksBuildPhase;
			buildActionMask = 2147483647;
			files = (
				2ECD39D3159A685500691A9D /* libtommath-ios.a in Frameworks */,
				2ECD39D2159A685000691A9D /* libtomcrypt-ios.a in Frameworks */,
				2EB336541551AE7E0094DCBA /* UIKit.framework in Frameworks */,
				2EB336561551AE7E0094DCBA /* Foundation.framework in Frameworks */,
				2EB336581551AE7E0094DCBA /* CoreGraphics.framework in Frameworks */,
			);
			runOnlyForDeploymentPostprocessing = 0;
		};
/* End PBXFrameworksBuildPhase section */

/* Begin PBXGroup section */
		2E0B5A581538A56300870C9E = {
			isa = PBXGroup;
			children = (
				2EE7C4F715658B73004AA825 /* test */,
				2EC7B6C6157E8D3E00A05E6B /* shared */,
				2E0B5A781538A5BC00870C9E /* src */,
				2EB336591551AE7E0094DCBA /* ios */,
				2E0B5A861538A5DC00870C9E /* Libs & Frameworks */,
				2EB336521551AE7E0094DCBA /* Frameworks */,
				2E0B5A641538A56400870C9E /* Products */,
			);
			sourceTree = "<group>";
		};
		2E0B5A641538A56400870C9E /* Products */ = {
			isa = PBXGroup;
			children = (
				2E0B5A631538A56400870C9E /* crypto-optest-osx */,
				2EB336501551AE7E0094DCBA /* crypto-optest-ios.app */,
			);
			name = Products;
			sourceTree = "<group>";
		};
		2E0B5A781538A5BC00870C9E /* src */ = {
			isa = PBXGroup;
			children = (
				2ED14C40155326BF00F19074 /* statemachine.c */,
				2E0B5A7A1538A5BC00870C9E /* CovergentEncrypt.c */,
				2E280E971552FF1F009B4120 /* optest tests */,
			);
			path = src;
			sourceTree = "<group>";
		};
		2E0B5A861538A5DC00870C9E /* Libs & Frameworks */ = {
			isa = PBXGroup;
			children = (
				2E0B5A981538A62E00870C9E /* tommath.xcodeproj */,
				2E0B5A8D1538A60200870C9E /* tomcrypt.xcodeproj */,
			);
			name = "Libs & Frameworks";
			path = src;
			sourceTree = "<group>";
		};
		2E280E971552FF1F009B4120 /* optest tests */ = {
			isa = PBXGroup;
			children = (
				F4ACC7101568141E00D7C8A8 /* optest.h */,
				2EE639C31565A65100AC2B6A /* GCMTest.c */,
				2E425C651590DCC800B0BCC2 /* CCMTest.c */,
				2E822C0815A760E0000E1498 /* KDFtest.m */,
				2E0B5A791538A5BC00870C9E /* CipherTest.c */,
				2E0B5A7B1538A5BC00870C9E /* HASHtest.c */,
				2E0B5A7C1538A5BC00870C9E /* HMACtest.c */,
				2EF6B1BF153F6A3E00B35CBE /* dh.c */,
				2E41F9B8154078AC00F6DC9E /* dh.h */,
				2E0B5A7F1538A5BC00870C9E /* PKtest.c */,
			);
			name = "optest tests";
			sourceTree = "<group>";
		};
		2EB336521551AE7E0094DCBA /* Frameworks */ = {
			isa = PBXGroup;
			children = (
				2E039D681562DDB100F068C2 /* libxml2.dylib */,
				2EB336531551AE7E0094DCBA /* UIKit.framework */,
				2EB336551551AE7E0094DCBA /* Foundation.framework */,
				2EB336571551AE7E0094DCBA /* CoreGraphics.framework */,
			);
			name = Frameworks;
			sourceTree = "<group>";
		};
		2EB336591551AE7E0094DCBA /* ios */ = {
			isa = PBXGroup;
			children = (
				2EB6931D1582A18100E8215F /* sc_test_57.png */,
				2EB6931E1582A18100E8215F /* sc_test_114.png */,
				2EB336621551AE7E0094DCBA /* AppDelegate.h */,
				2EB336631551AE7E0094DCBA /* AppDelegate.m */,
				2EB336651551AE7E0094DCBA /* ViewController.h */,
				2EB336661551AE7E0094DCBA /* ViewController.m */,
				2EB336681551AE7E0094DCBA /* ViewController_iPhone.xib */,
				2EB3366B1551AE7E0094DCBA /* ViewController_iPad.xib */,
				2EB3365A1551AE7E0094DCBA /* Supporting Files */,
			);
			path = ios;
			sourceTree = "<group>";
		};
		2EB3365A1551AE7E0094DCBA /* Supporting Files */ = {
			isa = PBXGroup;
			children = (
				2EB3365B1551AE7E0094DCBA /* sc-optest-ios-Info.plist */,
				2EB3365C1551AE7E0094DCBA /* InfoPlist.strings */,
				2EB3365F1551AE7E0094DCBA /* main.m */,
			);
			name = "Supporting Files";
			sourceTree = "<group>";
		};
		2EC7B6C6157E8D3E00A05E6B /* shared */ = {
			isa = PBXGroup;
			children = (
				2E255913154F240700280719 /* tomcryptwrappers.c */,
				2E822C4D15A7947F000E1498 /* cryptowrappers.h */,
				2E425C5F1590DC7100B0BCC2 /* SCgcm.c */,
				2E425C621590DC7600B0BCC2 /* SCccm.c */,
			);
			name = shared;
			path = ../libs/shared;
			sourceTree = "<group>";
		};
		2ECD39B4159A67F400691A9D /* Products */ = {
			isa = PBXGroup;
			children = (
				2ECD39B9159A67F400691A9D /* libtommath.a */,
				2ECD39BB159A67F400691A9D /* libtommath-ios.a */,
			);
			name = Products;
			sourceTree = "<group>";
		};
		2ECD39C0159A67FB00691A9D /* Products */ = {
			isa = PBXGroup;
			children = (
				2ECD39C5159A67FB00691A9D /* libtomcrypt.a */,
				2ECD39C7159A67FB00691A9D /* libtomcrypt-ios.a */,
			);
			name = Products;
			sourceTree = "<group>";
		};
		2EE7C4F715658B73004AA825 /* test */ = {
			isa = PBXGroup;
			children = (
				2E425C681590DD0B00B0BCC2 /* optest.h */,
				2EE639CA1565A67800AC2B6A /* optest.c */,
				2EE639C51565A66C00AC2B6A /* optestutils.c */,
				2E425C691590DD3900B0BCC2 /* PKtest.c */,
			);
			name = test;
			path = xmlTest;
			sourceTree = "<group>";
		};
/* End PBXGroup section */

/* Begin PBXNativeTarget section */
		2E0B5A621538A56400870C9E /* crypto-optest-osx */ = {
			isa = PBXNativeTarget;
			buildConfigurationList = 2E0B5A6D1538A56400870C9E /* Build configuration list for PBXNativeTarget "crypto-optest-osx" */;
			buildPhases = (
				2E0B5A5F1538A56400870C9E /* Sources */,
				2E0B5A601538A56400870C9E /* Frameworks */,
				2E0B5A611538A56400870C9E /* CopyFiles */,
			);
			buildRules = (
			);
			dependencies = (
				2ECD39CB159A680C00691A9D /* PBXTargetDependency */,
				2ECD39C9159A680900691A9D /* PBXTargetDependency */,
			);
			name = "crypto-optest-osx";
			productName = optest;
			productReference = 2E0B5A631538A56400870C9E /* crypto-optest-osx */;
			productType = "com.apple.product-type.tool";
		};
		2EB3364F1551AE7E0094DCBA /* crypto-optest-ios */ = {
			isa = PBXNativeTarget;
			buildConfigurationList = 2EB3366E1551AE7E0094DCBA /* Build configuration list for PBXNativeTarget "crypto-optest-ios" */;
			buildPhases = (
				2EB3364C1551AE7E0094DCBA /* Sources */,
				2EB3364D1551AE7E0094DCBA /* Frameworks */,
				2EB3364E1551AE7E0094DCBA /* Resources */,
			);
			buildRules = (
			);
			dependencies = (
				2ECD39D1159A684800691A9D /* PBXTargetDependency */,
				2ECD39CF159A684500691A9D /* PBXTargetDependency */,
			);
			name = "crypto-optest-ios";
			productName = "optest-ios";
			productReference = 2EB336501551AE7E0094DCBA /* crypto-optest-ios.app */;
			productType = "com.apple.product-type.application";
		};
/* End PBXNativeTarget section */

/* Begin PBXProject section */
		2E0B5A5A1538A56300870C9E /* Project object */ = {
			isa = PBXProject;
			attributes = {
				LastUpgradeCheck = 0430;
				ORGANIZATIONNAME = "Silent Circle, LLC.";
			};
			buildConfigurationList = 2E0B5A5D1538A56300870C9E /* Build configuration list for PBXProject "crypto-optest" */;
			compatibilityVersion = "Xcode 3.2";
			developmentRegion = English;
			hasScannedForEncodings = 0;
			knownRegions = (
				en,
			);
			mainGroup = 2E0B5A581538A56300870C9E;
			productRefGroup = 2E0B5A641538A56400870C9E /* Products */;
			projectDirPath = "";
			projectReferences = (
				{
					ProductGroup = 2ECD39C0159A67FB00691A9D /* Products */;
					ProjectRef = 2E0B5A8D1538A60200870C9E /* tomcrypt.xcodeproj */;
				},
				{
					ProductGroup = 2ECD39B4159A67F400691A9D /* Products */;
					ProjectRef = 2E0B5A981538A62E00870C9E /* tommath.xcodeproj */;
				},
			);
			projectRoot = "";
			targets = (
				2E0B5A621538A56400870C9E /* crypto-optest-osx */,
				2EB3364F1551AE7E0094DCBA /* crypto-optest-ios */,
			);
		};
/* End PBXProject section */

/* Begin PBXReferenceProxy section */
		2ECD39B9159A67F400691A9D /* libtommath.a */ = {
			isa = PBXReferenceProxy;
			fileType = archive.ar;
			path = libtommath.a;
			remoteRef = 2ECD39B8159A67F400691A9D /* PBXContainerItemProxy */;
			sourceTree = BUILT_PRODUCTS_DIR;
		};
		2ECD39BB159A67F400691A9D /* libtommath-ios.a */ = {
			isa = PBXReferenceProxy;
			fileType = archive.ar;
			path = "libtommath-ios.a";
			remoteRef = 2ECD39BA159A67F400691A9D /* PBXContainerItemProxy */;
			sourceTree = BUILT_PRODUCTS_DIR;
		};
		2ECD39C5159A67FB00691A9D /* libtomcrypt.a */ = {
			isa = PBXReferenceProxy;
			fileType = archive.ar;
			path = libtomcrypt.a;
			remoteRef = 2ECD39C4159A67FB00691A9D /* PBXContainerItemProxy */;
			sourceTree = BUILT_PRODUCTS_DIR;
		};
		2ECD39C7159A67FB00691A9D /* libtomcrypt-ios.a */ = {
			isa = PBXReferenceProxy;
			fileType = archive.ar;
			path = "libtomcrypt-ios.a";
			remoteRef = 2ECD39C6159A67FB00691A9D /* PBXContainerItemProxy */;
			sourceTree = BUILT_PRODUCTS_DIR;
		};
/* End PBXReferenceProxy section */

/* Begin PBXResourcesBuildPhase section */
		2EB3364E1551AE7E0094DCBA /* Resources */ = {
			isa = PBXResourcesBuildPhase;
			buildActionMask = 2147483647;
			files = (
				2EB3365E1551AE7E0094DCBA /* InfoPlist.strings in Resources */,
				2EB3366A1551AE7E0094DCBA /* ViewController_iPhone.xib in Resources */,
				2EB3366D1551AE7E0094DCBA /* ViewController_iPad.xib in Resources */,
				2EB6931F1582A18100E8215F /* sc_test_57.png in Resources */,
				2EB693201582A18100E8215F /* sc_test_114.png in Resources */,
			);
			runOnlyForDeploymentPostprocessing = 0;
		};
/* End PBXResourcesBuildPhase section */

/* Begin PBXSourcesBuildPhase section */
		2E0B5A5F1538A56400870C9E /* Sources */ = {
			isa = PBXSourcesBuildPhase;
			buildActionMask = 2147483647;
			files = (
				2E0B5A801538A5BC00870C9E /* CipherTest.c in Sources */,
				2E0B5A811538A5BC00870C9E /* CovergentEncrypt.c in Sources */,
				2E0B5A821538A5BC00870C9E /* HASHtest.c in Sources */,
				2E0B5A831538A5BC00870C9E /* HMACtest.c in Sources */,
				2E0B5A851538A5BC00870C9E /* PKtest.c in Sources */,
				2EF6B1C0153F6A3E00B35CBE /* dh.c in Sources */,
				2E255914154F240700280719 /* tomcryptwrappers.c in Sources */,
				2EE639C61565A66C00AC2B6A /* optestutils.c in Sources */,
				2EE639CB1565A67800AC2B6A /* optest.c in Sources */,
				2E438BEB157D445E0097E74B /* GCMTest.c in Sources */,
				2E425C601590DC7100B0BCC2 /* SCgcm.c in Sources */,
				2E425C631590DC7600B0BCC2 /* SCccm.c in Sources */,
				2E425C661590DCC800B0BCC2 /* CCMTest.c in Sources */,
				2E822C0915A760E0000E1498 /* KDFtest.m in Sources */,
			);
			runOnlyForDeploymentPostprocessing = 0;
		};
		2EB3364C1551AE7E0094DCBA /* Sources */ = {
			isa = PBXSourcesBuildPhase;
			buildActionMask = 2147483647;
			files = (
				2EB336601551AE7E0094DCBA /* main.m in Sources */,
				2EB336641551AE7E0094DCBA /* AppDelegate.m in Sources */,
				2EB336671551AE7E0094DCBA /* ViewController.m in Sources */,
				2E25BCDD1551BF370074DAB1 /* tomcryptwrappers.c in Sources */,
				2E25BCDE1551BF370074DAB1 /* CipherTest.c in Sources */,
				2E25BCDF1551BF370074DAB1 /* CovergentEncrypt.c in Sources */,
				2E25BCE01551BF370074DAB1 /* HASHtest.c in Sources */,
				2E25BCE11551BF370074DAB1 /* HMACtest.c in Sources */,
				2E25BCE31551BF370074DAB1 /* dh.c in Sources */,
				2E25BCE41551BF370074DAB1 /* PKtest.c in Sources */,
				2EE639C71565A66C00AC2B6A /* optestutils.c in Sources */,
				2EE639CC1565A67800AC2B6A /* optest.c in Sources */,
				2E438BEC157D445F0097E74B /* GCMTest.c in Sources */,
				2E425C611590DC7100B0BCC2 /* SCgcm.c in Sources */,
				2E425C641590DC7600B0BCC2 /* SCccm.c in Sources */,
				2E425C671590DCC800B0BCC2 /* CCMTest.c in Sources */,
				2E822C0A15A760E0000E1498 /* KDFtest.m in Sources */,
			);
			runOnlyForDeploymentPostprocessing = 0;
		};
/* End PBXSourcesBuildPhase section */

/* Begin PBXTargetDependency section */
		2ECD39C9159A680900691A9D /* PBXTargetDependency */ = {
			isa = PBXTargetDependency;
			name = tommath;
			targetProxy = 2ECD39C8159A680900691A9D /* PBXContainerItemProxy */;
		};
		2ECD39CB159A680C00691A9D /* PBXTargetDependency */ = {
			isa = PBXTargetDependency;
			name = tomcrypt;
			targetProxy = 2ECD39CA159A680C00691A9D /* PBXContainerItemProxy */;
		};
		2ECD39CF159A684500691A9D /* PBXTargetDependency */ = {
			isa = PBXTargetDependency;
			name = "tommath-IOS";
			targetProxy = 2ECD39CE159A684500691A9D /* PBXContainerItemProxy */;
		};
		2ECD39D1159A684800691A9D /* PBXTargetDependency */ = {
			isa = PBXTargetDependency;
			name = "tomcrypt-IOS";
			targetProxy = 2ECD39D0159A684800691A9D /* PBXContainerItemProxy */;
		};
/* End PBXTargetDependency section */

/* Begin PBXVariantGroup section */
		2EB3365C1551AE7E0094DCBA /* InfoPlist.strings */ = {
			isa = PBXVariantGroup;
			children = (
				2EB3365D1551AE7E0094DCBA /* en */,
			);
			name = InfoPlist.strings;
			sourceTree = "<group>";
		};
		2EB336681551AE7E0094DCBA /* ViewController_iPhone.xib */ = {
			isa = PBXVariantGroup;
			children = (
				2EB336691551AE7E0094DCBA /* en */,
			);
			name = ViewController_iPhone.xib;
			sourceTree = "<group>";
		};
		2EB3366B1551AE7E0094DCBA /* ViewController_iPad.xib */ = {
			isa = PBXVariantGroup;
			children = (
				2EB3366C1551AE7E0094DCBA /* en */,
			);
			name = ViewController_iPad.xib;
			sourceTree = "<group>";
		};
/* End PBXVariantGroup section */

/* Begin XCBuildConfiguration section */
		2E0B5A6B1538A56400870C9E /* Debug */ = {
			isa = XCBuildConfiguration;
			buildSettings = {
				ALWAYS_SEARCH_USER_PATHS = YES;
				ARCHS = "$(ARCHS_STANDARD_64_BIT)";
				COPY_PHASE_STRIP = NO;
				GCC_C_LANGUAGE_STANDARD = gnu99;
				GCC_DYNAMIC_NO_PIC = NO;
				GCC_ENABLE_OBJC_EXCEPTIONS = YES;
				GCC_OPTIMIZATION_LEVEL = 0;
				GCC_PREPROCESSOR_DEFINITIONS = (
					"DEBUG=1",
					"$(inherited)",
				);
				GCC_SYMBOLS_PRIVATE_EXTERN = NO;
				GCC_VERSION = "";
				GCC_WARN_64_TO_32_BIT_CONVERSION = YES;
				GCC_WARN_ABOUT_POINTER_SIGNEDNESS = NO;
				GCC_WARN_ABOUT_RETURN_TYPE = YES;
				GCC_WARN_UNINITIALIZED_AUTOS = YES;
				GCC_WARN_UNUSED_VARIABLE = YES;
				MACOSX_DEPLOYMENT_TARGET = "";
				ONLY_ACTIVE_ARCH = YES;
				SC_BASE = ../;
				SDKROOT = macosx;
				SYMROOT = "$(SC_BASE)/build/osx";
			};
			name = Debug;
		};
		2E0B5A6C1538A56400870C9E /* Release */ = {
			isa = XCBuildConfiguration;
			buildSettings = {
				ALWAYS_SEARCH_USER_PATHS = YES;
				ARCHS = "$(ARCHS_STANDARD_64_BIT)";
				COPY_PHASE_STRIP = YES;
				DEBUG_INFORMATION_FORMAT = "dwarf-with-dsym";
				GCC_C_LANGUAGE_STANDARD = gnu99;
				GCC_ENABLE_OBJC_EXCEPTIONS = YES;
				GCC_VERSION = "";
				GCC_WARN_64_TO_32_BIT_CONVERSION = YES;
				GCC_WARN_ABOUT_POINTER_SIGNEDNESS = NO;
				GCC_WARN_ABOUT_RETURN_TYPE = YES;
				GCC_WARN_UNINITIALIZED_AUTOS = YES;
				GCC_WARN_UNUSED_VARIABLE = YES;
				MACOSX_DEPLOYMENT_TARGET = "";
				SC_BASE = ../;
				SDKROOT = macosx;
				SYMROOT = "$(SC_BASE)/build/osx";
			};
			name = Release;
		};
		2E0B5A6E1538A56400870C9E /* Debug */ = {
			isa = XCBuildConfiguration;
			buildSettings = {
				ALWAYS_SEARCH_USER_PATHS = YES;
				GCC_C_LANGUAGE_STANDARD = "compiler-default";
				GCC_INPUT_FILETYPE = automatic;
				GCC_VERSION = "";
				GCC_WARN_UNKNOWN_PRAGMAS = YES;
				HEADER_SEARCH_PATHS = /usr/include/libxml2;
				PRODUCT_NAME = "$(TARGET_NAME)";
				SHARED_PRECOMPS_DIR = "";
				USER_HEADER_SEARCH_PATHS = "../build/Headers $(SC_BASE)/libs/shared";
			};
			name = Debug;
		};
		2E0B5A6F1538A56400870C9E /* Release */ = {
			isa = XCBuildConfiguration;
			buildSettings = {
				ALWAYS_SEARCH_USER_PATHS = YES;
				GCC_C_LANGUAGE_STANDARD = "compiler-default";
				GCC_INPUT_FILETYPE = automatic;
				GCC_VERSION = "";
				GCC_WARN_UNKNOWN_PRAGMAS = YES;
				HEADER_SEARCH_PATHS = /usr/include/libxml2;
				PRODUCT_NAME = "$(TARGET_NAME)";
				SHARED_PRECOMPS_DIR = "";
				USER_HEADER_SEARCH_PATHS = "../build/Headers $(SC_BASE)/libs/shared";
			};
			name = Release;
		};
		2EB3366F1551AE7E0094DCBA /* Debug */ = {
			isa = XCBuildConfiguration;
			buildSettings = {
				ALWAYS_SEARCH_USER_PATHS = YES;
				ARCHS = "$(ARCHS_STANDARD_32_BIT)";
				"CODE_SIGN_IDENTITY[sdk=iphoneos*]" = "iPhone Developer";
				FRAMEWORK_SEARCH_PATHS = (
					"$(inherited)",
					"\"$(SYSTEM_APPS_DIR)/Xcode.app/Contents/Developer/Library/Frameworks\"",
				);
				GCC_PRECOMPILE_PREFIX_HEADER = NO;
				GCC_VERSION = com.apple.compilers.llvm.clang.1_0;
				HEADER_SEARCH_PATHS = /usr/include/libxml2;
				INFOPLIST_FILE = "ios/sc-optest-ios-Info.plist";
				IPHONEOS_DEPLOYMENT_TARGET = 5.1;
				PRODUCT_NAME = "$(TARGET_NAME)";
				SDKROOT = iphoneos;
				SYMROOT = "$(SC_BASE)/build/ios";
				TARGETED_DEVICE_FAMILY = "1,2";
				USER_HEADER_SEARCH_PATHS = "../build/Headers $(SC_BASE)/libs/shared";
				WRAPPER_EXTENSION = app;
			};
			name = Debug;
		};
		2EB336701551AE7E0094DCBA /* Release */ = {
			isa = XCBuildConfiguration;
			buildSettings = {
				ALWAYS_SEARCH_USER_PATHS = YES;
				ARCHS = "$(ARCHS_STANDARD_32_BIT)";
				"CODE_SIGN_IDENTITY[sdk=iphoneos*]" = "iPhone Developer";
				FRAMEWORK_SEARCH_PATHS = (
					"$(inherited)",
					"\"$(SYSTEM_APPS_DIR)/Xcode.app/Contents/Developer/Library/Frameworks\"",
				);
				GCC_PRECOMPILE_PREFIX_HEADER = NO;
				GCC_VERSION = com.apple.compilers.llvm.clang.1_0;
				HEADER_SEARCH_PATHS = /usr/include/libxml2;
				INFOPLIST_FILE = "ios/sc-optest-ios-Info.plist";
				IPHONEOS_DEPLOYMENT_TARGET = 5.1;
				OTHER_CFLAGS = "-DNS_BLOCK_ASSERTIONS=1";
				PRODUCT_NAME = "$(TARGET_NAME)";
				SDKROOT = iphoneos;
				SYMROOT = "$(SC_BASE)/build/ios";
				TARGETED_DEVICE_FAMILY = "1,2";
				USER_HEADER_SEARCH_PATHS = "../build/Headers $(SC_BASE)/libs/shared";
				VALIDATE_PRODUCT = YES;
				WRAPPER_EXTENSION = app;
			};
			name = Release;
		};
/* End XCBuildConfiguration section */

/* Begin XCConfigurationList section */
		2E0B5A5D1538A56300870C9E /* Build configuration list for PBXProject "crypto-optest" */ = {
			isa = XCConfigurationList;
			buildConfigurations = (
				2E0B5A6B1538A56400870C9E /* Debug */,
				2E0B5A6C1538A56400870C9E /* Release */,
			);
			defaultConfigurationIsVisible = 0;
			defaultConfigurationName = Release;
		};
		2E0B5A6D1538A56400870C9E /* Build configuration list for PBXNativeTarget "crypto-optest-osx" */ = {
			isa = XCConfigurationList;
			buildConfigurations = (
				2E0B5A6E1538A56400870C9E /* Debug */,
				2E0B5A6F1538A56400870C9E /* Release */,
			);
			defaultConfigurationIsVisible = 0;
			defaultConfigurationName = Release;
		};
		2EB3366E1551AE7E0094DCBA /* Build configuration list for PBXNativeTarget "crypto-optest-ios" */ = {
			isa = XCConfigurationList;
			buildConfigurations = (
				2EB3366F1551AE7E0094DCBA /* Debug */,
				2EB336701551AE7E0094DCBA /* Release */,
			);
			defaultConfigurationIsVisible = 0;
			defaultConfigurationName = Release;
		};
/* End XCConfigurationList section */
	};
	rootObject = 2E0B5A5A1538A56300870C9E /* Project object */;
}
