// !$*UTF8*$!
{
	archiveVersion = 1;
	classes = {
	};
	objectVersion = 46;
	objects = {

/* Begin PBXBuildFile section */
		2EA047B0157EA0B30032C577 /* scloudTest.c in Sources */ = {isa = PBXBuildFile; fileRef = 2EA047AF157EA0B30032C577 /* scloudTest.c */; };
		2EB05772157EA7EF00313F4C /* UIKit.framework in Frameworks */ = {isa = PBXBuildFile; fileRef = 2EB05771157EA7EF00313F4C /* UIKit.framework */; };
		2EB05774157EA7EF00313F4C /* Foundation.framework in Frameworks */ = {isa = PBXBuildFile; fileRef = 2EB05773157EA7EF00313F4C /* Foundation.framework */; };
		2EB05776157EA7EF00313F4C /* CoreGraphics.framework in Frameworks */ = {isa = PBXBuildFile; fileRef = 2EB05775157EA7EF00313F4C /* CoreGraphics.framework */; };
		2EB05792157EA7F900313F4C /* AppDelegate.m in Sources */ = {isa = PBXBuildFile; fileRef = 2EB05787157EA7F800313F4C /* AppDelegate.m */; };
		2EB05793157EA7F900313F4C /* ViewController.m in Sources */ = {isa = PBXBuildFile; fileRef = 2EB05789157EA7F800313F4C /* ViewController.m */; };
		2EB05794157EA7F900313F4C /* ViewController_iPad.xib in Resources */ = {isa = PBXBuildFile; fileRef = 2EB0578A157EA7F900313F4C /* ViewController_iPad.xib */; };
		2EB05795157EA7F900313F4C /* ViewController_iPhone.xib in Resources */ = {isa = PBXBuildFile; fileRef = 2EB0578C157EA7F900313F4C /* ViewController_iPhone.xib */; };
		2EB05797157EA7F900313F4C /* InfoPlist.strings in Resources */ = {isa = PBXBuildFile; fileRef = 2EB0578F157EA7F900313F4C /* InfoPlist.strings */; };
		2EB05798157EA7F900313F4C /* main.m in Sources */ = {isa = PBXBuildFile; fileRef = 2EB05791157EA7F900313F4C /* main.m */; };
		2EB05799157EA90800313F4C /* scloudTest.c in Sources */ = {isa = PBXBuildFile; fileRef = 2EA047AF157EA0B30032C577 /* scloudTest.c */; };
		2EB6930C1582A13D00E8215F /* sc_test_57.png in Resources */ = {isa = PBXBuildFile; fileRef = 2EB6930A1582A13D00E8215F /* sc_test_57.png */; };
		2EB6930D1582A13D00E8215F /* sc_test_114.png in Resources */ = {isa = PBXBuildFile; fileRef = 2EB6930B1582A13D00E8215F /* sc_test_114.png */; };
		2EC6AC5A166D449F004E375F /* libyajl-IOS.a in Frameworks */ = {isa = PBXBuildFile; fileRef = 2ECD3A61159A6A3600691A9D /* libyajl-IOS.a */; };
		2EC6AC5B166D44A6004E375F /* libyajl.a in Frameworks */ = {isa = PBXBuildFile; fileRef = 2ECD3A5F159A6A3600691A9D /* libyajl.a */; };
		2EC8B6E81667E468000263BF /* libscloud.a in Frameworks */ = {isa = PBXBuildFile; fileRef = 2ECD39F7159A68C700691A9D /* libscloud.a */; };
		2ECD3A15159A69AA00691A9D /* tomcryptwrappers.c in Sources */ = {isa = PBXBuildFile; fileRef = 2ECD3A0E159A69AA00691A9D /* tomcryptwrappers.c */; };
		2ECD3A16159A69AA00691A9D /* tomcryptwrappers.c in Sources */ = {isa = PBXBuildFile; fileRef = 2ECD3A0E159A69AA00691A9D /* tomcryptwrappers.c */; };
		2ECD3A68159A6ADB00691A9D /* libtommath.a in Frameworks */ = {isa = PBXBuildFile; fileRef = 2ECD3A56159A6A3600691A9D /* libtommath.a */; };
		2ECD3A69159A6AE100691A9D /* libtomcrypt.a in Frameworks */ = {isa = PBXBuildFile; fileRef = 2ECD3A4D159A6A3600691A9D /* libtomcrypt.a */; };
		2ECD3A6F159A6B2F00691A9D /* libscloud-ios.a in Frameworks */ = {isa = PBXBuildFile; fileRef = 2ECD39F9159A68C700691A9D /* libscloud-ios.a */; };
		2ECD3A70159A6B3300691A9D /* libtommath-ios.a in Frameworks */ = {isa = PBXBuildFile; fileRef = 2ECD3A58159A6A3600691A9D /* libtommath-ios.a */; };
		2ECD3A71159A6B3800691A9D /* libtomcrypt-ios.a in Frameworks */ = {isa = PBXBuildFile; fileRef = 2ECD3A4F159A6A3600691A9D /* libtomcrypt-ios.a */; };
/* End PBXBuildFile section */

/* Begin PBXContainerItemProxy section */
		2EC6AC52166D4494004E375F /* PBXContainerItemProxy */ = {
			isa = PBXContainerItemProxy;
			containerPortal = 2EB057A3157EA93500313F4C /* yajl.xcodeproj */;
			proxyType = 1;
			remoteGlobalIDString = 2E449F04157687AD0060B54D;
			remoteInfo = yajl;
		};
		2EC6AC58166D4499004E375F /* PBXContainerItemProxy */ = {
			isa = PBXContainerItemProxy;
			containerPortal = 2EB057A3157EA93500313F4C /* yajl.xcodeproj */;
			proxyType = 1;
			remoteGlobalIDString = 2E057A261576BEFE005CBD7E;
			remoteInfo = "yajl-IOS";
		};
		2EC8B6E91667E474000263BF /* PBXContainerItemProxy */ = {
			isa = PBXContainerItemProxy;
			containerPortal = 2EB05723157EA25400313F4C /* scloud.xcodeproj */;
			proxyType = 1;
			remoteGlobalIDString = 2EC7B698157E8C1000A05E6B;
			remoteInfo = scloud;
		};
		2ECD39F6159A68C700691A9D /* PBXContainerItemProxy */ = {
			isa = PBXContainerItemProxy;
			containerPortal = 2EB05723157EA25400313F4C /* scloud.xcodeproj */;
			proxyType = 2;
			remoteGlobalIDString = 2EC7B699157E8C1000A05E6B;
			remoteInfo = scloud;
		};
		2ECD39F8159A68C700691A9D /* PBXContainerItemProxy */ = {
			isa = PBXContainerItemProxy;
			containerPortal = 2EB05723157EA25400313F4C /* scloud.xcodeproj */;
			proxyType = 2;
			remoteGlobalIDString = 2EC7B6FC157E8DEA00A05E6B;
			remoteInfo = "scloud-ios";
		};
		2ECD39FD159A691B00691A9D /* PBXContainerItemProxy */ = {
			isa = PBXContainerItemProxy;
			containerPortal = 2EB05723157EA25400313F4C /* scloud.xcodeproj */;
			proxyType = 1;
			remoteGlobalIDString = 2EC7B6FB157E8DEA00A05E6B;
			remoteInfo = "scloud-ios";
		};
		2ECD3A4C159A6A3600691A9D /* PBXContainerItemProxy */ = {
			isa = PBXContainerItemProxy;
			containerPortal = 2EB05717157EA23F00313F4C /* tomcrypt.xcodeproj */;
			proxyType = 2;
			remoteGlobalIDString = 2E7C041815389F7A00C285FC;
			remoteInfo = tomcrypt;
		};
		2ECD3A4E159A6A3600691A9D /* PBXContainerItemProxy */ = {
			isa = PBXContainerItemProxy;
			containerPortal = 2EB05717157EA23F00313F4C /* tomcrypt.xcodeproj */;
			proxyType = 2;
			remoteGlobalIDString = 2E2215F615519B61004E6CE8;
			remoteInfo = "tomcrypt-IOS";
		};
		2ECD3A55159A6A3600691A9D /* PBXContainerItemProxy */ = {
			isa = PBXContainerItemProxy;
			containerPortal = 2EB0570E157EA23100313F4C /* tommath.xcodeproj */;
			proxyType = 2;
			remoteGlobalIDString = 2E7C030C15389D5200C285FC;
			remoteInfo = tommath;
		};
		2ECD3A57159A6A3600691A9D /* PBXContainerItemProxy */ = {
			isa = PBXContainerItemProxy;
			containerPortal = 2EB0570E157EA23100313F4C /* tommath.xcodeproj */;
			proxyType = 2;
			remoteGlobalIDString = 2E2215421551986F004E6CE8;
			remoteInfo = "tommath-IOS";
		};
		2ECD3A5E159A6A3600691A9D /* PBXContainerItemProxy */ = {
			isa = PBXContainerItemProxy;
			containerPortal = 2EB057A3157EA93500313F4C /* yajl.xcodeproj */;
			proxyType = 2;
			remoteGlobalIDString = 2E449F05157687AD0060B54D;
			remoteInfo = yajl;
		};
		2ECD3A60159A6A3600691A9D /* PBXContainerItemProxy */ = {
			isa = PBXContainerItemProxy;
			containerPortal = 2EB057A3157EA93500313F4C /* yajl.xcodeproj */;
			proxyType = 2;
			remoteGlobalIDString = 2E057A271576BEFE005CBD7E;
			remoteInfo = "yajl-IOS";
		};
		2ECD3A62159A6A3600691A9D /* PBXContainerItemProxy */ = {
			isa = PBXContainerItemProxy;
			containerPortal = 2EB057A3157EA93500313F4C /* yajl.xcodeproj */;
			proxyType = 2;
			remoteGlobalIDString = 2E449F4A15768AC50060B54D;
			remoteInfo = "yajl-test";
		};
		2ECD3A64159A6A5A00691A9D /* PBXContainerItemProxy */ = {
			isa = PBXContainerItemProxy;
			containerPortal = 2EB05717157EA23F00313F4C /* tomcrypt.xcodeproj */;
			proxyType = 1;
			remoteGlobalIDString = 2E7C041715389F7A00C285FC;
			remoteInfo = tomcrypt;
		};
		2ECD3A66159A6AD300691A9D /* PBXContainerItemProxy */ = {
			isa = PBXContainerItemProxy;
			containerPortal = 2EB0570E157EA23100313F4C /* tommath.xcodeproj */;
			proxyType = 1;
			remoteGlobalIDString = 2E7C030B15389D5200C285FC;
			remoteInfo = tommath;
		};
		2ECD3A6B159A6B2300691A9D /* PBXContainerItemProxy */ = {
			isa = PBXContainerItemProxy;
			containerPortal = 2EB05717157EA23F00313F4C /* tomcrypt.xcodeproj */;
			proxyType = 1;
			remoteGlobalIDString = 2E2215F515519B61004E6CE8;
			remoteInfo = "tomcrypt-IOS";
		};
		2ECD3A6D159A6B2700691A9D /* PBXContainerItemProxy */ = {
			isa = PBXContainerItemProxy;
			containerPortal = 2EB0570E157EA23100313F4C /* tommath.xcodeproj */;
			proxyType = 1;
			remoteGlobalIDString = 2E2215411551986F004E6CE8;
			remoteInfo = "tommath-IOS";
		};
/* End PBXContainerItemProxy section */

/* Begin PBXCopyFilesBuildPhase section */
		2EA0478B157EA05A0032C577 /* CopyFiles */ = {
			isa = PBXCopyFilesBuildPhase;
			buildActionMask = 2147483647;
			dstPath = /usr/share/man/man1/;
			dstSubfolderSpec = 0;
			files = (
			);
			runOnlyForDeploymentPostprocessing = 1;
		};
/* End PBXCopyFilesBuildPhase section */

/* Begin PBXFileReference section */
		2EA0478D157EA05A0032C577 /* scloud-optest */ = {isa = PBXFileReference; explicitFileType = "compiled.mach-o.executable"; includeInIndex = 0; path = "scloud-optest"; sourceTree = BUILT_PRODUCTS_DIR; };
		2EA047AF157EA0B30032C577 /* scloudTest.c */ = {isa = PBXFileReference; fileEncoding = 4; lastKnownFileType = sourcecode.c.c; name = scloudTest.c; path = src/scloudTest.c; sourceTree = SOURCE_ROOT; };
		2EB0570E157EA23100313F4C /* tommath.xcodeproj */ = {isa = PBXFileReference; lastKnownFileType = "wrapper.pb-project"; name = tommath.xcodeproj; path = libtommath/tommath.xcodeproj; sourceTree = "<group>"; };
		2EB05717157EA23F00313F4C /* tomcrypt.xcodeproj */ = {isa = PBXFileReference; lastKnownFileType = "wrapper.pb-project"; name = tomcrypt.xcodeproj; path = libtomcrypt/tomcrypt.xcodeproj; sourceTree = "<group>"; };
		2EB05723157EA25400313F4C /* scloud.xcodeproj */ = {isa = PBXFileReference; lastKnownFileType = "wrapper.pb-project"; name = scloud.xcodeproj; path = libscloud/scloud.xcodeproj; sourceTree = "<group>"; };
		2EB0576E157EA7EF00313F4C /* scloud-optest-ios.app */ = {isa = PBXFileReference; explicitFileType = wrapper.application; includeInIndex = 0; path = "scloud-optest-ios.app"; sourceTree = BUILT_PRODUCTS_DIR; };
		2EB05771157EA7EF00313F4C /* UIKit.framework */ = {isa = PBXFileReference; lastKnownFileType = wrapper.framework; name = UIKit.framework; path = Library/Frameworks/UIKit.framework; sourceTree = DEVELOPER_DIR; };
		2EB05773157EA7EF00313F4C /* Foundation.framework */ = {isa = PBXFileReference; lastKnownFileType = wrapper.framework; name = Foundation.framework; path = Library/Frameworks/Foundation.framework; sourceTree = DEVELOPER_DIR; };
		2EB05775157EA7EF00313F4C /* CoreGraphics.framework */ = {isa = PBXFileReference; lastKnownFileType = wrapper.framework; name = CoreGraphics.framework; path = Library/Frameworks/CoreGraphics.framework; sourceTree = DEVELOPER_DIR; };
		2EB05786157EA7F800313F4C /* AppDelegate.h */ = {isa = PBXFileReference; fileEncoding = 4; lastKnownFileType = sourcecode.c.h; name = AppDelegate.h; path = ios/AppDelegate.h; sourceTree = "<group>"; };
		2EB05787157EA7F800313F4C /* AppDelegate.m */ = {isa = PBXFileReference; fileEncoding = 4; lastKnownFileType = sourcecode.c.objc; name = AppDelegate.m; path = ios/AppDelegate.m; sourceTree = "<group>"; };
		2EB05788157EA7F800313F4C /* ViewController.h */ = {isa = PBXFileReference; fileEncoding = 4; lastKnownFileType = sourcecode.c.h; name = ViewController.h; path = ios/ViewController.h; sourceTree = "<group>"; };
		2EB05789157EA7F800313F4C /* ViewController.m */ = {isa = PBXFileReference; fileEncoding = 4; lastKnownFileType = sourcecode.c.objc; name = ViewController.m; path = ios/ViewController.m; sourceTree = "<group>"; };
		2EB0578B157EA7F900313F4C /* en */ = {isa = PBXFileReference; lastKnownFileType = file.xib; name = en; path = ios/en.lproj/ViewController_iPad.xib; sourceTree = "<group>"; };
		2EB0578D157EA7F900313F4C /* en */ = {isa = PBXFileReference; lastKnownFileType = file.xib; name = en; path = ios/en.lproj/ViewController_iPhone.xib; sourceTree = "<group>"; };
		2EB0578E157EA7F900313F4C /* sc-optest-ios-Info.plist */ = {isa = PBXFileReference; fileEncoding = 4; lastKnownFileType = text.plist.xml; name = "sc-optest-ios-Info.plist"; path = "ios/sc-optest-ios-Info.plist"; sourceTree = "<group>"; };
		2EB05790157EA7F900313F4C /* en */ = {isa = PBXFileReference; lastKnownFileType = text.plist.strings; name = en; path = ios/en.lproj/InfoPlist.strings; sourceTree = "<group>"; };
		2EB05791157EA7F900313F4C /* main.m */ = {isa = PBXFileReference; fileEncoding = 4; lastKnownFileType = sourcecode.c.objc; name = main.m; path = ios/main.m; sourceTree = "<group>"; };
		2EB057A3157EA93500313F4C /* yajl.xcodeproj */ = {isa = PBXFileReference; lastKnownFileType = "wrapper.pb-project"; name = yajl.xcodeproj; path = libyaji/yajl.xcodeproj; sourceTree = "<group>"; };
		2EB6930A1582A13D00E8215F /* sc_test_57.png */ = {isa = PBXFileReference; lastKnownFileType = image.png; name = sc_test_57.png; path = ios/sc_test_57.png; sourceTree = "<group>"; };
		2EB6930B1582A13D00E8215F /* sc_test_114.png */ = {isa = PBXFileReference; lastKnownFileType = image.png; name = sc_test_114.png; path = ios/sc_test_114.png; sourceTree = "<group>"; };
		2ECD3A08159A69AA00691A9D /* cryptowrappers.h */ = {isa = PBXFileReference; fileEncoding = 4; lastKnownFileType = sourcecode.c.h; path = cryptowrappers.h; sourceTree = "<group>"; };
		2ECD3A09159A69AA00691A9D /* SCccm.c */ = {isa = PBXFileReference; fileEncoding = 4; lastKnownFileType = sourcecode.c.c; path = SCccm.c; sourceTree = "<group>"; };
		2ECD3A0A159A69AA00691A9D /* SCgcm.c */ = {isa = PBXFileReference; fileEncoding = 4; lastKnownFileType = sourcecode.c.c; path = SCgcm.c; sourceTree = "<group>"; };
		2ECD3A0B159A69AA00691A9D /* SCpubTypes.h */ = {isa = PBXFileReference; fileEncoding = 4; lastKnownFileType = sourcecode.c.h; path = SCpubTypes.h; sourceTree = "<group>"; };
		2ECD3A0C159A69AA00691A9D /* SCutilities.c */ = {isa = PBXFileReference; fileEncoding = 4; lastKnownFileType = sourcecode.c.c; path = SCutilities.c; sourceTree = "<group>"; };
		2ECD3A0D159A69AA00691A9D /* SCutilities.h */ = {isa = PBXFileReference; fileEncoding = 4; lastKnownFileType = sourcecode.c.h; path = SCutilities.h; sourceTree = "<group>"; };
		2ECD3A0E159A69AA00691A9D /* tomcryptwrappers.c */ = {isa = PBXFileReference; fileEncoding = 4; lastKnownFileType = sourcecode.c.c; path = tomcryptwrappers.c; sourceTree = "<group>"; };
/* End PBXFileReference section */

/* Begin PBXFrameworksBuildPhase section */
		2EA0478A157EA05A0032C577 /* Frameworks */ = {
			isa = PBXFrameworksBuildPhase;
			buildActionMask = 2147483647;
			files = (
				2EC6AC5B166D44A6004E375F /* libyajl.a in Frameworks */,
				2EC8B6E81667E468000263BF /* libscloud.a in Frameworks */,
				2ECD3A69159A6AE100691A9D /* libtomcrypt.a in Frameworks */,
				2ECD3A68159A6ADB00691A9D /* libtommath.a in Frameworks */,
			);
			runOnlyForDeploymentPostprocessing = 0;
		};
		2EB0576B157EA7EF00313F4C /* Frameworks */ = {
			isa = PBXFrameworksBuildPhase;
			buildActionMask = 2147483647;
			files = (
				2EC6AC5A166D449F004E375F /* libyajl-IOS.a in Frameworks */,
				2ECD3A71159A6B3800691A9D /* libtomcrypt-ios.a in Frameworks */,
				2ECD3A70159A6B3300691A9D /* libtommath-ios.a in Frameworks */,
				2ECD3A6F159A6B2F00691A9D /* libscloud-ios.a in Frameworks */,
				2EB05772157EA7EF00313F4C /* UIKit.framework in Frameworks */,
				2EB05774157EA7EF00313F4C /* Foundation.framework in Frameworks */,
				2EB05776157EA7EF00313F4C /* CoreGraphics.framework in Frameworks */,
			);
			runOnlyForDeploymentPostprocessing = 0;
		};
/* End PBXFrameworksBuildPhase section */

/* Begin PBXGroup section */
		2EA04782157EA05A0032C577 = {
			isa = PBXGroup;
			children = (
				2EA04790157EA05A0032C577 /* src */,
				2ECD3A07159A69AA00691A9D /* shared */,
				2EB05769157EA7C400313F4C /* IOS */,
				2EB05732157EA25D00313F4C /* libs */,
				2EB05770157EA7EF00313F4C /* Frameworks */,
				2EA0478E157EA05A0032C577 /* Products */,
			);
			sourceTree = "<group>";
		};
		2EA0478E157EA05A0032C577 /* Products */ = {
			isa = PBXGroup;
			children = (
				2EA0478D157EA05A0032C577 /* scloud-optest */,
				2EB0576E157EA7EF00313F4C /* scloud-optest-ios.app */,
			);
			name = Products;
			sourceTree = "<group>";
		};
		2EA04790157EA05A0032C577 /* src */ = {
			isa = PBXGroup;
			children = (
				2EA047AF157EA0B30032C577 /* scloudTest.c */,
			);
			name = src;
			path = "scloud-optest";
			sourceTree = "<group>";
		};
		2EB05732157EA25D00313F4C /* libs */ = {
			isa = PBXGroup;
			children = (
				2EB05723157EA25400313F4C /* scloud.xcodeproj */,
				2EB05717157EA23F00313F4C /* tomcrypt.xcodeproj */,
				2EB0570E157EA23100313F4C /* tommath.xcodeproj */,
				2EB057A3157EA93500313F4C /* yajl.xcodeproj */,
			);
			name = libs;
			path = ../libs;
			sourceTree = "<group>";
		};
		2EB05769157EA7C400313F4C /* IOS */ = {
			isa = PBXGroup;
			children = (
				2EB6930A1582A13D00E8215F /* sc_test_57.png */,
				2EB6930B1582A13D00E8215F /* sc_test_114.png */,
				2EB05786157EA7F800313F4C /* AppDelegate.h */,
				2EB05787157EA7F800313F4C /* AppDelegate.m */,
				2EB05788157EA7F800313F4C /* ViewController.h */,
				2EB05789157EA7F800313F4C /* ViewController.m */,
				2EB0578A157EA7F900313F4C /* ViewController_iPad.xib */,
				2EB0578C157EA7F900313F4C /* ViewController_iPhone.xib */,
				2EB0578E157EA7F900313F4C /* sc-optest-ios-Info.plist */,
				2EB0578F157EA7F900313F4C /* InfoPlist.strings */,
				2EB05791157EA7F900313F4C /* main.m */,
			);
			name = IOS;
			sourceTree = "<group>";
		};
		2EB05770157EA7EF00313F4C /* Frameworks */ = {
			isa = PBXGroup;
			children = (
				2EB05771157EA7EF00313F4C /* UIKit.framework */,
				2EB05773157EA7EF00313F4C /* Foundation.framework */,
				2EB05775157EA7EF00313F4C /* CoreGraphics.framework */,
			);
			name = Frameworks;
			sourceTree = "<group>";
		};
		2ECD39F2159A68C600691A9D /* Products */ = {
			isa = PBXGroup;
			children = (
				2ECD39F7159A68C700691A9D /* libscloud.a */,
				2ECD39F9159A68C700691A9D /* libscloud-ios.a */,
			);
			name = Products;
			sourceTree = "<group>";
		};
		2ECD3A07159A69AA00691A9D /* shared */ = {
			isa = PBXGroup;
			children = (
				2ECD3A08159A69AA00691A9D /* cryptowrappers.h */,
				2ECD3A09159A69AA00691A9D /* SCccm.c */,
				2ECD3A0A159A69AA00691A9D /* SCgcm.c */,
				2ECD3A0B159A69AA00691A9D /* SCpubTypes.h */,
				2ECD3A0C159A69AA00691A9D /* SCutilities.c */,
				2ECD3A0D159A69AA00691A9D /* SCutilities.h */,
				2ECD3A0E159A69AA00691A9D /* tomcryptwrappers.c */,
			);
			name = shared;
			path = ../libs/shared;
			sourceTree = "<group>";
		};
		2ECD3A48159A6A3600691A9D /* Products */ = {
			isa = PBXGroup;
			children = (
				2ECD3A4D159A6A3600691A9D /* libtomcrypt.a */,
				2ECD3A4F159A6A3600691A9D /* libtomcrypt-ios.a */,
			);
			name = Products;
			sourceTree = "<group>";
		};
		2ECD3A51159A6A3600691A9D /* Products */ = {
			isa = PBXGroup;
			children = (
				2ECD3A56159A6A3600691A9D /* libtommath.a */,
				2ECD3A58159A6A3600691A9D /* libtommath-ios.a */,
			);
			name = Products;
			sourceTree = "<group>";
		};
		2ECD3A59159A6A3600691A9D /* Products */ = {
			isa = PBXGroup;
			children = (
				2ECD3A5F159A6A3600691A9D /* libyajl.a */,
				2ECD3A61159A6A3600691A9D /* libyajl-IOS.a */,
				2ECD3A63159A6A3600691A9D /* yajl-test */,
			);
			name = Products;
			sourceTree = "<group>";
		};
/* End PBXGroup section */

/* Begin PBXNativeTarget section */
		2EA0478C157EA05A0032C577 /* scloud-optest */ = {
			isa = PBXNativeTarget;
			buildConfigurationList = 2EA04797157EA05B0032C577 /* Build configuration list for PBXNativeTarget "scloud-optest" */;
			buildPhases = (
				2EA04789157EA05A0032C577 /* Sources */,
				2EA0478A157EA05A0032C577 /* Frameworks */,
				2EA0478B157EA05A0032C577 /* CopyFiles */,
			);
			buildRules = (
			);
			dependencies = (
				2EC6AC53166D4494004E375F /* PBXTargetDependency */,
				2EC8B6EA1667E474000263BF /* PBXTargetDependency */,
				2ECD3A67159A6AD300691A9D /* PBXTargetDependency */,
				2ECD3A65159A6A5A00691A9D /* PBXTargetDependency */,
			);
			name = "scloud-optest";
			productName = "scloud-optest";
			productReference = 2EA0478D157EA05A0032C577 /* scloud-optest */;
			productType = "com.apple.product-type.tool";
		};
		2EB0576D157EA7EF00313F4C /* scloud-optest-ios */ = {
			isa = PBXNativeTarget;
			buildConfigurationList = 2EB05783157EA7EF00313F4C /* Build configuration list for PBXNativeTarget "scloud-optest-ios" */;
			buildPhases = (
				2EB0576A157EA7EF00313F4C /* Sources */,
				2EB0576B157EA7EF00313F4C /* Frameworks */,
				2EB0576C157EA7EF00313F4C /* Resources */,
			);
			buildRules = (
			);
			dependencies = (
				2EC6AC59166D4499004E375F /* PBXTargetDependency */,
				2ECD3A6E159A6B2700691A9D /* PBXTargetDependency */,
				2ECD3A6C159A6B2300691A9D /* PBXTargetDependency */,
				2ECD39FE159A691B00691A9D /* PBXTargetDependency */,
			);
			name = "scloud-optest-ios";
			productName = "sclout-optest-ios";
			productReference = 2EB0576E157EA7EF00313F4C /* scloud-optest-ios.app */;
			productType = "com.apple.product-type.application";
		};
/* End PBXNativeTarget section */

/* Begin PBXProject section */
		2EA04784157EA05A0032C577 /* Project object */ = {
			isa = PBXProject;
			attributes = {
				LastUpgradeCheck = 0430;
			};
			buildConfigurationList = 2EA04787157EA05A0032C577 /* Build configuration list for PBXProject "scloud-optest" */;
			compatibilityVersion = "Xcode 3.2";
			developmentRegion = English;
			hasScannedForEncodings = 0;
			knownRegions = (
				en,
			);
			mainGroup = 2EA04782157EA05A0032C577;
			productRefGroup = 2EA0478E157EA05A0032C577 /* Products */;
			projectDirPath = "";
			projectReferences = (
				{
					ProductGroup = 2ECD39F2159A68C600691A9D /* Products */;
					ProjectRef = 2EB05723157EA25400313F4C /* scloud.xcodeproj */;
				},
				{
					ProductGroup = 2ECD3A48159A6A3600691A9D /* Products */;
					ProjectRef = 2EB05717157EA23F00313F4C /* tomcrypt.xcodeproj */;
				},
				{
					ProductGroup = 2ECD3A51159A6A3600691A9D /* Products */;
					ProjectRef = 2EB0570E157EA23100313F4C /* tommath.xcodeproj */;
				},
				{
					ProductGroup = 2ECD3A59159A6A3600691A9D /* Products */;
					ProjectRef = 2EB057A3157EA93500313F4C /* yajl.xcodeproj */;
				},
			);
			projectRoot = "";
			targets = (
				2EA0478C157EA05A0032C577 /* scloud-optest */,
				2EB0576D157EA7EF00313F4C /* scloud-optest-ios */,
			);
		};
/* End PBXProject section */

/* Begin PBXReferenceProxy section */
		2ECD39F7159A68C700691A9D /* libscloud.a */ = {
			isa = PBXReferenceProxy;
			fileType = archive.ar;
			path = libscloud.a;
			remoteRef = 2ECD39F6159A68C700691A9D /* PBXContainerItemProxy */;
			sourceTree = BUILT_PRODUCTS_DIR;
		};
		2ECD39F9159A68C700691A9D /* libscloud-ios.a */ = {
			isa = PBXReferenceProxy;
			fileType = archive.ar;
			path = "libscloud-ios.a";
			remoteRef = 2ECD39F8159A68C700691A9D /* PBXContainerItemProxy */;
			sourceTree = BUILT_PRODUCTS_DIR;
		};
		2ECD3A4D159A6A3600691A9D /* libtomcrypt.a */ = {
			isa = PBXReferenceProxy;
			fileType = archive.ar;
			path = libtomcrypt.a;
			remoteRef = 2ECD3A4C159A6A3600691A9D /* PBXContainerItemProxy */;
			sourceTree = BUILT_PRODUCTS_DIR;
		};
		2ECD3A4F159A6A3600691A9D /* libtomcrypt-ios.a */ = {
			isa = PBXReferenceProxy;
			fileType = archive.ar;
			path = "libtomcrypt-ios.a";
			remoteRef = 2ECD3A4E159A6A3600691A9D /* PBXContainerItemProxy */;
			sourceTree = BUILT_PRODUCTS_DIR;
		};
		2ECD3A56159A6A3600691A9D /* libtommath.a */ = {
			isa = PBXReferenceProxy;
			fileType = archive.ar;
			path = libtommath.a;
			remoteRef = 2ECD3A55159A6A3600691A9D /* PBXContainerItemProxy */;
			sourceTree = BUILT_PRODUCTS_DIR;
		};
		2ECD3A58159A6A3600691A9D /* libtommath-ios.a */ = {
			isa = PBXReferenceProxy;
			fileType = archive.ar;
			path = "libtommath-ios.a";
			remoteRef = 2ECD3A57159A6A3600691A9D /* PBXContainerItemProxy */;
			sourceTree = BUILT_PRODUCTS_DIR;
		};
		2ECD3A5F159A6A3600691A9D /* libyajl.a */ = {
			isa = PBXReferenceProxy;
			fileType = archive.ar;
			path = libyajl.a;
			remoteRef = 2ECD3A5E159A6A3600691A9D /* PBXContainerItemProxy */;
			sourceTree = BUILT_PRODUCTS_DIR;
		};
		2ECD3A61159A6A3600691A9D /* libyajl-IOS.a */ = {
			isa = PBXReferenceProxy;
			fileType = archive.ar;
			path = "libyajl-IOS.a";
			remoteRef = 2ECD3A60159A6A3600691A9D /* PBXContainerItemProxy */;
			sourceTree = BUILT_PRODUCTS_DIR;
		};
		2ECD3A63159A6A3600691A9D /* yajl-test */ = {
			isa = PBXReferenceProxy;
			fileType = "compiled.mach-o.executable";
			path = "yajl-test";
			remoteRef = 2ECD3A62159A6A3600691A9D /* PBXContainerItemProxy */;
			sourceTree = BUILT_PRODUCTS_DIR;
		};
/* End PBXReferenceProxy section */

/* Begin PBXResourcesBuildPhase section */
		2EB0576C157EA7EF00313F4C /* Resources */ = {
			isa = PBXResourcesBuildPhase;
			buildActionMask = 2147483647;
			files = (
				2EB05794157EA7F900313F4C /* ViewController_iPad.xib in Resources */,
				2EB05795157EA7F900313F4C /* ViewController_iPhone.xib in Resources */,
				2EB05797157EA7F900313F4C /* InfoPlist.strings in Resources */,
				2EB6930C1582A13D00E8215F /* sc_test_57.png in Resources */,
				2EB6930D1582A13D00E8215F /* sc_test_114.png in Resources */,
			);
			runOnlyForDeploymentPostprocessing = 0;
		};
/* End PBXResourcesBuildPhase section */

/* Begin PBXSourcesBuildPhase section */
		2EA04789157EA05A0032C577 /* Sources */ = {
			isa = PBXSourcesBuildPhase;
			buildActionMask = 2147483647;
			files = (
				2EA047B0157EA0B30032C577 /* scloudTest.c in Sources */,
				2ECD3A15159A69AA00691A9D /* tomcryptwrappers.c in Sources */,
			);
			runOnlyForDeploymentPostprocessing = 0;
		};
		2EB0576A157EA7EF00313F4C /* Sources */ = {
			isa = PBXSourcesBuildPhase;
			buildActionMask = 2147483647;
			files = (
				2EB05792157EA7F900313F4C /* AppDelegate.m in Sources */,
				2EB05793157EA7F900313F4C /* ViewController.m in Sources */,
				2EB05798157EA7F900313F4C /* main.m in Sources */,
				2EB05799157EA90800313F4C /* scloudTest.c in Sources */,
				2ECD3A16159A69AA00691A9D /* tomcryptwrappers.c in Sources */,
			);
			runOnlyForDeploymentPostprocessing = 0;
		};
/* End PBXSourcesBuildPhase section */

/* Begin PBXTargetDependency section */
		2EC6AC53166D4494004E375F /* PBXTargetDependency */ = {
			isa = PBXTargetDependency;
			name = yajl;
			targetProxy = 2EC6AC52166D4494004E375F /* PBXContainerItemProxy */;
		};
		2EC6AC59166D4499004E375F /* PBXTargetDependency */ = {
			isa = PBXTargetDependency;
			name = "yajl-IOS";
			targetProxy = 2EC6AC58166D4499004E375F /* PBXContainerItemProxy */;
		};
		2EC8B6EA1667E474000263BF /* PBXTargetDependency */ = {
			isa = PBXTargetDependency;
			name = scloud;
			targetProxy = 2EC8B6E91667E474000263BF /* PBXContainerItemProxy */;
		};
		2ECD39FE159A691B00691A9D /* PBXTargetDependency */ = {
			isa = PBXTargetDependency;
			name = "scloud-ios";
			targetProxy = 2ECD39FD159A691B00691A9D /* PBXContainerItemProxy */;
		};
		2ECD3A65159A6A5A00691A9D /* PBXTargetDependency */ = {
			isa = PBXTargetDependency;
			name = tomcrypt;
			targetProxy = 2ECD3A64159A6A5A00691A9D /* PBXContainerItemProxy */;
		};
		2ECD3A67159A6AD300691A9D /* PBXTargetDependency */ = {
			isa = PBXTargetDependency;
			name = tommath;
			targetProxy = 2ECD3A66159A6AD300691A9D /* PBXContainerItemProxy */;
		};
		2ECD3A6C159A6B2300691A9D /* PBXTargetDependency */ = {
			isa = PBXTargetDependency;
			name = "tomcrypt-IOS";
			targetProxy = 2ECD3A6B159A6B2300691A9D /* PBXContainerItemProxy */;
		};
		2ECD3A6E159A6B2700691A9D /* PBXTargetDependency */ = {
			isa = PBXTargetDependency;
			name = "tommath-IOS";
			targetProxy = 2ECD3A6D159A6B2700691A9D /* PBXContainerItemProxy */;
		};
/* End PBXTargetDependency section */

/* Begin PBXVariantGroup section */
		2EB0578A157EA7F900313F4C /* ViewController_iPad.xib */ = {
			isa = PBXVariantGroup;
			children = (
				2EB0578B157EA7F900313F4C /* en */,
			);
			name = ViewController_iPad.xib;
			sourceTree = "<group>";
		};
		2EB0578C157EA7F900313F4C /* ViewController_iPhone.xib */ = {
			isa = PBXVariantGroup;
			children = (
				2EB0578D157EA7F900313F4C /* en */,
			);
			name = ViewController_iPhone.xib;
			sourceTree = "<group>";
		};
		2EB0578F157EA7F900313F4C /* InfoPlist.strings */ = {
			isa = PBXVariantGroup;
			children = (
				2EB05790157EA7F900313F4C /* en */,
			);
			name = InfoPlist.strings;
			sourceTree = "<group>";
		};
/* End PBXVariantGroup section */

/* Begin XCBuildConfiguration section */
		2EA04795157EA05B0032C577 /* Debug */ = {
			isa = XCBuildConfiguration;
			buildSettings = {
				ALWAYS_SEARCH_USER_PATHS = YES;
				ARCHS = "$(ARCHS_STANDARD_64_BIT)";
				COPY_PHASE_STRIP = NO;
				GCC_C_LANGUAGE_STANDARD = gnu99;
				GCC_DYNAMIC_NO_PIC = NO;
				GCC_ENABLE_OBJC_EXCEPTIONS = YES;
				GCC_OPTIMIZATION_LEVEL = 0;
				GCC_PREPROCESSOR_DEFINITIONS = (
					"DEBUG=1",
					"$(inherited)",
				);
				GCC_SYMBOLS_PRIVATE_EXTERN = NO;
				GCC_VERSION = com.apple.compilers.llvm.clang.1_0;
				GCC_WARN_64_TO_32_BIT_CONVERSION = YES;
				GCC_WARN_ABOUT_RETURN_TYPE = YES;
				GCC_WARN_UNINITIALIZED_AUTOS = YES;
				GCC_WARN_UNUSED_VARIABLE = YES;
				MACOSX_DEPLOYMENT_TARGET = 10.7;
				ONLY_ACTIVE_ARCH = YES;
				SC_BASE = ../;
				SDKROOT = macosx;
				SYMROOT = "$(SC_BASE)/build/osx";
				USER_HEADER_SEARCH_PATHS = "../build/osx/Headers $(SC_BASE)/shared";
			};
			name = Debug;
		};
		2EA04796157EA05B0032C577 /* Release */ = {
			isa = XCBuildConfiguration;
			buildSettings = {
				ALWAYS_SEARCH_USER_PATHS = YES;
				ARCHS = "$(ARCHS_STANDARD_64_BIT)";
				COPY_PHASE_STRIP = YES;
				DEBUG_INFORMATION_FORMAT = "dwarf-with-dsym";
				GCC_C_LANGUAGE_STANDARD = gnu99;
				GCC_ENABLE_OBJC_EXCEPTIONS = YES;
				GCC_VERSION = com.apple.compilers.llvm.clang.1_0;
				GCC_WARN_64_TO_32_BIT_CONVERSION = YES;
				GCC_WARN_ABOUT_RETURN_TYPE = YES;
				GCC_WARN_UNINITIALIZED_AUTOS = YES;
				GCC_WARN_UNUSED_VARIABLE = YES;
				MACOSX_DEPLOYMENT_TARGET = 10.7;
				SC_BASE = ../;
				SDKROOT = macosx;
				SYMROOT = "$(SC_BASE)/build/osx";
				USER_HEADER_SEARCH_PATHS = "../build/osx/Headers $(SC_BASE)/shared";
			};
			name = Release;
		};
		2EA04798157EA05B0032C577 /* Debug */ = {
			isa = XCBuildConfiguration;
			buildSettings = {
				ALWAYS_SEARCH_USER_PATHS = YES;
				PRODUCT_NAME = "$(TARGET_NAME)";
				SC_BASE = ../;
				SYMROOT = "$(SC_BASE)/build/osx";
				USER_HEADER_SEARCH_PATHS = "../build/Headers $(SC_BASE)/libs/shared";
			};
			name = Debug;
		};
		2EA04799157EA05B0032C577 /* Release */ = {
			isa = XCBuildConfiguration;
			buildSettings = {
				ALWAYS_SEARCH_USER_PATHS = YES;
				PRODUCT_NAME = "$(TARGET_NAME)";
				SC_BASE = ../;
				SYMROOT = "$(SC_BASE)/build/osx";
				USER_HEADER_SEARCH_PATHS = "../build/Headers $(SC_BASE)/libs/shared";
			};
			name = Release;
		};
		2EB05784157EA7EF00313F4C /* Debug */ = {
			isa = XCBuildConfiguration;
			buildSettings = {
				ALWAYS_SEARCH_USER_PATHS = YES;
				ARCHS = "$(ARCHS_STANDARD_32_BIT)";
				"CODE_SIGN_IDENTITY[sdk=iphoneos*]" = "iPhone Developer";
				FRAMEWORK_SEARCH_PATHS = (
					"$(inherited)",
					"\"$(SYSTEM_APPS_DIR)/Xcode.app/Contents/Developer/Library/Frameworks\"",
				);
				GCC_PRECOMPILE_PREFIX_HEADER = NO;
				INFOPLIST_FILE = "ios/sc-optest-ios-Info.plist";
				IPHONEOS_DEPLOYMENT_TARGET = 5.1;
				LIBRARY_SEARCH_PATHS = (
					"$(inherited)",
					"\"$(SRCROOT)/../build/ios/Release-iphoneos\"",
				);
				PRODUCT_NAME = "$(TARGET_NAME)";
				SDKROOT = iphoneos;
				SYMROOT = "$(SC_BASE)/build/ios";
				TARGETED_DEVICE_FAMILY = "1,2";
				USER_HEADER_SEARCH_PATHS = "../build/Headers $(SC_BASE)/libs/shared";
				WRAPPER_EXTENSION = app;
			};
			name = Debug;
		};
		2EB05785157EA7EF00313F4C /* Release */ = {
			isa = XCBuildConfiguration;
			buildSettings = {
				ALWAYS_SEARCH_USER_PATHS = YES;
				ARCHS = "$(ARCHS_STANDARD_32_BIT)";
				"CODE_SIGN_IDENTITY[sdk=iphoneos*]" = "iPhone Developer";
				FRAMEWORK_SEARCH_PATHS = (
					"$(inherited)",
					"\"$(SYSTEM_APPS_DIR)/Xcode.app/Contents/Developer/Library/Frameworks\"",
				);
				GCC_PRECOMPILE_PREFIX_HEADER = NO;
				INFOPLIST_FILE = "ios/sc-optest-ios-Info.plist";
				IPHONEOS_DEPLOYMENT_TARGET = 5.1;
				LIBRARY_SEARCH_PATHS = (
					"$(inherited)",
					"\"$(SRCROOT)/../build/ios/Release-iphoneos\"",
				);
				OTHER_CFLAGS = "-DNS_BLOCK_ASSERTIONS=1";
				PRODUCT_NAME = "$(TARGET_NAME)";
				SDKROOT = iphoneos;
				SYMROOT = "$(SC_BASE)/build/ios";
				TARGETED_DEVICE_FAMILY = "1,2";
				USER_HEADER_SEARCH_PATHS = "../build/Headers $(SC_BASE)/libs/shared";
				VALIDATE_PRODUCT = YES;
				WRAPPER_EXTENSION = app;
			};
			name = Release;
		};
/* End XCBuildConfiguration section */

/* Begin XCConfigurationList section */
		2EA04787157EA05A0032C577 /* Build configuration list for PBXProject "scloud-optest" */ = {
			isa = XCConfigurationList;
			buildConfigurations = (
				2EA04795157EA05B0032C577 /* Debug */,
				2EA04796157EA05B0032C577 /* Release */,
			);
			defaultConfigurationIsVisible = 0;
			defaultConfigurationName = Release;
		};
		2EA04797157EA05B0032C577 /* Build configuration list for PBXNativeTarget "scloud-optest" */ = {
			isa = XCConfigurationList;
			buildConfigurations = (
				2EA04798157EA05B0032C577 /* Debug */,
				2EA04799157EA05B0032C577 /* Release */,
			);
			defaultConfigurationIsVisible = 0;
			defaultConfigurationName = Release;
		};
		2EB05783157EA7EF00313F4C /* Build configuration list for PBXNativeTarget "scloud-optest-ios" */ = {
			isa = XCConfigurationList;
			buildConfigurations = (
				2EB05784157EA7EF00313F4C /* Debug */,
				2EB05785157EA7EF00313F4C /* Release */,
			);
			defaultConfigurationIsVisible = 0;
			defaultConfigurationName = Release;
		};
/* End XCConfigurationList section */
	};
	rootObject = 2EA04784157EA05A0032C577 /* Project object */;
}
