// !$*UTF8*$!
{
	archiveVersion = 1;
	classes = {
	};
	objectVersion = 46;
	objects = {

/* Begin PBXBuildFile section */
		2E0108A91590E2F40097346F /* SCccm.c in Sources */ = {isa = PBXBuildFile; fileRef = 2E0108A81590E2F40097346F /* SCccm.c */; };
		2E0108AA1590E2F40097346F /* SCccm.c in Sources */ = {isa = PBXBuildFile; fileRef = 2E0108A81590E2F40097346F /* SCccm.c */; };
		2E636502157E67FF00AAD695 /* SCimpProtocolFmtJSON.c in Sources */ = {isa = PBXBuildFile; fileRef = 2E057A641576C009005CBD7E /* SCimpProtocolFmtJSON.c */; };
		2E636503157E67FF00AAD695 /* SCimpProtocolFmtJSON.c in Sources */ = {isa = PBXBuildFile; fileRef = 2E057A641576C009005CBD7E /* SCimpProtocolFmtJSON.c */; };
		2EA059FF156D6A050090B100 /* SCimp.c in Sources */ = {isa = PBXBuildFile; fileRef = 2ED1B07C156D604400E59D93 /* SCimp.c */; };
		2EA05A00156D6A0A0090B100 /* SCimpProtocol.c in Sources */ = {isa = PBXBuildFile; fileRef = 2ED1B07F156D604400E59D93 /* SCimpProtocol.c */; };
		2EA05A02156D6A110090B100 /* tomcryptwrappers.c in Sources */ = {isa = PBXBuildFile; fileRef = 2ED1B082156D604400E59D93 /* tomcryptwrappers.c */; };
		2EA05A05156D6AF10090B100 /* SCimp.h in Headers */ = {isa = PBXBuildFile; fileRef = 2ED1B07D156D604400E59D93 /* SCimp.h */; settings = {ATTRIBUTES = (Public, ); }; };
		2EA05A06156D6AF40090B100 /* SCpubTypes.h in Headers */ = {isa = PBXBuildFile; fileRef = 2ED1B081156D604400E59D93 /* SCpubTypes.h */; settings = {ATTRIBUTES = (Public, ); }; };
		2EA8390A158112A70066141B /* SCutilities.c in Sources */ = {isa = PBXBuildFile; fileRef = 2EA83908158112A70066141B /* SCutilities.c */; };
		2EA8390B158112A70066141B /* SCutilities.c in Sources */ = {isa = PBXBuildFile; fileRef = 2EA83908158112A70066141B /* SCutilities.c */; };
		2EA8390C158112A70066141B /* SCutilities.h in Headers */ = {isa = PBXBuildFile; fileRef = 2EA83909158112A70066141B /* SCutilities.h */; };
		2EA8390D158112A70066141B /* SCutilities.h in Headers */ = {isa = PBXBuildFile; fileRef = 2EA83909158112A70066141B /* SCutilities.h */; };
		2EB057BB157EAEA300313F4C /* SCimpPriv.h in Headers */ = {isa = PBXBuildFile; fileRef = 2ED1B07E156D604400E59D93 /* SCimpPriv.h */; };
		2ECAF654157D81FB00843B40 /* cryptowrappers.h in Headers */ = {isa = PBXBuildFile; fileRef = 2ED1B07A156D604400E59D93 /* cryptowrappers.h */; settings = {ATTRIBUTES = (Public, ); }; };
		2ED1B083156D604400E59D93 /* cryptowrappers.h in Headers */ = {isa = PBXBuildFile; fileRef = 2ED1B07A156D604400E59D93 /* cryptowrappers.h */; settings = {ATTRIBUTES = (Public, ); }; };
		2ED1B085156D604400E59D93 /* SCimp.c in Sources */ = {isa = PBXBuildFile; fileRef = 2ED1B07C156D604400E59D93 /* SCimp.c */; };
		2ED1B086156D604400E59D93 /* SCimp.h in Headers */ = {isa = PBXBuildFile; fileRef = 2ED1B07D156D604400E59D93 /* SCimp.h */; settings = {ATTRIBUTES = (Public, ); }; };
		2ED1B087156D604400E59D93 /* SCimpPriv.h in Headers */ = {isa = PBXBuildFile; fileRef = 2ED1B07E156D604400E59D93 /* SCimpPriv.h */; };
		2ED1B088156D604400E59D93 /* SCimpProtocol.c in Sources */ = {isa = PBXBuildFile; fileRef = 2ED1B07F156D604400E59D93 /* SCimpProtocol.c */; };
		2ED1B08A156D604400E59D93 /* SCpubTypes.h in Headers */ = {isa = PBXBuildFile; fileRef = 2ED1B081156D604400E59D93 /* SCpubTypes.h */; settings = {ATTRIBUTES = (Public, ); }; };
		2ED1B08B156D604400E59D93 /* tomcryptwrappers.c in Sources */ = {isa = PBXBuildFile; fileRef = 2ED1B082156D604400E59D93 /* tomcryptwrappers.c */; };
/* End PBXBuildFile section */

/* Begin PBXContainerItemProxy section */
		2E10B6F2156D60A40044AC8D /* PBXContainerItemProxy */ = {
			isa = PBXContainerItemProxy;
			containerPortal = 2ED1B08D156D606B00E59D93 /* tommath.xcodeproj */;
			proxyType = 1;
			remoteGlobalIDString = 2E7C030B15389D5200C285FC;
			remoteInfo = tommath;
		};
		2E864B89156D939500621903 /* PBXContainerItemProxy */ = {
			isa = PBXContainerItemProxy;
			containerPortal = 2ED1B096156D607000E59D93 /* tomcrypt.xcodeproj */;
			proxyType = 1;
			remoteGlobalIDString = 2E7C041715389F7A00C285FC;
			remoteInfo = tomcrypt;
		};
		2E864B8B156D939C00621903 /* PBXContainerItemProxy */ = {
			isa = PBXContainerItemProxy;
			containerPortal = 2ED1B096156D607000E59D93 /* tomcrypt.xcodeproj */;
			proxyType = 1;
			remoteGlobalIDString = 2E2215F515519B61004E6CE8;
			remoteInfo = "tomcrypt-IOS";
		};
		2EA059FC156D69CB0090B100 /* PBXContainerItemProxy */ = {
			isa = PBXContainerItemProxy;
			containerPortal = 2ED1B08D156D606B00E59D93 /* tommath.xcodeproj */;
			proxyType = 1;
			remoteGlobalIDString = 2E2215411551986F004E6CE8;
			remoteInfo = "tommath-IOS";
		};
		2ECD396D159A66D700691A9D /* PBXContainerItemProxy */ = {
			isa = PBXContainerItemProxy;
			containerPortal = 2E0579FB1576BE8D005CBD7E /* yajl.xcodeproj */;
			proxyType = 2;
			remoteGlobalIDString = 2E449F05157687AD0060B54D;
			remoteInfo = yajl;
		};
		2ECD396F159A66D700691A9D /* PBXContainerItemProxy */ = {
			isa = PBXContainerItemProxy;
			containerPortal = 2E0579FB1576BE8D005CBD7E /* yajl.xcodeproj */;
			proxyType = 2;
			remoteGlobalIDString = 2E057A271576BEFE005CBD7E;
			remoteInfo = "yajl-IOS";
		};
		2ECD3971159A66D700691A9D /* PBXContainerItemProxy */ = {
			isa = PBXContainerItemProxy;
			containerPortal = 2E0579FB1576BE8D005CBD7E /* yajl.xcodeproj */;
			proxyType = 2;
			remoteGlobalIDString = 2E449F4A15768AC50060B54D;
			remoteInfo = "yajl-test";
		};
		2ECD3973159A66F200691A9D /* PBXContainerItemProxy */ = {
			isa = PBXContainerItemProxy;
			containerPortal = 2E0579FB1576BE8D005CBD7E /* yajl.xcodeproj */;
			proxyType = 1;
			remoteGlobalIDString = 2E449F04157687AD0060B54D;
			remoteInfo = yajl;
		};
		2ECD3975159A66F900691A9D /* PBXContainerItemProxy */ = {
			isa = PBXContainerItemProxy;
			containerPortal = 2E0579FB1576BE8D005CBD7E /* yajl.xcodeproj */;
			proxyType = 1;
			remoteGlobalIDString = 2E057A261576BEFE005CBD7E;
			remoteInfo = "yajl-IOS";
		};
		2ED1B092156D606B00E59D93 /* PBXContainerItemProxy */ = {
			isa = PBXContainerItemProxy;
			containerPortal = 2ED1B08D156D606B00E59D93 /* tommath.xcodeproj */;
			proxyType = 2;
			remoteGlobalIDString = 2E7C030C15389D5200C285FC;
			remoteInfo = tommath;
		};
		2ED1B094156D606B00E59D93 /* PBXContainerItemProxy */ = {
			isa = PBXContainerItemProxy;
			containerPortal = 2ED1B08D156D606B00E59D93 /* tommath.xcodeproj */;
			proxyType = 2;
			remoteGlobalIDString = 2E2215421551986F004E6CE8;
			remoteInfo = "tommath-IOS";
		};
		2ED1B09B156D607000E59D93 /* PBXContainerItemProxy */ = {
			isa = PBXContainerItemProxy;
			containerPortal = 2ED1B096156D607000E59D93 /* tomcrypt.xcodeproj */;
			proxyType = 2;
			remoteGlobalIDString = 2E7C041815389F7A00C285FC;
			remoteInfo = tomcrypt;
		};
		2ED1B09D156D607000E59D93 /* PBXContainerItemProxy */ = {
			isa = PBXContainerItemProxy;
			containerPortal = 2ED1B096156D607000E59D93 /* tomcrypt.xcodeproj */;
			proxyType = 2;
			remoteGlobalIDString = 2E2215F615519B61004E6CE8;
			remoteInfo = "tomcrypt-IOS";
		};
/* End PBXContainerItemProxy section */

/* Begin PBXFileReference section */
		2E0108A81590E2F40097346F /* SCccm.c */ = {isa = PBXFileReference; fileEncoding = 4; lastKnownFileType = sourcecode.c.c; name = SCccm.c; path = ../shared/SCccm.c; sourceTree = "<group>"; };
		2E0579FB1576BE8D005CBD7E /* yajl.xcodeproj */ = {isa = PBXFileReference; lastKnownFileType = "wrapper.pb-project"; name = yajl.xcodeproj; path = ../libyaji/yajl.xcodeproj; sourceTree = "<group>"; };
		2E057A641576C009005CBD7E /* SCimpProtocolFmtJSON.c */ = {isa = PBXFileReference; fileEncoding = 4; lastKnownFileType = sourcecode.c.c; name = SCimpProtocolFmtJSON.c; path = src/SCimpProtocolFmtJSON.c; sourceTree = "<group>"; };
		2EA059ED156D69BE0090B100 /* libscimp-ios.a */ = {isa = PBXFileReference; explicitFileType = archive.ar; includeInIndex = 0; path = "libscimp-ios.a"; sourceTree = BUILT_PRODUCTS_DIR; };
		2EA059EF156D69BE0090B100 /* Foundation.framework */ = {isa = PBXFileReference; lastKnownFileType = wrapper.framework; name = Foundation.framework; path = System/Library/Frameworks/Foundation.framework; sourceTree = SDKROOT; };
		2EA83908158112A70066141B /* SCutilities.c */ = {isa = PBXFileReference; fileEncoding = 4; lastKnownFileType = sourcecode.c.c; name = SCutilities.c; path = ../shared/SCutilities.c; sourceTree = "<group>"; };
		2EA83909158112A70066141B /* SCutilities.h */ = {isa = PBXFileReference; fileEncoding = 4; lastKnownFileType = sourcecode.c.h; name = SCutilities.h; path = ../shared/SCutilities.h; sourceTree = "<group>"; };
		2EB396E4156D5F0D003B4D56 /* libscimp.a */ = {isa = PBXFileReference; explicitFileType = archive.ar; includeInIndex = 0; path = libscimp.a; sourceTree = BUILT_PRODUCTS_DIR; };
		2ED1B07A156D604400E59D93 /* cryptowrappers.h */ = {isa = PBXFileReference; fileEncoding = 4; lastKnownFileType = sourcecode.c.h; lineEnding = 0; name = cryptowrappers.h; path = ../shared/cryptowrappers.h; sourceTree = "<group>"; };
		2ED1B07C156D604400E59D93 /* SCimp.c */ = {isa = PBXFileReference; fileEncoding = 4; lastKnownFileType = sourcecode.c.c; lineEnding = 0; name = SCimp.c; path = src/SCimp.c; sourceTree = "<group>"; xcLanguageSpecificationIdentifier = xcode.lang.c; };
		2ED1B07D156D604400E59D93 /* SCimp.h */ = {isa = PBXFileReference; fileEncoding = 4; lastKnownFileType = sourcecode.c.h; name = SCimp.h; path = src/SCimp.h; sourceTree = "<group>"; };
		2ED1B07E156D604400E59D93 /* SCimpPriv.h */ = {isa = PBXFileReference; fileEncoding = 4; lastKnownFileType = sourcecode.c.h; name = SCimpPriv.h; path = src/SCimpPriv.h; sourceTree = "<group>"; };
		2ED1B07F156D604400E59D93 /* SCimpProtocol.c */ = {isa = PBXFileReference; explicitFileType = sourcecode.c.objc; fileEncoding = 4; lineEnding = 0; name = SCimpProtocol.c; path = src/SCimpProtocol.c; sourceTree = "<group>"; xcLanguageSpecificationIdentifier = xcode.lang.c; };
		2ED1B080156D604400E59D93 /* SCimpProtocolFmtXML.c */ = {isa = PBXFileReference; fileEncoding = 4; lastKnownFileType = sourcecode.c.c; name = SCimpProtocolFmtXML.c; path = src/SCimpProtocolFmtXML.c; sourceTree = "<group>"; };
		2ED1B081156D604400E59D93 /* SCpubTypes.h */ = {isa = PBXFileReference; fileEncoding = 4; lastKnownFileType = sourcecode.c.h; name = SCpubTypes.h; path = ../shared/SCpubTypes.h; sourceTree = "<group>"; };
		2ED1B082156D604400E59D93 /* tomcryptwrappers.c */ = {isa = PBXFileReference; fileEncoding = 4; lastKnownFileType = sourcecode.c.c; name = tomcryptwrappers.c; path = ../shared/tomcryptwrappers.c; sourceTree = "<group>"; };
		2ED1B08D156D606B00E59D93 /* tommath.xcodeproj */ = {isa = PBXFileReference; lastKnownFileType = "wrapper.pb-project"; name = tommath.xcodeproj; path = ../libtommath/tommath.xcodeproj; sourceTree = "<group>"; };
		2ED1B096156D607000E59D93 /* tomcrypt.xcodeproj */ = {isa = PBXFileReference; lastKnownFileType = "wrapper.pb-project"; name = tomcrypt.xcodeproj; path = ../libtomcrypt/tomcrypt.xcodeproj; sourceTree = "<group>"; };
		2ED1B09F156D607600E59D93 /* libxml2.dylib */ = {isa = PBXFileReference; lastKnownFileType = "compiled.mach-o.dylib"; name = libxml2.dylib; path = ../../../../../usr/lib/libxml2.dylib; sourceTree = "<group>"; };
		F4EBC34D158BE558002B3970 /* libxml2.dylib */ = {isa = PBXFileReference; lastKnownFileType = "compiled.mach-o.dylib"; name = libxml2.dylib; path = usr/lib/libxml2.dylib; sourceTree = SDKROOT; };
/* End PBXFileReference section */

/* Begin PBXFrameworksBuildPhase section */
		2EA059EA156D69BE0090B100 /* Frameworks */ = {
			isa = PBXFrameworksBuildPhase;
			buildActionMask = 2147483647;
			files = (
			);
			runOnlyForDeploymentPostprocessing = 0;
		};
		2EB396E1156D5F0D003B4D56 /* Frameworks */ = {
			isa = PBXFrameworksBuildPhase;
			buildActionMask = 2147483647;
			files = (
			);
			runOnlyForDeploymentPostprocessing = 0;
		};
/* End PBXFrameworksBuildPhase section */

/* Begin PBXGroup section */
		2EA059EE156D69BE0090B100 /* Frameworks */ = {
			isa = PBXGroup;
			children = (
				2EA059EF156D69BE0090B100 /* Foundation.framework */,
			);
			name = Frameworks;
			sourceTree = "<group>";
		};
		2EB396D9156D5F0D003B4D56 = {
			isa = PBXGroup;
			children = (
				2EC7B6B6157E8C9900A05E6B /* shared */,
				2ED1B079156D603500E59D93 /* src */,
				2ED1B08C156D605D00E59D93 /* libs */,
				2EA059EE156D69BE0090B100 /* Frameworks */,
				2EB396E5156D5F0D003B4D56 /* Products */,
			);
			sourceTree = "<group>";
		};
		2EB396E5156D5F0D003B4D56 /* Products */ = {
			isa = PBXGroup;
			children = (
				2EB396E4156D5F0D003B4D56 /* libscimp.a */,
				2EA059ED156D69BE0090B100 /* libscimp-ios.a */,
			);
			name = Products;
			sourceTree = "<group>";
		};
		2EC7B6B6157E8C9900A05E6B /* shared */ = {
			isa = PBXGroup;
			children = (
				2ED1B07A156D604400E59D93 /* cryptowrappers.h */,
				2ED1B081156D604400E59D93 /* SCpubTypes.h */,
				2EA83908158112A70066141B /* SCutilities.c */,
				2EA83909158112A70066141B /* SCutilities.h */,
				2ED1B082156D604400E59D93 /* tomcryptwrappers.c */,
			);
			name = shared;
			sourceTree = "<group>";
		};
		2ECD3968159A66D700691A9D /* Products */ = {
			isa = PBXGroup;
			children = (
				2ECD396E159A66D700691A9D /* libyajl.a */,
				2ECD3970159A66D700691A9D /* libyajl-IOS.a */,
				2ECD3972159A66D700691A9D /* yajl-test */,
			);
			name = Products;
			sourceTree = "<group>";
		};
		2ED1B079156D603500E59D93 /* src */ = {
			isa = PBXGroup;
			children = (
				2ED1B07D156D604400E59D93 /* SCimp.h */,
				2ED1B07C156D604400E59D93 /* SCimp.c */,
				2ED1B07F156D604400E59D93 /* SCimpProtocol.c */,
				2E0108A81590E2F40097346F /* SCccm.c */,
				2ED1B07E156D604400E59D93 /* SCimpPriv.h */,
				2ED1B080156D604400E59D93 /* SCimpProtocolFmtXML.c */,
				2E057A641576C009005CBD7E /* SCimpProtocolFmtJSON.c */,
			);
			name = src;
			sourceTree = "<group>";
		};
		2ED1B08C156D605D00E59D93 /* libs */ = {
			isa = PBXGroup;
			children = (
				F4EBC34D158BE558002B3970 /* libxml2.dylib */,
				2E0579FB1576BE8D005CBD7E /* yajl.xcodeproj */,
				2ED1B08D156D606B00E59D93 /* tommath.xcodeproj */,
				2ED1B096156D607000E59D93 /* tomcrypt.xcodeproj */,
				2ED1B09F156D607600E59D93 /* libxml2.dylib */,
			);
			name = libs;
			sourceTree = "<group>";
		};
		2ED1B08E156D606B00E59D93 /* Products */ = {
			isa = PBXGroup;
			children = (
				2ED1B093156D606B00E59D93 /* libtommath.a */,
				2ED1B095156D606B00E59D93 /* libtommath-ios.a */,
			);
			name = Products;
			sourceTree = "<group>";
		};
		2ED1B097156D607000E59D93 /* Products */ = {
			isa = PBXGroup;
			children = (
				2ED1B09C156D607000E59D93 /* libtomcrypt.a */,
				2ED1B09E156D607000E59D93 /* libtomcrypt-ios.a */,
			);
			name = Products;
			sourceTree = "<group>";
		};
/* End PBXGroup section */

/* Begin PBXHeadersBuildPhase section */
		2EA059EB156D69BE0090B100 /* Headers */ = {
			isa = PBXHeadersBuildPhase;
			buildActionMask = 2147483647;
			files = (
				2EA05A05156D6AF10090B100 /* SCimp.h in Headers */,
				2EA05A06156D6AF40090B100 /* SCpubTypes.h in Headers */,
				2ECAF654157D81FB00843B40 /* cryptowrappers.h in Headers */,
				2EB057BB157EAEA300313F4C /* SCimpPriv.h in Headers */,
				2EA8390D158112A70066141B /* SCutilities.h in Headers */,
			);
			runOnlyForDeploymentPostprocessing = 0;
		};
		2EB396E2156D5F0D003B4D56 /* Headers */ = {
			isa = PBXHeadersBuildPhase;
			buildActionMask = 2147483647;
			files = (
				2ED1B08A156D604400E59D93 /* SCpubTypes.h in Headers */,
				2ED1B086156D604400E59D93 /* SCimp.h in Headers */,
				2ED1B083156D604400E59D93 /* cryptowrappers.h in Headers */,
				2ED1B087156D604400E59D93 /* SCimpPriv.h in Headers */,
				2EA8390C158112A70066141B /* SCutilities.h in Headers */,
			);
			runOnlyForDeploymentPostprocessing = 0;
		};
/* End PBXHeadersBuildPhase section */

/* Begin PBXNativeTarget section */
		2EA059EC156D69BE0090B100 /* scimp-ios */ = {
			isa = PBXNativeTarget;
			buildConfigurationList = 2EA059F7156D69BE0090B100 /* Build configuration list for PBXNativeTarget "scimp-ios" */;
			buildPhases = (
				2EA059E9156D69BE0090B100 /* Sources */,
				2EA059EA156D69BE0090B100 /* Frameworks */,
				2EA059EB156D69BE0090B100 /* Headers */,
			);
			buildRules = (
			);
			dependencies = (
				2ECD3976159A66F900691A9D /* PBXTargetDependency */,
				2E864B8C156D939C00621903 /* PBXTargetDependency */,
				2EA059FD156D69CB0090B100 /* PBXTargetDependency */,
			);
			name = "scimp-ios";
			productName = "scimp-ios";
			productReference = 2EA059ED156D69BE0090B100 /* libscimp-ios.a */;
			productType = "com.apple.product-type.library.static";
		};
		2EB396E3156D5F0D003B4D56 /* scimp */ = {
			isa = PBXNativeTarget;
			buildConfigurationList = 2EB396E8156D5F0D003B4D56 /* Build configuration list for PBXNativeTarget "scimp" */;
			buildPhases = (
				2EB396E0156D5F0D003B4D56 /* Sources */,
				2EB396E1156D5F0D003B4D56 /* Frameworks */,
				2EB396E2156D5F0D003B4D56 /* Headers */,
			);
			buildRules = (
			);
			dependencies = (
				2ECD3974159A66F200691A9D /* PBXTargetDependency */,
				2E864B8A156D939500621903 /* PBXTargetDependency */,
				2E10B6F3156D60A40044AC8D /* PBXTargetDependency */,
			);
			name = scimp;
			productName = scimp;
			productReference = 2EB396E4156D5F0D003B4D56 /* libscimp.a */;
			productType = "com.apple.product-type.library.static";
		};
/* End PBXNativeTarget section */

/* Begin PBXProject section */
		2EB396DB156D5F0D003B4D56 /* Project object */ = {
			isa = PBXProject;
			attributes = {
				LastUpgradeCheck = 0450;
			};
			buildConfigurationList = 2EB396DE156D5F0D003B4D56 /* Build configuration list for PBXProject "scimp" */;
			compatibilityVersion = "Xcode 3.2";
			developmentRegion = English;
			hasScannedForEncodings = 0;
			knownRegions = (
				en,
			);
			mainGroup = 2EB396D9156D5F0D003B4D56;
			productRefGroup = 2EB396E5156D5F0D003B4D56 /* Products */;
			projectDirPath = "";
			projectReferences = (
				{
					ProductGroup = 2ED1B097156D607000E59D93 /* Products */;
					ProjectRef = 2ED1B096156D607000E59D93 /* tomcrypt.xcodeproj */;
				},
				{
					ProductGroup = 2ED1B08E156D606B00E59D93 /* Products */;
					ProjectRef = 2ED1B08D156D606B00E59D93 /* tommath.xcodeproj */;
				},
				{
					ProductGroup = 2ECD3968159A66D700691A9D /* Products */;
					ProjectRef = 2E0579FB1576BE8D005CBD7E /* yajl.xcodeproj */;
				},
			);
			projectRoot = "";
			targets = (
				2EB396E3156D5F0D003B4D56 /* scimp */,
				2EA059EC156D69BE0090B100 /* scimp-ios */,
			);
		};
/* End PBXProject section */

/* Begin PBXReferenceProxy section */
		2ECD396E159A66D700691A9D /* libyajl.a */ = {
			isa = PBXReferenceProxy;
			fileType = archive.ar;
			path = libyajl.a;
			remoteRef = 2ECD396D159A66D700691A9D /* PBXContainerItemProxy */;
			sourceTree = BUILT_PRODUCTS_DIR;
		};
		2ECD3970159A66D700691A9D /* libyajl-IOS.a */ = {
			isa = PBXReferenceProxy;
			fileType = archive.ar;
			path = "libyajl-IOS.a";
			remoteRef = 2ECD396F159A66D700691A9D /* PBXContainerItemProxy */;
			sourceTree = BUILT_PRODUCTS_DIR;
		};
		2ECD3972159A66D700691A9D /* yajl-test */ = {
			isa = PBXReferenceProxy;
			fileType = "compiled.mach-o.executable";
			path = "yajl-test";
			remoteRef = 2ECD3971159A66D700691A9D /* PBXContainerItemProxy */;
			sourceTree = BUILT_PRODUCTS_DIR;
		};
		2ED1B093156D606B00E59D93 /* libtommath.a */ = {
			isa = PBXReferenceProxy;
			fileType = archive.ar;
			path = libtommath.a;
			remoteRef = 2ED1B092156D606B00E59D93 /* PBXContainerItemProxy */;
			sourceTree = BUILT_PRODUCTS_DIR;
		};
		2ED1B095156D606B00E59D93 /* libtommath-ios.a */ = {
			isa = PBXReferenceProxy;
			fileType = archive.ar;
			path = "libtommath-ios.a";
			remoteRef = 2ED1B094156D606B00E59D93 /* PBXContainerItemProxy */;
			sourceTree = BUILT_PRODUCTS_DIR;
		};
		2ED1B09C156D607000E59D93 /* libtomcrypt.a */ = {
			isa = PBXReferenceProxy;
			fileType = archive.ar;
			path = libtomcrypt.a;
			remoteRef = 2ED1B09B156D607000E59D93 /* PBXContainerItemProxy */;
			sourceTree = BUILT_PRODUCTS_DIR;
		};
		2ED1B09E156D607000E59D93 /* libtomcrypt-ios.a */ = {
			isa = PBXReferenceProxy;
			fileType = archive.ar;
			path = "libtomcrypt-ios.a";
			remoteRef = 2ED1B09D156D607000E59D93 /* PBXContainerItemProxy */;
			sourceTree = BUILT_PRODUCTS_DIR;
		};
/* End PBXReferenceProxy section */

/* Begin PBXSourcesBuildPhase section */
		2EA059E9156D69BE0090B100 /* Sources */ = {
			isa = PBXSourcesBuildPhase;
			buildActionMask = 2147483647;
			files = (
				2EA05A02156D6A110090B100 /* tomcryptwrappers.c in Sources */,
				2EA05A00156D6A0A0090B100 /* SCimpProtocol.c in Sources */,
				2EA059FF156D6A050090B100 /* SCimp.c in Sources */,
				2E636502157E67FF00AAD695 /* SCimpProtocolFmtJSON.c in Sources */,
				2EA8390B158112A70066141B /* SCutilities.c in Sources */,
				2E0108AA1590E2F40097346F /* SCccm.c in Sources */,
			);
			runOnlyForDeploymentPostprocessing = 0;
		};
		2EB396E0156D5F0D003B4D56 /* Sources */ = {
			isa = PBXSourcesBuildPhase;
			buildActionMask = 2147483647;
			files = (
				2ED1B085156D604400E59D93 /* SCimp.c in Sources */,
				2ED1B088156D604400E59D93 /* SCimpProtocol.c in Sources */,
				2ED1B08B156D604400E59D93 /* tomcryptwrappers.c in Sources */,
				2E636503157E67FF00AAD695 /* SCimpProtocolFmtJSON.c in Sources */,
				2EA8390A158112A70066141B /* SCutilities.c in Sources */,
				2E0108A91590E2F40097346F /* SCccm.c in Sources */,
			);
			runOnlyForDeploymentPostprocessing = 0;
		};
/* End PBXSourcesBuildPhase section */

/* Begin PBXTargetDependency section */
		2E10B6F3156D60A40044AC8D /* PBXTargetDependency */ = {
			isa = PBXTargetDependency;
			name = tommath;
			targetProxy = 2E10B6F2156D60A40044AC8D /* PBXContainerItemProxy */;
		};
		2E864B8A156D939500621903 /* PBXTargetDependency */ = {
			isa = PBXTargetDependency;
			name = tomcrypt;
			targetProxy = 2E864B89156D939500621903 /* PBXContainerItemProxy */;
		};
		2E864B8C156D939C00621903 /* PBXTargetDependency */ = {
			isa = PBXTargetDependency;
			name = "tomcrypt-IOS";
			targetProxy = 2E864B8B156D939C00621903 /* PBXContainerItemProxy */;
		};
		2EA059FD156D69CB0090B100 /* PBXTargetDependency */ = {
			isa = PBXTargetDependency;
			name = "tommath-IOS";
			targetProxy = 2EA059FC156D69CB0090B100 /* PBXContainerItemProxy */;
		};
		2ECD3974159A66F200691A9D /* PBXTargetDependency */ = {
			isa = PBXTargetDependency;
			name = yajl;
			targetProxy = 2ECD3973159A66F200691A9D /* PBXContainerItemProxy */;
		};
		2ECD3976159A66F900691A9D /* PBXTargetDependency */ = {
			isa = PBXTargetDependency;
			name = "yajl-IOS";
			targetProxy = 2ECD3975159A66F900691A9D /* PBXContainerItemProxy */;
		};
/* End PBXTargetDependency section */

/* Begin XCBuildConfiguration section */
		2EA059F8156D69BE0090B100 /* Debug */ = {
			isa = XCBuildConfiguration;
			buildSettings = {
				ALWAYS_SEARCH_USER_PATHS = YES;
				ARCHS = "$(ARCHS_STANDARD_32_BIT)";
				DSTROOT = /tmp/scimp_ios.dst;
				GCC_PRECOMPILE_PREFIX_HEADER = NO;
				GCC_VERSION = com.apple.compilers.llvm.clang.1_0;
				IPHONEOS_DEPLOYMENT_TARGET = 5.1;
				OTHER_LDFLAGS = "-ObjC";
				PRODUCT_NAME = "$(TARGET_NAME)";
				PUBLIC_HEADERS_FOLDER_PATH = ../../Headers;
				SDKROOT = iphoneos;
				SKIP_INSTALL = YES;
				SYMROOT = "$(SC_BASE)/build/ios";
				USER_HEADER_SEARCH_PATHS = "$(SC_BASE)/build/Headers $(SC_BASE)/libs/shared";
			};
			name = Debug;
		};
		2EA059F9156D69BE0090B100 /* Release */ = {
			isa = XCBuildConfiguration;
			buildSettings = {
				ALWAYS_SEARCH_USER_PATHS = YES;
				ARCHS = "$(ARCHS_STANDARD_32_BIT)";
				DSTROOT = /tmp/scimp_ios.dst;
				GCC_PRECOMPILE_PREFIX_HEADER = NO;
				GCC_VERSION = com.apple.compilers.llvm.clang.1_0;
				IPHONEOS_DEPLOYMENT_TARGET = 5.1;
				OTHER_LDFLAGS = "-ObjC";
				PRODUCT_NAME = "$(TARGET_NAME)";
				PUBLIC_HEADERS_FOLDER_PATH = ../../Headers;
				SDKROOT = iphoneos;
				SKIP_INSTALL = YES;
				SYMROOT = "$(SC_BASE)/build/ios";
				USER_HEADER_SEARCH_PATHS = "$(SC_BASE)/build/Headers $(SC_BASE)/libs/shared";
				VALIDATE_PRODUCT = YES;
			};
			name = Release;
		};
		2EB396E6156D5F0D003B4D56 /* Debug */ = {
			isa = XCBuildConfiguration;
			buildSettings = {
				ALWAYS_SEARCH_USER_PATHS = YES;
				ARCHS = "$(ARCHS_STANDARD_64_BIT)";
				COMBINE_HIDPI_IMAGES = YES;
				COPY_PHASE_STRIP = NO;
				GCC_C_LANGUAGE_STANDARD = gnu99;
				GCC_DYNAMIC_NO_PIC = NO;
				GCC_ENABLE_OBJC_EXCEPTIONS = YES;
				GCC_OPTIMIZATION_LEVEL = 0;
				GCC_PREPROCESSOR_DEFINITIONS = (
					"DEBUG=1",
					"$(inherited)",
				);
				GCC_SYMBOLS_PRIVATE_EXTERN = NO;
				GCC_VERSION = "";
				GCC_WARN_64_TO_32_BIT_CONVERSION = YES;
				GCC_WARN_ABOUT_POINTER_SIGNEDNESS = NO;
				GCC_WARN_ABOUT_RETURN_TYPE = YES;
				GCC_WARN_UNINITIALIZED_AUTOS = YES;
				GCC_WARN_UNUSED_VARIABLE = YES;
				HEADER_SEARCH_PATHS = /usr/include/libxml2;
				MACOSX_DEPLOYMENT_TARGET = "";
				ONLY_ACTIVE_ARCH = NO;
				PUBLIC_HEADERS_FOLDER_PATH = ../Headers;
				SC_BASE = ../../;
				SDKROOT = macosx;
				SYMROOT = "$(SC_BASE)/build/osx";
				USER_HEADER_SEARCH_PATHS = "$(SC_BASE)/build/Headers $(SC_BASE)/shared";
			};
			name = Debug;
		};
		2EB396E7156D5F0D003B4D56 /* Release */ = {
			isa = XCBuildConfiguration;
			buildSettings = {
				ALWAYS_SEARCH_USER_PATHS = YES;
				ARCHS = "$(ARCHS_STANDARD_64_BIT)";
				COMBINE_HIDPI_IMAGES = YES;
				COPY_PHASE_STRIP = YES;
				DEBUG_INFORMATION_FORMAT = "dwarf-with-dsym";
				GCC_C_LANGUAGE_STANDARD = gnu99;
				GCC_ENABLE_OBJC_EXCEPTIONS = YES;
				GCC_VERSION = "";
				GCC_WARN_64_TO_32_BIT_CONVERSION = YES;
				GCC_WARN_ABOUT_POINTER_SIGNEDNESS = NO;
				GCC_WARN_ABOUT_RETURN_TYPE = YES;
				GCC_WARN_UNINITIALIZED_AUTOS = YES;
				GCC_WARN_UNUSED_VARIABLE = YES;
				HEADER_SEARCH_PATHS = /usr/include/libxml2;
				MACOSX_DEPLOYMENT_TARGET = "";
				ONLY_ACTIVE_ARCH = NO;
				PUBLIC_HEADERS_FOLDER_PATH = ../Headers;
				SC_BASE = ../../;
				SDKROOT = macosx;
				SYMROOT = "$(SC_BASE)/build/osx";
				USER_HEADER_SEARCH_PATHS = "$(SC_BASE)/build/Headers $(SC_BASE)/shared";
			};
			name = Release;
		};
		2EB396E9156D5F0D003B4D56 /* Debug */ = {
			isa = XCBuildConfiguration;
			buildSettings = {
				EXECUTABLE_PREFIX = lib;
				GCC_VERSION = "";
				HEADER_SEARCH_PATHS = (
					/usr/include/libxml2,
					Headers,
				);
				PRECOMPS_INCLUDE_HEADERS_FROM_BUILT_PRODUCTS_DIR = NO;
				PRODUCT_NAME = "$(TARGET_NAME)";
				PUBLIC_HEADERS_FOLDER_PATH = ../../Headers;
				USER_HEADER_SEARCH_PATHS = "$(SC_BASE)/build/Headers $(SC_BASE)/libs/shared";
			};
			name = Debug;
		};
		2EB396EA156D5F0D003B4D56 /* Release */ = {
			isa = XCBuildConfiguration;
			buildSettings = {
				EXECUTABLE_PREFIX = lib;
				GCC_VERSION = "";
				HEADER_SEARCH_PATHS = (
					/usr/include/libxml2,
					Headers,
				);
				PRECOMPS_INCLUDE_HEADERS_FROM_BUILT_PRODUCTS_DIR = NO;
				PRODUCT_NAME = "$(TARGET_NAME)";
				PUBLIC_HEADERS_FOLDER_PATH = ../../Headers;
				USER_HEADER_SEARCH_PATHS = "$(SC_BASE)/build/Headers $(SC_BASE)/libs/shared";
			};
			name = Release;
		};
/* End XCBuildConfiguration section */

/* Begin XCConfigurationList section */
		2EA059F7156D69BE0090B100 /* Build configuration list for PBXNativeTarget "scimp-ios" */ = {
			isa = XCConfigurationList;
			buildConfigurations = (
				2EA059F8156D69BE0090B100 /* Debug */,
				2EA059F9156D69BE0090B100 /* Release */,
			);
			defaultConfigurationIsVisible = 0;
			defaultConfigurationName = Release;
		};
		2EB396DE156D5F0D003B4D56 /* Build configuration list for PBXProject "scimp" */ = {
			isa = XCConfigurationList;
			buildConfigurations = (
				2EB396E6156D5F0D003B4D56 /* Debug */,
				2EB396E7156D5F0D003B4D56 /* Release */,
			);
			defaultConfigurationIsVisible = 0;
			defaultConfigurationName = Release;
		};
		2EB396E8156D5F0D003B4D56 /* Build configuration list for PBXNativeTarget "scimp" */ = {
			isa = XCConfigurationList;
			buildConfigurations = (
				2EB396E9156D5F0D003B4D56 /* Debug */,
				2EB396EA156D5F0D003B4D56 /* Release */,
			);
			defaultConfigurationIsVisible = 0;
			defaultConfigurationName = Release;
		};
/* End XCConfigurationList section */
	};
	rootObject = 2EB396DB156D5F0D003B4D56 /* Project object */;
}
